
Microsoft Visual Studio Solution File, Format Version 9.00
# Visual Studio 2005
Project("{8BC9CEB8-8B4A-11D0-8D11-00A0C91BC942}") = "C++CSP2", "..\C++CSP2\C++CSP2.vcproj", "{C23B7733-3516-4A23-A2B9-B3B1505A4E3E}"
EndProject
Project("{8BC9CEB8-8B4A-11D0-8D11-00A0C91BC942}") = "ais", "..\..\ais\ais.vcproj", "{AF69CD99-C454-4498-B103-B00B73138BE5}"
	ProjectSection(ProjectDependencies) = postProject
		{2FCEFE58-70F8-4D68-8F39-8AD958596C42} = {2FCEFE58-70F8-4D68-8F39-8AD958596C42}
	EndProjectSection
EndProject
Project("{8BC9CEB8-8B4A-11D0-8D11-00A0C91BC942}") = "ccu2", "..\..\ccu2\CCU2.vcproj", "{2FCEFE58-70F8-4D68-8F39-8AD958596C42}"
EndProject
Project("{8BC9CEB8-8B4A-11D0-8D11-00A0C91BC942}") = "ccutest", "..\..\ccutest\CcuTest.vcproj", "{D5CF5924-ECA0-402B-9312-5B25256E099C}"
	ProjectSection(ProjectDependencies) = postProject
		{A5BE1C20-46AE-43E3-8639-3F2CDA32972B} = {A5BE1C20-46AE-43E3-8639-3F2CDA32972B}
		{AF69CD99-C454-4498-B103-B00B73138BE5} = {AF69CD99-C454-4498-B103-B00B73138BE5}
		{96A714AE-BE53-4EFF-8569-C3809AD4F3B6} = {96A714AE-BE53-4EFF-8569-C3809AD4F3B6}
		{4B1955C8-5DD8-4652-BB5F-E2C8A684CDE5} = {4B1955C8-5DD8-4652-BB5F-E2C8A684CDE5}
		{F33140DB-D0F8-4F45-88C2-1BCA63C21B42} = {F33140DB-D0F8-4F45-88C2-1BCA63C21B42}
		{C12E46E4-4644-440E-B2EA-FA1DFED232DB} = {C12E46E4-4644-440E-B2EA-FA1DFED232DB}
		{3D0E5CEB-93DC-4FDB-918B-D08FA369E106} = {3D0E5CEB-93DC-4FDB-918B-D08FA369E106}
		{9D8D2649-213F-49D3-A8B0-C1849C611654} = {9D8D2649-213F-49D3-A8B0-C1849C611654}
		{B933F895-8EFB-4FDD-A46D-09B8C00D1D26} = {B933F895-8EFB-4FDD-A46D-09B8C00D1D26}
		{31B0654F-E08E-405F-909F-80F86CB14B9D} = {31B0654F-E08E-405F-909F-80F86CB14B9D}
		{9E5A7645-1502-4467-91F8-BCF2EB06EF72} = {9E5A7645-1502-4467-91F8-BCF2EB06EF72}
		{CE7CF5E0-CAD1-49D6-95D1-143DED7B226E} = {CE7CF5E0-CAD1-49D6-95D1-143DED7B226E}
		{C23B7733-3516-4A23-A2B9-B3B1505A4E3E} = {C23B7733-3516-4A23-A2B9-B3B1505A4E3E}
		{2A8BE839-6466-4001-B224-8F1C3168D04A} = {2A8BE839-6466-4001-B224-8F1C3168D04A}
		{B8BD6143-BA5B-47DF-B9BB-991F5F6736A6} = {B8BD6143-BA5B-47DF-B9BB-991F5F6736A6}
		{2FCEFE58-70F8-4D68-8F39-8AD958596C42} = {2FCEFE58-70F8-4D68-8F39-8AD958596C42}
		{E4E14960-A4AD-4B7A-8471-8091D58C11F3} = {E4E14960-A4AD-4B7A-8471-8091D58C11F3}
		{BE262A86-CC26-4B25-A877-883ED2688CEC} = {BE262A86-CC26-4B25-A877-883ED2688CEC}
	EndProjectSection
EndProject
Project("{8BC9CEB8-8B4A-11D0-8D11-00A0C91BC942}") = "emiplib", "..\..\emiplib-0.16.1\emiplib.vcproj", "{A5BE1C20-46AE-43E3-8639-3F2CDA32972B}"
EndProject
Project("{8BC9CEB8-8B4A-11D0-8D11-00A0C91BC942}") = "ims", "..\..\ims\ims.vcproj", "{E4E14960-A4AD-4B7A-8471-8091D58C11F3}"
EndProject
Project("{8BC9CEB8-8B4A-11D0-8D11-00A0C91BC942}") = "jrtplib", "..\..\jrtplib-3.7.1\jrtplib.vcproj", "{B8BD6143-BA5B-47DF-B9BB-991F5F6736A6}"
EndProject
Project("{8BC9CEB8-8B4A-11D0-8D11-00A0C91BC942}") = "rtpgen", "..\..\rtpgen\rtpgen.vcproj", "{C12E46E4-4644-440E-B2EA-FA1DFED232DB}"
EndProject
Project("{8BC9CEB8-8B4A-11D0-8D11-00A0C91BC942}") = "vcs", "..\..\vcs\vcs.vcproj", "{F33140DB-D0F8-4F45-88C2-1BCA63C21B42}"
EndProject
Project("{8BC9CEB8-8B4A-11D0-8D11-00A0C91BC942}") = "resiprocate", "..\..\..\resip\resip\stack\resiprocate_8_0.vcproj", "{2A8BE839-6466-4001-B224-8F1C3168D04A}"
	ProjectSection(ProjectDependencies) = postProject
		{3D0E5CEB-93DC-4FDB-918B-D08FA369E106} = {3D0E5CEB-93DC-4FDB-918B-D08FA369E106}
	EndProjectSection
EndProject
Project("{8BC9CEB8-8B4A-11D0-8D11-00A0C91BC942}") = "json_spirit_lib", "..\..\..\json\json_spirit_v2.06\json_spirit\json_spirit.vcproj", "{BE262A86-CC26-4B25-A877-883ED2688CEC}"
EndProject
Project("{8BC9CEB8-8B4A-11D0-8D11-00A0C91BC942}") = "rtprelay", "..\..\rtprelay\rtprelay.vcproj", "{4B1955C8-5DD8-4652-BB5F-E2C8A684CDE5}"
EndProject
Project("{8BC9CEB8-8B4A-11D0-8D11-00A0C91BC942}") = "jthread", "..\..\jthread-1.2.1\jthread.vcproj", "{96A714AE-BE53-4EFF-8569-C3809AD4F3B6}"
EndProject
Project("{8BC9CEB8-8B4A-11D0-8D11-00A0C91BC942}") = "ares", "..\..\..\resip\contrib\ares\ares_8_0.vcproj", "{CE7CF5E0-CAD1-49D6-95D1-143DED7B226E}"
EndProject
Project("{8BC9CEB8-8B4A-11D0-8D11-00A0C91BC942}") = "dum", "..\..\..\resip\resip\dum\dum_8_0.vcproj", "{31B0654F-E08E-405F-909F-80F86CB14B9D}"
	ProjectSection(ProjectDependencies) = postProject
		{2A8BE839-6466-4001-B224-8F1C3168D04A} = {2A8BE839-6466-4001-B224-8F1C3168D04A}
	EndProjectSection
EndProject
Project("{8BC9CEB8-8B4A-11D0-8D11-00A0C91BC942}") = "db_static", "..\..\..\resip\contrib\db\build_win32\db_static_8_0.vcproj", "{9E5A7645-1502-4467-91F8-BCF2EB06EF72}"
EndProject
Project("{8BC9CEB8-8B4A-11D0-8D11-00A0C91BC942}") = "pcre", "..\..\..\resip\contrib\pcre\pcre_8_0.vcproj", "{B933F895-8EFB-4FDD-A46D-09B8C00D1D26}"
EndProject
Project("{8BC9CEB8-8B4A-11D0-8D11-00A0C91BC942}") = "repro", "..\..\..\resip\repro\repro_8_0.vcproj", "{9D8D2649-213F-49D3-A8B0-C1849C611654}"
	ProjectSection(ProjectDependencies) = postProject
		{3D0E5CEB-93DC-4FDB-918B-D08FA369E106} = {3D0E5CEB-93DC-4FDB-918B-D08FA369E106}
		{B933F895-8EFB-4FDD-A46D-09B8C00D1D26} = {B933F895-8EFB-4FDD-A46D-09B8C00D1D26}
		{31B0654F-E08E-405F-909F-80F86CB14B9D} = {31B0654F-E08E-405F-909F-80F86CB14B9D}
		{9E5A7645-1502-4467-91F8-BCF2EB06EF72} = {9E5A7645-1502-4467-91F8-BCF2EB06EF72}
		{2A8BE839-6466-4001-B224-8F1C3168D04A} = {2A8BE839-6466-4001-B224-8F1C3168D04A}
	EndProjectSection
EndProject
Project("{8BC9CEB8-8B4A-11D0-8D11-00A0C91BC942}") = "rutil", "..\..\..\resip\rutil\rutil_8_0.vcproj", "{3D0E5CEB-93DC-4FDB-918B-D08FA369E106}"
	ProjectSection(ProjectDependencies) = postProject
		{CE7CF5E0-CAD1-49D6-95D1-143DED7B226E} = {CE7CF5E0-CAD1-49D6-95D1-143DED7B226E}
	EndProjectSection
EndProject
Global
	GlobalSection(SolutionConfigurationPlatforms) = preSolution
		Debug|Win32 = Debug|Win32
		Release|Win32 = Release|Win32
		SSL-Debug|Win32 = SSL-Debug|Win32
		SSL-Release|Win32 = SSL-Release|Win32
	EndGlobalSection
	GlobalSection(ProjectConfigurationPlatforms) = postSolution
		{C23B7733-3516-4A23-A2B9-B3B1505A4E3E}.Debug|Win32.ActiveCfg = Debug|Win32
		{C23B7733-3516-4A23-A2B9-B3B1505A4E3E}.Debug|Win32.Build.0 = Debug|Win32
		{C23B7733-3516-4A23-A2B9-B3B1505A4E3E}.Release|Win32.ActiveCfg = Release|Win32
		{C23B7733-3516-4A23-A2B9-B3B1505A4E3E}.Release|Win32.Build.0 = Release|Win32
		{C23B7733-3516-4A23-A2B9-B3B1505A4E3E}.SSL-Debug|Win32.ActiveCfg = Debug|Win32
		{C23B7733-3516-4A23-A2B9-B3B1505A4E3E}.SSL-Debug|Win32.Build.0 = Debug|Win32
		{C23B7733-3516-4A23-A2B9-B3B1505A4E3E}.SSL-Release|Win32.ActiveCfg = Release|Win32
		{C23B7733-3516-4A23-A2B9-B3B1505A4E3E}.SSL-Release|Win32.Build.0 = Release|Win32
		{AF69CD99-C454-4498-B103-B00B73138BE5}.Debug|Win32.ActiveCfg = Debug|Win32
		{AF69CD99-C454-4498-B103-B00B73138BE5}.Debug|Win32.Build.0 = Debug|Win32
		{AF69CD99-C454-4498-B103-B00B73138BE5}.Release|Win32.ActiveCfg = Release|Win32
		{AF69CD99-C454-4498-B103-B00B73138BE5}.Release|Win32.Build.0 = Release|Win32
		{AF69CD99-C454-4498-B103-B00B73138BE5}.SSL-Debug|Win32.ActiveCfg = Debug|Win32
		{AF69CD99-C454-4498-B103-B00B73138BE5}.SSL-Debug|Win32.Build.0 = Debug|Win32
		{AF69CD99-C454-4498-B103-B00B73138BE5}.SSL-Release|Win32.ActiveCfg = Release|Win32
		{AF69CD99-C454-4498-B103-B00B73138BE5}.SSL-Release|Win32.Build.0 = Release|Win32
		{2FCEFE58-70F8-4D68-8F39-8AD958596C42}.Debug|Win32.ActiveCfg = Debug|Win32
		{2FCEFE58-70F8-4D68-8F39-8AD958596C42}.Debug|Win32.Build.0 = Debug|Win32
		{2FCEFE58-70F8-4D68-8F39-8AD958596C42}.Release|Win32.ActiveCfg = Release|Win32
		{2FCEFE58-70F8-4D68-8F39-8AD958596C42}.Release|Win32.Build.0 = Release|Win32
		{2FCEFE58-70F8-4D68-8F39-8AD958596C42}.SSL-Debug|Win32.ActiveCfg = Debug|Win32
		{2FCEFE58-70F8-4D68-8F39-8AD958596C42}.SSL-Debug|Win32.Build.0 = Debug|Win32
		{2FCEFE58-70F8-4D68-8F39-8AD958596C42}.SSL-Release|Win32.ActiveCfg = Release|Win32
		{2FCEFE58-70F8-4D68-8F39-8AD958596C42}.SSL-Release|Win32.Build.0 = Release|Win32
		{D5CF5924-ECA0-402B-9312-5B25256E099C}.Debug|Win32.ActiveCfg = Debug|Win32
		{D5CF5924-ECA0-402B-9312-5B25256E099C}.Debug|Win32.Build.0 = Debug|Win32
		{D5CF5924-ECA0-402B-9312-5B25256E099C}.Release|Win32.ActiveCfg = Release|Win32
		{D5CF5924-ECA0-402B-9312-5B25256E099C}.Release|Win32.Build.0 = Release|Win32
		{D5CF5924-ECA0-402B-9312-5B25256E099C}.SSL-Debug|Win32.ActiveCfg = Debug|Win32
		{D5CF5924-ECA0-402B-9312-5B25256E099C}.SSL-Debug|Win32.Build.0 = Debug|Win32
		{D5CF5924-ECA0-402B-9312-5B25256E099C}.SSL-Release|Win32.ActiveCfg = Release|Win32
		{D5CF5924-ECA0-402B-9312-5B25256E099C}.SSL-Release|Win32.Build.0 = Release|Win32
		{A5BE1C20-46AE-43E3-8639-3F2CDA32972B}.Debug|Win32.ActiveCfg = Debug|Win32
		{A5BE1C20-46AE-43E3-8639-3F2CDA32972B}.Debug|Win32.Build.0 = Debug|Win32
		{A5BE1C20-46AE-43E3-8639-3F2CDA32972B}.Release|Win32.ActiveCfg = Release|Win32
		{A5BE1C20-46AE-43E3-8639-3F2CDA32972B}.Release|Win32.Build.0 = Release|Win32
		{A5BE1C20-46AE-43E3-8639-3F2CDA32972B}.SSL-Debug|Win32.ActiveCfg = Debug|Win32
		{A5BE1C20-46AE-43E3-8639-3F2CDA32972B}.SSL-Debug|Win32.Build.0 = Debug|Win32
		{A5BE1C20-46AE-43E3-8639-3F2CDA32972B}.SSL-Release|Win32.ActiveCfg = Release|Win32
		{A5BE1C20-46AE-43E3-8639-3F2CDA32972B}.SSL-Release|Win32.Build.0 = Release|Win32
		{E4E14960-A4AD-4B7A-8471-8091D58C11F3}.Debug|Win32.ActiveCfg = Debug|Win32
		{E4E14960-A4AD-4B7A-8471-8091D58C11F3}.Debug|Win32.Build.0 = Debug|Win32
		{E4E14960-A4AD-4B7A-8471-8091D58C11F3}.Release|Win32.ActiveCfg = Release|Win32
		{E4E14960-A4AD-4B7A-8471-8091D58C11F3}.Release|Win32.Build.0 = Release|Win32
		{E4E14960-A4AD-4B7A-8471-8091D58C11F3}.SSL-Debug|Win32.ActiveCfg = Debug|Win32
		{E4E14960-A4AD-4B7A-8471-8091D58C11F3}.SSL-Debug|Win32.Build.0 = Debug|Win32
		{E4E14960-A4AD-4B7A-8471-8091D58C11F3}.SSL-Release|Win32.ActiveCfg = Release|Win32
		{E4E14960-A4AD-4B7A-8471-8091D58C11F3}.SSL-Release|Win32.Build.0 = Release|Win32
		{B8BD6143-BA5B-47DF-B9BB-991F5F6736A6}.Debug|Win32.ActiveCfg = Debug|Win32
		{B8BD6143-BA5B-47DF-B9BB-991F5F6736A6}.Debug|Win32.Build.0 = Debug|Win32
		{B8BD6143-BA5B-47DF-B9BB-991F5F6736A6}.Release|Win32.ActiveCfg = Release|Win32
		{B8BD6143-BA5B-47DF-B9BB-991F5F6736A6}.Release|Win32.Build.0 = Release|Win32
		{B8BD6143-BA5B-47DF-B9BB-991F5F6736A6}.SSL-Debug|Win32.ActiveCfg = Debug|Win32
		{B8BD6143-BA5B-47DF-B9BB-991F5F6736A6}.SSL-Debug|Win32.Build.0 = Debug|Win32
		{B8BD6143-BA5B-47DF-B9BB-991F5F6736A6}.SSL-Release|Win32.ActiveCfg = Release|Win32
		{B8BD6143-BA5B-47DF-B9BB-991F5F6736A6}.SSL-Release|Win32.Build.0 = Release|Win32
		{C12E46E4-4644-440E-B2EA-FA1DFED232DB}.Debug|Win32.ActiveCfg = Debug|Win32
		{C12E46E4-4644-440E-B2EA-FA1DFED232DB}.Debug|Win32.Build.0 = Debug|Win32
		{C12E46E4-4644-440E-B2EA-FA1DFED232DB}.Release|Win32.ActiveCfg = Release|Win32
		{C12E46E4-4644-440E-B2EA-FA1DFED232DB}.Release|Win32.Build.0 = Release|Win32
		{C12E46E4-4644-440E-B2EA-FA1DFED232DB}.SSL-Debug|Win32.ActiveCfg = Debug|Win32
		{C12E46E4-4644-440E-B2EA-FA1DFED232DB}.SSL-Debug|Win32.Build.0 = Debug|Win32
		{C12E46E4-4644-440E-B2EA-FA1DFED232DB}.SSL-Release|Win32.ActiveCfg = Release|Win32
		{C12E46E4-4644-440E-B2EA-FA1DFED232DB}.SSL-Release|Win32.Build.0 = Release|Win32
		{F33140DB-D0F8-4F45-88C2-1BCA63C21B42}.Debug|Win32.ActiveCfg = Debug|Win32
		{F33140DB-D0F8-4F45-88C2-1BCA63C21B42}.Debug|Win32.Build.0 = Debug|Win32
		{F33140DB-D0F8-4F45-88C2-1BCA63C21B42}.Release|Win32.ActiveCfg = Release|Win32
		{F33140DB-D0F8-4F45-88C2-1BCA63C21B42}.Release|Win32.Build.0 = Release|Win32
		{F33140DB-D0F8-4F45-88C2-1BCA63C21B42}.SSL-Debug|Win32.ActiveCfg = Debug|Win32
		{F33140DB-D0F8-4F45-88C2-1BCA63C21B42}.SSL-Debug|Win32.Build.0 = Debug|Win32
		{F33140DB-D0F8-4F45-88C2-1BCA63C21B42}.SSL-Release|Win32.ActiveCfg = Release|Win32
		{F33140DB-D0F8-4F45-88C2-1BCA63C21B42}.SSL-Release|Win32.Build.0 = Release|Win32
		{2A8BE839-6466-4001-B224-8F1C3168D04A}.Debug|Win32.ActiveCfg = Debug|Win32
		{2A8BE839-6466-4001-B224-8F1C3168D04A}.Debug|Win32.Build.0 = Debug|Win32
		{2A8BE839-6466-4001-B224-8F1C3168D04A}.Release|Win32.ActiveCfg = Release|Win32
		{2A8BE839-6466-4001-B224-8F1C3168D04A}.Release|Win32.Build.0 = Release|Win32
		{2A8BE839-6466-4001-B224-8F1C3168D04A}.SSL-Debug|Win32.ActiveCfg = SSL-Debug|Win32
		{2A8BE839-6466-4001-B224-8F1C3168D04A}.SSL-Debug|Win32.Build.0 = SSL-Debug|Win32
		{2A8BE839-6466-4001-B224-8F1C3168D04A}.SSL-Release|Win32.ActiveCfg = SSL-Release|Win32
		{2A8BE839-6466-4001-B224-8F1C3168D04A}.SSL-Release|Win32.Build.0 = SSL-Release|Win32
		{BE262A86-CC26-4B25-A877-883ED2688CEC}.Debug|Win32.ActiveCfg = Debug|Win32
		{BE262A86-CC26-4B25-A877-883ED2688CEC}.Debug|Win32.Build.0 = Debug|Win32
		{BE262A86-CC26-4B25-A877-883ED2688CEC}.Release|Win32.ActiveCfg = Release|Win32
		{BE262A86-CC26-4B25-A877-883ED2688CEC}.Release|Win32.Build.0 = Release|Win32
		{BE262A86-CC26-4B25-A877-883ED2688CEC}.SSL-Debug|Win32.ActiveCfg = Debug|Win32
		{BE262A86-CC26-4B25-A877-883ED2688CEC}.SSL-Debug|Win32.Build.0 = Debug|Win32
		{BE262A86-CC26-4B25-A877-883ED2688CEC}.SSL-Release|Win32.ActiveCfg = Release|Win32
		{BE262A86-CC26-4B25-A877-883ED2688CEC}.SSL-Release|Win32.Build.0 = Release|Win32
		{4B1955C8-5DD8-4652-BB5F-E2C8A684CDE5}.Debug|Win32.ActiveCfg = Debug|Win32
		{4B1955C8-5DD8-4652-BB5F-E2C8A684CDE5}.Debug|Win32.Build.0 = Debug|Win32
		{4B1955C8-5DD8-4652-BB5F-E2C8A684CDE5}.Release|Win32.ActiveCfg = Release|Win32
		{4B1955C8-5DD8-4652-BB5F-E2C8A684CDE5}.Release|Win32.Build.0 = Release|Win32
		{4B1955C8-5DD8-4652-BB5F-E2C8A684CDE5}.SSL-Debug|Win32.ActiveCfg = Debug|Win32
		{4B1955C8-5DD8-4652-BB5F-E2C8A684CDE5}.SSL-Debug|Win32.Build.0 = Debug|Win32
		{4B1955C8-5DD8-4652-BB5F-E2C8A684CDE5}.SSL-Release|Win32.ActiveCfg = Release|Win32
		{4B1955C8-5DD8-4652-BB5F-E2C8A684CDE5}.SSL-Release|Win32.Build.0 = Release|Win32
		{96A714AE-BE53-4EFF-8569-C3809AD4F3B6}.Debug|Win32.ActiveCfg = Debug|Win32
		{96A714AE-BE53-4EFF-8569-C3809AD4F3B6}.Debug|Win32.Build.0 = Debug|Win32
		{96A714AE-BE53-4EFF-8569-C3809AD4F3B6}.Release|Win32.ActiveCfg = Release|Win32
		{96A714AE-BE53-4EFF-8569-C3809AD4F3B6}.Release|Win32.Build.0 = Release|Win32
		{96A714AE-BE53-4EFF-8569-C3809AD4F3B6}.SSL-Debug|Win32.ActiveCfg = Debug|Win32
		{96A714AE-BE53-4EFF-8569-C3809AD4F3B6}.SSL-Debug|Win32.Build.0 = Debug|Win32
		{96A714AE-BE53-4EFF-8569-C3809AD4F3B6}.SSL-Release|Win32.ActiveCfg = Release|Win32
		{96A714AE-BE53-4EFF-8569-C3809AD4F3B6}.SSL-Release|Win32.Build.0 = Release|Win32
		{CE7CF5E0-CAD1-49D6-95D1-143DED7B226E}.Debug|Win32.ActiveCfg = Debug|Win32
		{CE7CF5E0-CAD1-49D6-95D1-143DED7B226E}.Debug|Win32.Build.0 = Debug|Win32
		{CE7CF5E0-CAD1-49D6-95D1-143DED7B226E}.Release|Win32.ActiveCfg = Release|Win32
		{CE7CF5E0-CAD1-49D6-95D1-143DED7B226E}.Release|Win32.Build.0 = Release|Win32
		{CE7CF5E0-CAD1-49D6-95D1-143DED7B226E}.SSL-Debug|Win32.ActiveCfg = Debug|Win32
		{CE7CF5E0-CAD1-49D6-95D1-143DED7B226E}.SSL-Debug|Win32.Build.0 = Debug|Win32
		{CE7CF5E0-CAD1-49D6-95D1-143DED7B226E}.SSL-Release|Win32.ActiveCfg = Release|Win32
		{CE7CF5E0-CAD1-49D6-95D1-143DED7B226E}.SSL-Release|Win32.Build.0 = Release|Win32
		{31B0654F-E08E-405F-909F-80F86CB14B9D}.Debug|Win32.ActiveCfg = Debug|Win32
		{31B0654F-E08E-405F-909F-80F86CB14B9D}.Debug|Win32.Build.0 = Debug|Win32
		{31B0654F-E08E-405F-909F-80F86CB14B9D}.Release|Win32.ActiveCfg = Release|Win32
		{31B0654F-E08E-405F-909F-80F86CB14B9D}.Release|Win32.Build.0 = Release|Win32
		{31B0654F-E08E-405F-909F-80F86CB14B9D}.SSL-Debug|Win32.ActiveCfg = SSL-Debug|Win32
		{31B0654F-E08E-405F-909F-80F86CB14B9D}.SSL-Debug|Win32.Build.0 = SSL-Debug|Win32
		{31B0654F-E08E-405F-909F-80F86CB14B9D}.SSL-Release|Win32.ActiveCfg = SSL-Release|Win32
		{31B0654F-E08E-405F-909F-80F86CB14B9D}.SSL-Release|Win32.Build.0 = SSL-Release|Win32
		{9E5A7645-1502-4467-91F8-BCF2EB06EF72}.Debug|Win32.ActiveCfg = Debug|Win32
		{9E5A7645-1502-4467-91F8-BCF2EB06EF72}.Debug|Win32.Build.0 = Debug|Win32
		{9E5A7645-1502-4467-91F8-BCF2EB06EF72}.Release|Win32.ActiveCfg = Release|Win32
		{9E5A7645-1502-4467-91F8-BCF2EB06EF72}.Release|Win32.Build.0 = Release|Win32
		{9E5A7645-1502-4467-91F8-BCF2EB06EF72}.SSL-Debug|Win32.ActiveCfg = Debug|Win32
		{9E5A7645-1502-4467-91F8-BCF2EB06EF72}.SSL-Debug|Win32.Build.0 = Debug|Win32
		{9E5A7645-1502-4467-91F8-BCF2EB06EF72}.SSL-Release|Win32.ActiveCfg = Release|Win32
		{9E5A7645-1502-4467-91F8-BCF2EB06EF72}.SSL-Release|Win32.Build.0 = Release|Win32
		{B933F895-8EFB-4FDD-A46D-09B8C00D1D26}.Debug|Win32.ActiveCfg = Debug|Win32
		{B933F895-8EFB-4FDD-A46D-09B8C00D1D26}.Debug|Win32.Build.0 = Debug|Win32
		{B933F895-8EFB-4FDD-A46D-09B8C00D1D26}.Release|Win32.ActiveCfg = Release|Win32
		{B933F895-8EFB-4FDD-A46D-09B8C00D1D26}.Release|Win32.Build.0 = Release|Win32
		{B933F895-8EFB-4FDD-A46D-09B8C00D1D26}.SSL-Debug|Win32.ActiveCfg = Debug|Win32
		{B933F895-8EFB-4FDD-A46D-09B8C00D1D26}.SSL-Debug|Win32.Build.0 = Debug|Win32
		{B933F895-8EFB-4FDD-A46D-09B8C00D1D26}.SSL-Release|Win32.ActiveCfg = Release|Win32
		{B933F895-8EFB-4FDD-A46D-09B8C00D1D26}.SSL-Release|Win32.Build.0 = Release|Win32
		{9D8D2649-213F-49D3-A8B0-C1849C611654}.Debug|Win32.ActiveCfg = Debug|Win32
		{9D8D2649-213F-49D3-A8B0-C1849C611654}.Debug|Win32.Build.0 = Debug|Win32
		{9D8D2649-213F-49D3-A8B0-C1849C611654}.Release|Win32.ActiveCfg = Release|Win32
		{9D8D2649-213F-49D3-A8B0-C1849C611654}.Release|Win32.Build.0 = Release|Win32
		{9D8D2649-213F-49D3-A8B0-C1849C611654}.SSL-Debug|Win32.ActiveCfg = SSL-Debug|Win32
		{9D8D2649-213F-49D3-A8B0-C1849C611654}.SSL-Debug|Win32.Build.0 = SSL-Debug|Win32
		{9D8D2649-213F-49D3-A8B0-C1849C611654}.SSL-Release|Win32.ActiveCfg = SSL-Release|Win32
		{9D8D2649-213F-49D3-A8B0-C1849C611654}.SSL-Release|Win32.Build.0 = SSL-Release|Win32
		{3D0E5CEB-93DC-4FDB-918B-D08FA369E106}.Debug|Win32.ActiveCfg = Debug|Win32
		{3D0E5CEB-93DC-4FDB-918B-D08FA369E106}.Debug|Win32.Build.0 = Debug|Win32
		{3D0E5CEB-93DC-4FDB-918B-D08FA369E106}.Release|Win32.ActiveCfg = Release|Win32
		{3D0E5CEB-93DC-4FDB-918B-D08FA369E106}.Release|Win32.Build.0 = Release|Win32
		{3D0E5CEB-93DC-4FDB-918B-D08FA369E106}.SSL-Debug|Win32.ActiveCfg = SSL-Debug|Win32
		{3D0E5CEB-93DC-4FDB-918B-D08FA369E106}.SSL-Debug|Win32.Build.0 = SSL-Debug|Win32
		{3D0E5CEB-93DC-4FDB-918B-D08FA369E106}.SSL-Release|Win32.ActiveCfg = SSL-Release|Win32
		{3D0E5CEB-93DC-4FDB-918B-D08FA369E106}.SSL-Release|Win32.Build.0 = SSL-Release|Win32
	EndGlobalSection
	GlobalSection(SolutionProperties) = preSolution
		HideSolutionNode = FALSE
	EndGlobalSection
EndGlobal
