Microsoft Visual Studio Solution File, Format Version 9.00
# Visual Studio 2005
Project("{8BC9CEB8-8B4A-11D0-8D11-00A0C91BC942}") = "C++CSP2", "..\C++CSP2\C++CSP2.vcproj", "{C23B7733-3516-4A23-A2B9-B3B1505A4E3E}"
EndProject
Project("{8BC9CEB8-8B4A-11D0-8D11-00A0C91BC942}") = "ccu2", "..\..\ccu2\CCU2.vcproj", "{2FCEFE58-70F8-4D68-8F39-8AD958596C42}"
EndProject
Project("{8BC9CEB8-8B4A-11D0-8D11-00A0C91BC942}") = "ccutest", "..\..\ccutest\CcuTest.vcproj", "{D5CF5924-ECA0-402B-9312-5B25256E099C}"
	ProjectSection(ProjectDependencies) = postProject
		{2FCEFE58-70F8-4D68-8F39-8AD958596C42} = {2FCEFE58-70F8-4D68-8F39-8AD958596C42}
		{E4E14960-A4AD-4B7A-8471-8091D58C11F3} = {E4E14960-A4AD-4B7A-8471-8091D58C11F3}
		{BE262A86-CC26-4B25-A877-883ED2688CEC} = {BE262A86-CC26-4B25-A877-883ED2688CEC}
		{D7488B96-456A-1E46-8B0B-0F698E025694} = {D7488B96-456A-1E46-8B0B-0F698E025694}
		{A5BE1C20-46AE-43E3-8639-3F2CDA32972B} = {A5BE1C20-46AE-43E3-8639-3F2CDA32972B}
		{96A714AE-BE53-4EFF-8569-C3809AD4F3B6} = {96A714AE-BE53-4EFF-8569-C3809AD4F3B6}
		{4B1955C8-5DD8-4652-BB5F-E2C8A684CDE5} = {4B1955C8-5DD8-4652-BB5F-E2C8A684CDE5}
		{F33140DB-D0F8-4F45-88C2-1BCA63C21B42} = {F33140DB-D0F8-4F45-88C2-1BCA63C21B42}
		{C12E46E4-4644-440E-B2EA-FA1DFED232DB} = {C12E46E4-4644-440E-B2EA-FA1DFED232DB}
		{3D0E5CEB-93DC-4FDB-918B-D08FA369E106} = {3D0E5CEB-93DC-4FDB-918B-D08FA369E106}
		{9D8D2649-213F-49D3-A8B0-C1849C611654} = {9D8D2649-213F-49D3-A8B0-C1849C611654}
		{B933F895-8EFB-4FDD-A46D-09B8C00D1D26} = {B933F895-8EFB-4FDD-A46D-09B8C00D1D26}
		{31B0654F-E08E-405F-909F-80F86CB14B9D} = {31B0654F-E08E-405F-909F-80F86CB14B9D}
		{9E5A7645-1502-4467-91F8-BCF2EB06EF72} = {9E5A7645-1502-4467-91F8-BCF2EB06EF72}
		{CE7CF5E0-CAD1-49D6-95D1-143DED7B226E} = {CE7CF5E0-CAD1-49D6-95D1-143DED7B226E}
		{C23B7733-3516-4A23-A2B9-B3B1505A4E3E} = {C23B7733-3516-4A23-A2B9-B3B1505A4E3E}
		{2A8BE839-6466-4001-B224-8F1C3168D04A} = {2A8BE839-6466-4001-B224-8F1C3168D04A}
		{B8BD6143-BA5B-47DF-B9BB-991F5F6736A6} = {B8BD6143-BA5B-47DF-B9BB-991F5F6736A6}
	EndProjectSection
EndProject
Project("{8BC9CEB8-8B4A-11D0-8D11-00A0C91BC942}") = "emiplib", "..\..\emiplib-0.16.1\emiplib.vcproj", "{A5BE1C20-46AE-43E3-8639-3F2CDA32972B}"
	ProjectSection(ProjectDependencies) = postProject
		{96A714AE-BE53-4EFF-8569-C3809AD4F3B6} = {96A714AE-BE53-4EFF-8569-C3809AD4F3B6}
		{B8BD6143-BA5B-47DF-B9BB-991F5F6736A6} = {B8BD6143-BA5B-47DF-B9BB-991F5F6736A6}
	EndProjectSection
EndProject
Project("{8BC9CEB8-8B4A-11D0-8D11-00A0C91BC942}") = "ims", "..\..\ims\ims.vcproj", "{E4E14960-A4AD-4B7A-8471-8091D58C11F3}"
EndProject
Project("{8BC9CEB8-8B4A-11D0-8D11-00A0C91BC942}") = "jrtplib", "..\..\jrtplib-3.7.1\jrtplib.vcproj", "{B8BD6143-BA5B-47DF-B9BB-991F5F6736A6}"
EndProject
Project("{8BC9CEB8-8B4A-11D0-8D11-00A0C91BC942}") = "rtpgen", "..\..\rtpgen\rtpgen.vcproj", "{C12E46E4-4644-440E-B2EA-FA1DFED232DB}"
EndProject
Project("{8BC9CEB8-8B4A-11D0-8D11-00A0C91BC942}") = "vcs", "..\..\vcs\vcs.vcproj", "{F33140DB-D0F8-4F45-88C2-1BCA63C21B42}"
EndProject
Project("{8BC9CEB8-8B4A-11D0-8D11-00A0C91BC942}") = "resiprocate", "..\..\..\resip\resip\stack\resiprocate_8_0.vcproj", "{2A8BE839-6466-4001-B224-8F1C3168D04A}"
	ProjectSection(ProjectDependencies) = postProject
		{3D0E5CEB-93DC-4FDB-918B-D08FA369E106} = {3D0E5CEB-93DC-4FDB-918B-D08FA369E106}
	EndProjectSection
EndProject
Project("{8BC9CEB8-8B4A-11D0-8D11-00A0C91BC942}") = "json_spirit_lib", "..\..\..\json\json_spirit_v2.06\json_spirit\json_spirit.vcproj", "{BE262A86-CC26-4B25-A877-883ED2688CEC}"
EndProject
Project("{8BC9CEB8-8B4A-11D0-8D11-00A0C91BC942}") = "rtprelay", "..\..\rtprelay\rtprelay.vcproj", "{4B1955C8-5DD8-4652-BB5F-E2C8A684CDE5}"
EndProject
Project("{8BC9CEB8-8B4A-11D0-8D11-00A0C91BC942}") = "jthread", "..\..\jthread-1.2.1\jthread.vcproj", "{96A714AE-BE53-4EFF-8569-C3809AD4F3B6}"
EndProject
Project("{8BC9CEB8-8B4A-11D0-8D11-00A0C91BC942}") = "ares", "..\..\..\resip\contrib\ares\ares_8_0.vcproj", "{CE7CF5E0-CAD1-49D6-95D1-143DED7B226E}"
EndProject
Project("{8BC9CEB8-8B4A-11D0-8D11-00A0C91BC942}") = "dum", "..\..\..\resip\resip\dum\dum_8_0.vcproj", "{31B0654F-E08E-405F-909F-80F86CB14B9D}"
	ProjectSection(ProjectDependencies) = postProject
		{2A8BE839-6466-4001-B224-8F1C3168D04A} = {2A8BE839-6466-4001-B224-8F1C3168D04A}
	EndProjectSection
EndProject
Project("{8BC9CEB8-8B4A-11D0-8D11-00A0C91BC942}") = "db_static", "..\..\..\resip\contrib\db\build_win32\db_static_8_0.vcproj", "{9E5A7645-1502-4467-91F8-BCF2EB06EF72}"
EndProject
Project("{8BC9CEB8-8B4A-11D0-8D11-00A0C91BC942}") = "pcre", "..\..\..\resip\contrib\pcre\pcre_8_0.vcproj", "{B933F895-8EFB-4FDD-A46D-09B8C00D1D26}"
EndProject
Project("{8BC9CEB8-8B4A-11D0-8D11-00A0C91BC942}") = "repro", "..\..\..\resip\repro\repro_8_0.vcproj", "{9D8D2649-213F-49D3-A8B0-C1849C611654}"
	ProjectSection(ProjectDependencies) = postProject
		{3D0E5CEB-93DC-4FDB-918B-D08FA369E106} = {3D0E5CEB-93DC-4FDB-918B-D08FA369E106}
		{B933F895-8EFB-4FDD-A46D-09B8C00D1D26} = {B933F895-8EFB-4FDD-A46D-09B8C00D1D26}
		{31B0654F-E08E-405F-909F-80F86CB14B9D} = {31B0654F-E08E-405F-909F-80F86CB14B9D}
		{9E5A7645-1502-4467-91F8-BCF2EB06EF72} = {9E5A7645-1502-4467-91F8-BCF2EB06EF72}
		{2A8BE839-6466-4001-B224-8F1C3168D04A} = {2A8BE839-6466-4001-B224-8F1C3168D04A}
	EndProjectSection
EndProject
Project("{8BC9CEB8-8B4A-11D0-8D11-00A0C91BC942}") = "rutil", "..\..\..\resip\rutil\rutil_8_0.vcproj", "{3D0E5CEB-93DC-4FDB-918B-D08FA369E106}"
	ProjectSection(ProjectDependencies) = postProject
		{CE7CF5E0-CAD1-49D6-95D1-143DED7B226E} = {CE7CF5E0-CAD1-49D6-95D1-143DED7B226E}
	EndProjectSection
EndProject
Project("{FAE04EC0-301F-11D3-BF4B-00C04F79EFBC}") = "callfloweditor", "..\..\callfloweditor\callfloweditor.csproj", "{9790A010-D4E6-4AE1-BA63-03CAD9062CAC}"
EndProject
Project("{8BC9CEB8-8B4A-11D0-8D11-00A0C91BC942}") = "lua5.1_lib", "..\..\lua5.1\mak.vs2005\lua5.1_lib.vcproj", "{D7488B96-456A-1E46-8B0B-0F698E025694}"
EndProject
Project("{8BC9CEB8-8B4A-11D0-8D11-00A0C91BC942}") = "eXosip", "..\..\..\mediastreamer2-antisip-4.1.1-rc10\exosip\platform\vsnet\eXosip.vcproj", "{4EA67539-9EE9-4065-BD39-87E517FD8262}"
EndProject
Project("{8BC9CEB8-8B4A-11D0-8D11-00A0C91BC942}") = "libspeex", "..\..\..\mediastreamer2-antisip-4.1.1-rc10\codecs\speex\win32\VS2005\libspeex\libspeex.vcproj", "{E972C52F-9E85-4D65-B19C-031E511E9DB4}"
EndProject
Project("{8BC9CEB8-8B4A-11D0-8D11-00A0C91BC942}") = "mediastreamer2", "..\..\..\mediastreamer2-antisip-4.1.1-rc10\mediastreamer2\build\win32native\mediastreamer2.vcproj", "{4A07BB2B-F56E-4F1B-A729-D28B782AC128}"
EndProject
Project("{8BC9CEB8-8B4A-11D0-8D11-00A0C91BC942}") = "mediastream", "..\..\..\mediastreamer2-antisip-4.1.1-rc10\mediastreamer2\build\win32native\mediastream.vcproj", "{92C82019-2DAC-4923-A05C-681AD5BDD04B}"
EndProject
Global
	GlobalSection(SolutionConfigurationPlatforms) = preSolution
		Debug Dll|Any CPU = Debug Dll|Any CPU
		Debug Dll|Mixed Platforms = Debug Dll|Mixed Platforms
		Debug Dll|Win32 = Debug Dll|Win32
		Debug|Any CPU = Debug|Any CPU
		Debug|Mixed Platforms = Debug|Mixed Platforms
		Debug|Win32 = Debug|Win32
		Release Dll|Any CPU = Release Dll|Any CPU
		Release Dll|Mixed Platforms = Release Dll|Mixed Platforms
		Release Dll|Win32 = Release Dll|Win32
		Release|Any CPU = Release|Any CPU
		Release|Mixed Platforms = Release|Mixed Platforms
		Release|Win32 = Release|Win32
		SSL-Debug|Any CPU = SSL-Debug|Any CPU
		SSL-Debug|Mixed Platforms = SSL-Debug|Mixed Platforms
		SSL-Debug|Win32 = SSL-Debug|Win32
		SSL-Release|Any CPU = SSL-Release|Any CPU
		SSL-Release|Mixed Platforms = SSL-Release|Mixed Platforms
		SSL-Release|Win32 = SSL-Release|Win32
	EndGlobalSection
	GlobalSection(ProjectConfigurationPlatforms) = postSolution
		{C23B7733-3516-4A23-A2B9-B3B1505A4E3E}.Debug Dll|Any CPU.ActiveCfg = Debug|Win32
		{C23B7733-3516-4A23-A2B9-B3B1505A4E3E}.Debug Dll|Mixed Platforms.ActiveCfg = Debug|Win32
		{C23B7733-3516-4A23-A2B9-B3B1505A4E3E}.Debug Dll|Mixed Platforms.Build.0 = Debug|Win32
		{C23B7733-3516-4A23-A2B9-B3B1505A4E3E}.Debug Dll|Win32.ActiveCfg = Debug|Win32
		{C23B7733-3516-4A23-A2B9-B3B1505A4E3E}.Debug Dll|Win32.Build.0 = Debug|Win32
		{C23B7733-3516-4A23-A2B9-B3B1505A4E3E}.Debug|Any CPU.ActiveCfg = Debug|Win32
		{C23B7733-3516-4A23-A2B9-B3B1505A4E3E}.Debug|Mixed Platforms.ActiveCfg = Debug|Win32
		{C23B7733-3516-4A23-A2B9-B3B1505A4E3E}.Debug|Mixed Platforms.Build.0 = Debug|Win32
		{C23B7733-3516-4A23-A2B9-B3B1505A4E3E}.Debug|Win32.ActiveCfg = Debug|Win32
		{C23B7733-3516-4A23-A2B9-B3B1505A4E3E}.Debug|Win32.Build.0 = Debug|Win32
		{C23B7733-3516-4A23-A2B9-B3B1505A4E3E}.Release Dll|Any CPU.ActiveCfg = Release|Win32
		{C23B7733-3516-4A23-A2B9-B3B1505A4E3E}.Release Dll|Mixed Platforms.ActiveCfg = Release|Win32
		{C23B7733-3516-4A23-A2B9-B3B1505A4E3E}.Release Dll|Mixed Platforms.Build.0 = Release|Win32
		{C23B7733-3516-4A23-A2B9-B3B1505A4E3E}.Release Dll|Win32.ActiveCfg = Release|Win32
		{C23B7733-3516-4A23-A2B9-B3B1505A4E3E}.Release Dll|Win32.Build.0 = Release|Win32
		{C23B7733-3516-4A23-A2B9-B3B1505A4E3E}.Release|Any CPU.ActiveCfg = Release|Win32
		{C23B7733-3516-4A23-A2B9-B3B1505A4E3E}.Release|Mixed Platforms.ActiveCfg = Release|Win32
		{C23B7733-3516-4A23-A2B9-B3B1505A4E3E}.Release|Mixed Platforms.Build.0 = Release|Win32
		{C23B7733-3516-4A23-A2B9-B3B1505A4E3E}.Release|Win32.ActiveCfg = Release|Win32
		{C23B7733-3516-4A23-A2B9-B3B1505A4E3E}.Release|Win32.Build.0 = Release|Win32
		{C23B7733-3516-4A23-A2B9-B3B1505A4E3E}.SSL-Debug|Any CPU.ActiveCfg = Debug|Win32
		{C23B7733-3516-4A23-A2B9-B3B1505A4E3E}.SSL-Debug|Mixed Platforms.ActiveCfg = Debug|Win32
		{C23B7733-3516-4A23-A2B9-B3B1505A4E3E}.SSL-Debug|Mixed Platforms.Build.0 = Debug|Win32
		{C23B7733-3516-4A23-A2B9-B3B1505A4E3E}.SSL-Debug|Win32.ActiveCfg = Debug|Win32
		{C23B7733-3516-4A23-A2B9-B3B1505A4E3E}.SSL-Debug|Win32.Build.0 = Debug|Win32
		{C23B7733-3516-4A23-A2B9-B3B1505A4E3E}.SSL-Release|Any CPU.ActiveCfg = Release|Win32
		{C23B7733-3516-4A23-A2B9-B3B1505A4E3E}.SSL-Release|Mixed Platforms.ActiveCfg = Release|Win32
		{C23B7733-3516-4A23-A2B9-B3B1505A4E3E}.SSL-Release|Mixed Platforms.Build.0 = Release|Win32
		{C23B7733-3516-4A23-A2B9-B3B1505A4E3E}.SSL-Release|Win32.ActiveCfg = Release|Win32
		{C23B7733-3516-4A23-A2B9-B3B1505A4E3E}.SSL-Release|Win32.Build.0 = Release|Win32
		{2FCEFE58-70F8-4D68-8F39-8AD958596C42}.Debug Dll|Any CPU.ActiveCfg = Debug|Win32
		{2FCEFE58-70F8-4D68-8F39-8AD958596C42}.Debug Dll|Mixed Platforms.ActiveCfg = Debug|Win32
		{2FCEFE58-70F8-4D68-8F39-8AD958596C42}.Debug Dll|Mixed Platforms.Build.0 = Debug|Win32
		{2FCEFE58-70F8-4D68-8F39-8AD958596C42}.Debug Dll|Win32.ActiveCfg = Debug|Win32
		{2FCEFE58-70F8-4D68-8F39-8AD958596C42}.Debug Dll|Win32.Build.0 = Debug|Win32
		{2FCEFE58-70F8-4D68-8F39-8AD958596C42}.Debug|Any CPU.ActiveCfg = Debug|Win32
		{2FCEFE58-70F8-4D68-8F39-8AD958596C42}.Debug|Mixed Platforms.ActiveCfg = Debug|Win32
		{2FCEFE58-70F8-4D68-8F39-8AD958596C42}.Debug|Mixed Platforms.Build.0 = Debug|Win32
		{2FCEFE58-70F8-4D68-8F39-8AD958596C42}.Debug|Win32.ActiveCfg = Debug|Win32
		{2FCEFE58-70F8-4D68-8F39-8AD958596C42}.Debug|Win32.Build.0 = Debug|Win32
		{2FCEFE58-70F8-4D68-8F39-8AD958596C42}.Release Dll|Any CPU.ActiveCfg = Release|Win32
		{2FCEFE58-70F8-4D68-8F39-8AD958596C42}.Release Dll|Mixed Platforms.ActiveCfg = Release|Win32
		{2FCEFE58-70F8-4D68-8F39-8AD958596C42}.Release Dll|Mixed Platforms.Build.0 = Release|Win32
		{2FCEFE58-70F8-4D68-8F39-8AD958596C42}.Release Dll|Win32.ActiveCfg = Release|Win32
		{2FCEFE58-70F8-4D68-8F39-8AD958596C42}.Release Dll|Win32.Build.0 = Release|Win32
		{2FCEFE58-70F8-4D68-8F39-8AD958596C42}.Release|Any CPU.ActiveCfg = Release|Win32
		{2FCEFE58-70F8-4D68-8F39-8AD958596C42}.Release|Mixed Platforms.ActiveCfg = Release|Win32
		{2FCEFE58-70F8-4D68-8F39-8AD958596C42}.Release|Mixed Platforms.Build.0 = Release|Win32
		{2FCEFE58-70F8-4D68-8F39-8AD958596C42}.Release|Win32.ActiveCfg = Release|Win32
		{2FCEFE58-70F8-4D68-8F39-8AD958596C42}.Release|Win32.Build.0 = Release|Win32
		{2FCEFE58-70F8-4D68-8F39-8AD958596C42}.SSL-Debug|Any CPU.ActiveCfg = Debug|Win32
		{2FCEFE58-70F8-4D68-8F39-8AD958596C42}.SSL-Debug|Mixed Platforms.ActiveCfg = Debug|Win32
		{2FCEFE58-70F8-4D68-8F39-8AD958596C42}.SSL-Debug|Mixed Platforms.Build.0 = Debug|Win32
		{2FCEFE58-70F8-4D68-8F39-8AD958596C42}.SSL-Debug|Win32.ActiveCfg = Debug|Win32
		{2FCEFE58-70F8-4D68-8F39-8AD958596C42}.SSL-Debug|Win32.Build.0 = Debug|Win32
		{2FCEFE58-70F8-4D68-8F39-8AD958596C42}.SSL-Release|Any CPU.ActiveCfg = Release|Win32
		{2FCEFE58-70F8-4D68-8F39-8AD958596C42}.SSL-Release|Mixed Platforms.ActiveCfg = Release|Win32
		{2FCEFE58-70F8-4D68-8F39-8AD958596C42}.SSL-Release|Mixed Platforms.Build.0 = Release|Win32
		{2FCEFE58-70F8-4D68-8F39-8AD958596C42}.SSL-Release|Win32.ActiveCfg = Release|Win32
		{2FCEFE58-70F8-4D68-8F39-8AD958596C42}.SSL-Release|Win32.Build.0 = Release|Win32
		{D5CF5924-ECA0-402B-9312-5B25256E099C}.Debug Dll|Any CPU.ActiveCfg = Debug|Win32
		{D5CF5924-ECA0-402B-9312-5B25256E099C}.Debug Dll|Mixed Platforms.ActiveCfg = Debug|Win32
		{D5CF5924-ECA0-402B-9312-5B25256E099C}.Debug Dll|Mixed Platforms.Build.0 = Debug|Win32
		{D5CF5924-ECA0-402B-9312-5B25256E099C}.Debug Dll|Win32.ActiveCfg = Debug|Win32
		{D5CF5924-ECA0-402B-9312-5B25256E099C}.Debug Dll|Win32.Build.0 = Debug|Win32
		{D5CF5924-ECA0-402B-9312-5B25256E099C}.Debug|Any CPU.ActiveCfg = Debug|Win32
		{D5CF5924-ECA0-402B-9312-5B25256E099C}.Debug|Mixed Platforms.ActiveCfg = Debug|Win32
		{D5CF5924-ECA0-402B-9312-5B25256E099C}.Debug|Mixed Platforms.Build.0 = Debug|Win32
		{D5CF5924-ECA0-402B-9312-5B25256E099C}.Debug|Win32.ActiveCfg = Debug|Win32
		{D5CF5924-ECA0-402B-9312-5B25256E099C}.Debug|Win32.Build.0 = Debug|Win32
		{D5CF5924-ECA0-402B-9312-5B25256E099C}.Release Dll|Any CPU.ActiveCfg = Release|Win32
		{D5CF5924-ECA0-402B-9312-5B25256E099C}.Release Dll|Mixed Platforms.ActiveCfg = Release|Win32
		{D5CF5924-ECA0-402B-9312-5B25256E099C}.Release Dll|Mixed Platforms.Build.0 = Release|Win32
		{D5CF5924-ECA0-402B-9312-5B25256E099C}.Release Dll|Win32.ActiveCfg = Release|Win32
		{D5CF5924-ECA0-402B-9312-5B25256E099C}.Release Dll|Win32.Build.0 = Release|Win32
		{D5CF5924-ECA0-402B-9312-5B25256E099C}.Release|Any CPU.ActiveCfg = Release|Win32
		{D5CF5924-ECA0-402B-9312-5B25256E099C}.Release|Mixed Platforms.ActiveCfg = Release|Win32
		{D5CF5924-ECA0-402B-9312-5B25256E099C}.Release|Mixed Platforms.Build.0 = Release|Win32
		{D5CF5924-ECA0-402B-9312-5B25256E099C}.Release|Win32.ActiveCfg = Release|Win32
		{D5CF5924-ECA0-402B-9312-5B25256E099C}.Release|Win32.Build.0 = Release|Win32
		{D5CF5924-ECA0-402B-9312-5B25256E099C}.SSL-Debug|Any CPU.ActiveCfg = Debug|Win32
		{D5CF5924-ECA0-402B-9312-5B25256E099C}.SSL-Debug|Mixed Platforms.ActiveCfg = Debug|Win32
		{D5CF5924-ECA0-402B-9312-5B25256E099C}.SSL-Debug|Mixed Platforms.Build.0 = Debug|Win32
		{D5CF5924-ECA0-402B-9312-5B25256E099C}.SSL-Debug|Win32.ActiveCfg = Debug|Win32
		{D5CF5924-ECA0-402B-9312-5B25256E099C}.SSL-Debug|Win32.Build.0 = Debug|Win32
		{D5CF5924-ECA0-402B-9312-5B25256E099C}.SSL-Release|Any CPU.ActiveCfg = Release|Win32
		{D5CF5924-ECA0-402B-9312-5B25256E099C}.SSL-Release|Mixed Platforms.ActiveCfg = Release|Win32
		{D5CF5924-ECA0-402B-9312-5B25256E099C}.SSL-Release|Mixed Platforms.Build.0 = Release|Win32
		{D5CF5924-ECA0-402B-9312-5B25256E099C}.SSL-Release|Win32.ActiveCfg = Release|Win32
		{D5CF5924-ECA0-402B-9312-5B25256E099C}.SSL-Release|Win32.Build.0 = Release|Win32
		{A5BE1C20-46AE-43E3-8639-3F2CDA32972B}.Debug Dll|Any CPU.ActiveCfg = Debug|Win32
		{A5BE1C20-46AE-43E3-8639-3F2CDA32972B}.Debug Dll|Mixed Platforms.ActiveCfg = Debug|Win32
		{A5BE1C20-46AE-43E3-8639-3F2CDA32972B}.Debug Dll|Mixed Platforms.Build.0 = Debug|Win32
		{A5BE1C20-46AE-43E3-8639-3F2CDA32972B}.Debug Dll|Win32.ActiveCfg = Debug|Win32
		{A5BE1C20-46AE-43E3-8639-3F2CDA32972B}.Debug Dll|Win32.Build.0 = Debug|Win32
		{A5BE1C20-46AE-43E3-8639-3F2CDA32972B}.Debug|Any CPU.ActiveCfg = Debug|Win32
		{A5BE1C20-46AE-43E3-8639-3F2CDA32972B}.Debug|Mixed Platforms.ActiveCfg = Debug|Win32
		{A5BE1C20-46AE-43E3-8639-3F2CDA32972B}.Debug|Mixed Platforms.Build.0 = Debug|Win32
		{A5BE1C20-46AE-43E3-8639-3F2CDA32972B}.Debug|Win32.ActiveCfg = Debug|Win32
		{A5BE1C20-46AE-43E3-8639-3F2CDA32972B}.Debug|Win32.Build.0 = Debug|Win32
		{A5BE1C20-46AE-43E3-8639-3F2CDA32972B}.Release Dll|Any CPU.ActiveCfg = Release|Win32
		{A5BE1C20-46AE-43E3-8639-3F2CDA32972B}.Release Dll|Mixed Platforms.ActiveCfg = Release|Win32
		{A5BE1C20-46AE-43E3-8639-3F2CDA32972B}.Release Dll|Mixed Platforms.Build.0 = Release|Win32
		{A5BE1C20-46AE-43E3-8639-3F2CDA32972B}.Release Dll|Win32.ActiveCfg = Release|Win32
		{A5BE1C20-46AE-43E3-8639-3F2CDA32972B}.Release Dll|Win32.Build.0 = Release|Win32
		{A5BE1C20-46AE-43E3-8639-3F2CDA32972B}.Release|Any CPU.ActiveCfg = Release|Win32
		{A5BE1C20-46AE-43E3-8639-3F2CDA32972B}.Release|Mixed Platforms.ActiveCfg = Release|Win32
		{A5BE1C20-46AE-43E3-8639-3F2CDA32972B}.Release|Mixed Platforms.Build.0 = Release|Win32
		{A5BE1C20-46AE-43E3-8639-3F2CDA32972B}.Release|Win32.ActiveCfg = Release|Win32
		{A5BE1C20-46AE-43E3-8639-3F2CDA32972B}.Release|Win32.Build.0 = Release|Win32
		{A5BE1C20-46AE-43E3-8639-3F2CDA32972B}.SSL-Debug|Any CPU.ActiveCfg = Debug|Win32
		{A5BE1C20-46AE-43E3-8639-3F2CDA32972B}.SSL-Debug|Mixed Platforms.ActiveCfg = Debug|Win32
		{A5BE1C20-46AE-43E3-8639-3F2CDA32972B}.SSL-Debug|Mixed Platforms.Build.0 = Debug|Win32
		{A5BE1C20-46AE-43E3-8639-3F2CDA32972B}.SSL-Debug|Win32.ActiveCfg = Debug|Win32
		{A5BE1C20-46AE-43E3-8639-3F2CDA32972B}.SSL-Debug|Win32.Build.0 = Debug|Win32
		{A5BE1C20-46AE-43E3-8639-3F2CDA32972B}.SSL-Release|Any CPU.ActiveCfg = Release|Win32
		{A5BE1C20-46AE-43E3-8639-3F2CDA32972B}.SSL-Release|Mixed Platforms.ActiveCfg = Release|Win32
		{A5BE1C20-46AE-43E3-8639-3F2CDA32972B}.SSL-Release|Mixed Platforms.Build.0 = Release|Win32
		{A5BE1C20-46AE-43E3-8639-3F2CDA32972B}.SSL-Release|Win32.ActiveCfg = Release|Win32
		{A5BE1C20-46AE-43E3-8639-3F2CDA32972B}.SSL-Release|Win32.Build.0 = Release|Win32
		{E4E14960-A4AD-4B7A-8471-8091D58C11F3}.Debug Dll|Any CPU.ActiveCfg = Debug|Win32
		{E4E14960-A4AD-4B7A-8471-8091D58C11F3}.Debug Dll|Mixed Platforms.ActiveCfg = Debug|Win32
		{E4E14960-A4AD-4B7A-8471-8091D58C11F3}.Debug Dll|Mixed Platforms.Build.0 = Debug|Win32
		{E4E14960-A4AD-4B7A-8471-8091D58C11F3}.Debug Dll|Win32.ActiveCfg = Debug|Win32
		{E4E14960-A4AD-4B7A-8471-8091D58C11F3}.Debug Dll|Win32.Build.0 = Debug|Win32
		{E4E14960-A4AD-4B7A-8471-8091D58C11F3}.Debug|Any CPU.ActiveCfg = Debug|Win32
		{E4E14960-A4AD-4B7A-8471-8091D58C11F3}.Debug|Mixed Platforms.ActiveCfg = Debug|Win32
		{E4E14960-A4AD-4B7A-8471-8091D58C11F3}.Debug|Mixed Platforms.Build.0 = Debug|Win32
		{E4E14960-A4AD-4B7A-8471-8091D58C11F3}.Debug|Win32.ActiveCfg = Debug|Win32
		{E4E14960-A4AD-4B7A-8471-8091D58C11F3}.Debug|Win32.Build.0 = Debug|Win32
		{E4E14960-A4AD-4B7A-8471-8091D58C11F3}.Release Dll|Any CPU.ActiveCfg = Release|Win32
		{E4E14960-A4AD-4B7A-8471-8091D58C11F3}.Release Dll|Mixed Platforms.ActiveCfg = Release|Win32
		{E4E14960-A4AD-4B7A-8471-8091D58C11F3}.Release Dll|Mixed Platforms.Build.0 = Release|Win32
		{E4E14960-A4AD-4B7A-8471-8091D58C11F3}.Release Dll|Win32.ActiveCfg = Release|Win32
		{E4E14960-A4AD-4B7A-8471-8091D58C11F3}.Release Dll|Win32.Build.0 = Release|Win32
		{E4E14960-A4AD-4B7A-8471-8091D58C11F3}.Release|Any CPU.ActiveCfg = Release|Win32
		{E4E14960-A4AD-4B7A-8471-8091D58C11F3}.Release|Mixed Platforms.ActiveCfg = Release|Win32
		{E4E14960-A4AD-4B7A-8471-8091D58C11F3}.Release|Mixed Platforms.Build.0 = Release|Win32
		{E4E14960-A4AD-4B7A-8471-8091D58C11F3}.Release|Win32.ActiveCfg = Release|Win32
		{E4E14960-A4AD-4B7A-8471-8091D58C11F3}.Release|Win32.Build.0 = Release|Win32
		{E4E14960-A4AD-4B7A-8471-8091D58C11F3}.SSL-Debug|Any CPU.ActiveCfg = Debug|Win32
		{E4E14960-A4AD-4B7A-8471-8091D58C11F3}.SSL-Debug|Mixed Platforms.ActiveCfg = Debug|Win32
		{E4E14960-A4AD-4B7A-8471-8091D58C11F3}.SSL-Debug|Mixed Platforms.Build.0 = Debug|Win32
		{E4E14960-A4AD-4B7A-8471-8091D58C11F3}.SSL-Debug|Win32.ActiveCfg = Debug|Win32
		{E4E14960-A4AD-4B7A-8471-8091D58C11F3}.SSL-Debug|Win32.Build.0 = Debug|Win32
		{E4E14960-A4AD-4B7A-8471-8091D58C11F3}.SSL-Release|Any CPU.ActiveCfg = Release|Win32
		{E4E14960-A4AD-4B7A-8471-8091D58C11F3}.SSL-Release|Mixed Platforms.ActiveCfg = Release|Win32
		{E4E14960-A4AD-4B7A-8471-8091D58C11F3}.SSL-Release|Mixed Platforms.Build.0 = Release|Win32
		{E4E14960-A4AD-4B7A-8471-8091D58C11F3}.SSL-Release|Win32.ActiveCfg = Release|Win32
		{E4E14960-A4AD-4B7A-8471-8091D58C11F3}.SSL-Release|Win32.Build.0 = Release|Win32
		{B8BD6143-BA5B-47DF-B9BB-991F5F6736A6}.Debug Dll|Any CPU.ActiveCfg = Debug|Win32
		{B8BD6143-BA5B-47DF-B9BB-991F5F6736A6}.Debug Dll|Mixed Platforms.ActiveCfg = Debug|Win32
		{B8BD6143-BA5B-47DF-B9BB-991F5F6736A6}.Debug Dll|Mixed Platforms.Build.0 = Debug|Win32
		{B8BD6143-BA5B-47DF-B9BB-991F5F6736A6}.Debug Dll|Win32.ActiveCfg = Debug|Win32
		{B8BD6143-BA5B-47DF-B9BB-991F5F6736A6}.Debug Dll|Win32.Build.0 = Debug|Win32
		{B8BD6143-BA5B-47DF-B9BB-991F5F6736A6}.Debug|Any CPU.ActiveCfg = Debug|Win32
		{B8BD6143-BA5B-47DF-B9BB-991F5F6736A6}.Debug|Mixed Platforms.ActiveCfg = Debug|Win32
		{B8BD6143-BA5B-47DF-B9BB-991F5F6736A6}.Debug|Mixed Platforms.Build.0 = Debug|Win32
		{B8BD6143-BA5B-47DF-B9BB-991F5F6736A6}.Debug|Win32.ActiveCfg = Debug|Win32
		{B8BD6143-BA5B-47DF-B9BB-991F5F6736A6}.Debug|Win32.Build.0 = Debug|Win32
		{B8BD6143-BA5B-47DF-B9BB-991F5F6736A6}.Release Dll|Any CPU.ActiveCfg = Release|Win32
		{B8BD6143-BA5B-47DF-B9BB-991F5F6736A6}.Release Dll|Mixed Platforms.ActiveCfg = Release|Win32
		{B8BD6143-BA5B-47DF-B9BB-991F5F6736A6}.Release Dll|Mixed Platforms.Build.0 = Release|Win32
		{B8BD6143-BA5B-47DF-B9BB-991F5F6736A6}.Release Dll|Win32.ActiveCfg = Release|Win32
		{B8BD6143-BA5B-47DF-B9BB-991F5F6736A6}.Release Dll|Win32.Build.0 = Release|Win32
		{B8BD6143-BA5B-47DF-B9BB-991F5F6736A6}.Release|Any CPU.ActiveCfg = Release|Win32
		{B8BD6143-BA5B-47DF-B9BB-991F5F6736A6}.Release|Mixed Platforms.ActiveCfg = Release|Win32
		{B8BD6143-BA5B-47DF-B9BB-991F5F6736A6}.Release|Mixed Platforms.Build.0 = Release|Win32
		{B8BD6143-BA5B-47DF-B9BB-991F5F6736A6}.Release|Win32.ActiveCfg = Release|Win32
		{B8BD6143-BA5B-47DF-B9BB-991F5F6736A6}.Release|Win32.Build.0 = Release|Win32
		{B8BD6143-BA5B-47DF-B9BB-991F5F6736A6}.SSL-Debug|Any CPU.ActiveCfg = Debug|Win32
		{B8BD6143-BA5B-47DF-B9BB-991F5F6736A6}.SSL-Debug|Mixed Platforms.ActiveCfg = Debug|Win32
		{B8BD6143-BA5B-47DF-B9BB-991F5F6736A6}.SSL-Debug|Mixed Platforms.Build.0 = Debug|Win32
		{B8BD6143-BA5B-47DF-B9BB-991F5F6736A6}.SSL-Debug|Win32.ActiveCfg = Debug|Win32
		{B8BD6143-BA5B-47DF-B9BB-991F5F6736A6}.SSL-Debug|Win32.Build.0 = Debug|Win32
		{B8BD6143-BA5B-47DF-B9BB-991F5F6736A6}.SSL-Release|Any CPU.ActiveCfg = Release|Win32
		{B8BD6143-BA5B-47DF-B9BB-991F5F6736A6}.SSL-Release|Mixed Platforms.ActiveCfg = Release|Win32
		{B8BD6143-BA5B-47DF-B9BB-991F5F6736A6}.SSL-Release|Mixed Platforms.Build.0 = Release|Win32
		{B8BD6143-BA5B-47DF-B9BB-991F5F6736A6}.SSL-Release|Win32.ActiveCfg = Release|Win32
		{B8BD6143-BA5B-47DF-B9BB-991F5F6736A6}.SSL-Release|Win32.Build.0 = Release|Win32
		{C12E46E4-4644-440E-B2EA-FA1DFED232DB}.Debug Dll|Any CPU.ActiveCfg = Debug|Win32
		{C12E46E4-4644-440E-B2EA-FA1DFED232DB}.Debug Dll|Mixed Platforms.ActiveCfg = Debug|Win32
		{C12E46E4-4644-440E-B2EA-FA1DFED232DB}.Debug Dll|Mixed Platforms.Build.0 = Debug|Win32
		{C12E46E4-4644-440E-B2EA-FA1DFED232DB}.Debug Dll|Win32.ActiveCfg = Debug|Win32
		{C12E46E4-4644-440E-B2EA-FA1DFED232DB}.Debug Dll|Win32.Build.0 = Debug|Win32
		{C12E46E4-4644-440E-B2EA-FA1DFED232DB}.Debug|Any CPU.ActiveCfg = Debug|Win32
		{C12E46E4-4644-440E-B2EA-FA1DFED232DB}.Debug|Mixed Platforms.ActiveCfg = Debug|Win32
		{C12E46E4-4644-440E-B2EA-FA1DFED232DB}.Debug|Mixed Platforms.Build.0 = Debug|Win32
		{C12E46E4-4644-440E-B2EA-FA1DFED232DB}.Debug|Win32.ActiveCfg = Debug|Win32
		{C12E46E4-4644-440E-B2EA-FA1DFED232DB}.Debug|Win32.Build.0 = Debug|Win32
		{C12E46E4-4644-440E-B2EA-FA1DFED232DB}.Release Dll|Any CPU.ActiveCfg = Release|Win32
		{C12E46E4-4644-440E-B2EA-FA1DFED232DB}.Release Dll|Mixed Platforms.ActiveCfg = Release|Win32
		{C12E46E4-4644-440E-B2EA-FA1DFED232DB}.Release Dll|Mixed Platforms.Build.0 = Release|Win32
		{C12E46E4-4644-440E-B2EA-FA1DFED232DB}.Release Dll|Win32.ActiveCfg = Release|Win32
		{C12E46E4-4644-440E-B2EA-FA1DFED232DB}.Release Dll|Win32.Build.0 = Release|Win32
		{C12E46E4-4644-440E-B2EA-FA1DFED232DB}.Release|Any CPU.ActiveCfg = Release|Win32
		{C12E46E4-4644-440E-B2EA-FA1DFED232DB}.Release|Mixed Platforms.ActiveCfg = Release|Win32
		{C12E46E4-4644-440E-B2EA-FA1DFED232DB}.Release|Mixed Platforms.Build.0 = Release|Win32
		{C12E46E4-4644-440E-B2EA-FA1DFED232DB}.Release|Win32.ActiveCfg = Release|Win32
		{C12E46E4-4644-440E-B2EA-FA1DFED232DB}.Release|Win32.Build.0 = Release|Win32
		{C12E46E4-4644-440E-B2EA-FA1DFED232DB}.SSL-Debug|Any CPU.ActiveCfg = Debug|Win32
		{C12E46E4-4644-440E-B2EA-FA1DFED232DB}.SSL-Debug|Mixed Platforms.ActiveCfg = Debug|Win32
		{C12E46E4-4644-440E-B2EA-FA1DFED232DB}.SSL-Debug|Mixed Platforms.Build.0 = Debug|Win32
		{C12E46E4-4644-440E-B2EA-FA1DFED232DB}.SSL-Debug|Win32.ActiveCfg = Debug|Win32
		{C12E46E4-4644-440E-B2EA-FA1DFED232DB}.SSL-Debug|Win32.Build.0 = Debug|Win32
		{C12E46E4-4644-440E-B2EA-FA1DFED232DB}.SSL-Release|Any CPU.ActiveCfg = Release|Win32
		{C12E46E4-4644-440E-B2EA-FA1DFED232DB}.SSL-Release|Mixed Platforms.ActiveCfg = Release|Win32
		{C12E46E4-4644-440E-B2EA-FA1DFED232DB}.SSL-Release|Mixed Platforms.Build.0 = Release|Win32
		{C12E46E4-4644-440E-B2EA-FA1DFED232DB}.SSL-Release|Win32.ActiveCfg = Release|Win32
		{C12E46E4-4644-440E-B2EA-FA1DFED232DB}.SSL-Release|Win32.Build.0 = Release|Win32
		{F33140DB-D0F8-4F45-88C2-1BCA63C21B42}.Debug Dll|Any CPU.ActiveCfg = Debug|Win32
		{F33140DB-D0F8-4F45-88C2-1BCA63C21B42}.Debug Dll|Mixed Platforms.ActiveCfg = Debug|Win32
		{F33140DB-D0F8-4F45-88C2-1BCA63C21B42}.Debug Dll|Mixed Platforms.Build.0 = Debug|Win32
		{F33140DB-D0F8-4F45-88C2-1BCA63C21B42}.Debug Dll|Win32.ActiveCfg = Debug|Win32
		{F33140DB-D0F8-4F45-88C2-1BCA63C21B42}.Debug Dll|Win32.Build.0 = Debug|Win32
		{F33140DB-D0F8-4F45-88C2-1BCA63C21B42}.Debug|Any CPU.ActiveCfg = Debug|Win32
		{F33140DB-D0F8-4F45-88C2-1BCA63C21B42}.Debug|Mixed Platforms.ActiveCfg = Debug|Win32
		{F33140DB-D0F8-4F45-88C2-1BCA63C21B42}.Debug|Mixed Platforms.Build.0 = Debug|Win32
		{F33140DB-D0F8-4F45-88C2-1BCA63C21B42}.Debug|Win32.ActiveCfg = Debug|Win32
		{F33140DB-D0F8-4F45-88C2-1BCA63C21B42}.Debug|Win32.Build.0 = Debug|Win32
		{F33140DB-D0F8-4F45-88C2-1BCA63C21B42}.Release Dll|Any CPU.ActiveCfg = Release|Win32
		{F33140DB-D0F8-4F45-88C2-1BCA63C21B42}.Release Dll|Mixed Platforms.ActiveCfg = Release|Win32
		{F33140DB-D0F8-4F45-88C2-1BCA63C21B42}.Release Dll|Mixed Platforms.Build.0 = Release|Win32
		{F33140DB-D0F8-4F45-88C2-1BCA63C21B42}.Release Dll|Win32.ActiveCfg = Release|Win32
		{F33140DB-D0F8-4F45-88C2-1BCA63C21B42}.Release Dll|Win32.Build.0 = Release|Win32
		{F33140DB-D0F8-4F45-88C2-1BCA63C21B42}.Release|Any CPU.ActiveCfg = Release|Win32
		{F33140DB-D0F8-4F45-88C2-1BCA63C21B42}.Release|Mixed Platforms.ActiveCfg = Release|Win32
		{F33140DB-D0F8-4F45-88C2-1BCA63C21B42}.Release|Mixed Platforms.Build.0 = Release|Win32
		{F33140DB-D0F8-4F45-88C2-1BCA63C21B42}.Release|Win32.ActiveCfg = Release|Win32
		{F33140DB-D0F8-4F45-88C2-1BCA63C21B42}.Release|Win32.Build.0 = Release|Win32
		{F33140DB-D0F8-4F45-88C2-1BCA63C21B42}.SSL-Debug|Any CPU.ActiveCfg = Debug|Win32
		{F33140DB-D0F8-4F45-88C2-1BCA63C21B42}.SSL-Debug|Mixed Platforms.ActiveCfg = Debug|Win32
		{F33140DB-D0F8-4F45-88C2-1BCA63C21B42}.SSL-Debug|Mixed Platforms.Build.0 = Debug|Win32
		{F33140DB-D0F8-4F45-88C2-1BCA63C21B42}.SSL-Debug|Win32.ActiveCfg = Debug|Win32
		{F33140DB-D0F8-4F45-88C2-1BCA63C21B42}.SSL-Debug|Win32.Build.0 = Debug|Win32
		{F33140DB-D0F8-4F45-88C2-1BCA63C21B42}.SSL-Release|Any CPU.ActiveCfg = Release|Win32
		{F33140DB-D0F8-4F45-88C2-1BCA63C21B42}.SSL-Release|Mixed Platforms.ActiveCfg = Release|Win32
		{F33140DB-D0F8-4F45-88C2-1BCA63C21B42}.SSL-Release|Mixed Platforms.Build.0 = Release|Win32
		{F33140DB-D0F8-4F45-88C2-1BCA63C21B42}.SSL-Release|Win32.ActiveCfg = Release|Win32
		{F33140DB-D0F8-4F45-88C2-1BCA63C21B42}.SSL-Release|Win32.Build.0 = Release|Win32
		{2A8BE839-6466-4001-B224-8F1C3168D04A}.Debug Dll|Any CPU.ActiveCfg = Debug|Win32
		{2A8BE839-6466-4001-B224-8F1C3168D04A}.Debug Dll|Mixed Platforms.ActiveCfg = Debug|Win32
		{2A8BE839-6466-4001-B224-8F1C3168D04A}.Debug Dll|Mixed Platforms.Build.0 = Debug|Win32
		{2A8BE839-6466-4001-B224-8F1C3168D04A}.Debug Dll|Win32.ActiveCfg = Debug|Win32
		{2A8BE839-6466-4001-B224-8F1C3168D04A}.Debug Dll|Win32.Build.0 = Debug|Win32
		{2A8BE839-6466-4001-B224-8F1C3168D04A}.Debug|Any CPU.ActiveCfg = Debug|Win32
		{2A8BE839-6466-4001-B224-8F1C3168D04A}.Debug|Mixed Platforms.ActiveCfg = Debug|Win32
		{2A8BE839-6466-4001-B224-8F1C3168D04A}.Debug|Mixed Platforms.Build.0 = Debug|Win32
		{2A8BE839-6466-4001-B224-8F1C3168D04A}.Debug|Win32.ActiveCfg = Debug|Win32
		{2A8BE839-6466-4001-B224-8F1C3168D04A}.Debug|Win32.Build.0 = Debug|Win32
		{2A8BE839-6466-4001-B224-8F1C3168D04A}.Release Dll|Any CPU.ActiveCfg = Release|Win32
		{2A8BE839-6466-4001-B224-8F1C3168D04A}.Release Dll|Mixed Platforms.ActiveCfg = Release|Win32
		{2A8BE839-6466-4001-B224-8F1C3168D04A}.Release Dll|Mixed Platforms.Build.0 = Release|Win32
		{2A8BE839-6466-4001-B224-8F1C3168D04A}.Release Dll|Win32.ActiveCfg = Release|Win32
		{2A8BE839-6466-4001-B224-8F1C3168D04A}.Release Dll|Win32.Build.0 = Release|Win32
		{2A8BE839-6466-4001-B224-8F1C3168D04A}.Release|Any CPU.ActiveCfg = Release|Win32
		{2A8BE839-6466-4001-B224-8F1C3168D04A}.Release|Mixed Platforms.ActiveCfg = Release|Win32
		{2A8BE839-6466-4001-B224-8F1C3168D04A}.Release|Mixed Platforms.Build.0 = Release|Win32
		{2A8BE839-6466-4001-B224-8F1C3168D04A}.Release|Win32.ActiveCfg = Release|Win32
		{2A8BE839-6466-4001-B224-8F1C3168D04A}.Release|Win32.Build.0 = Release|Win32
		{2A8BE839-6466-4001-B224-8F1C3168D04A}.SSL-Debug|Any CPU.ActiveCfg = SSL-Debug|Win32
		{2A8BE839-6466-4001-B224-8F1C3168D04A}.SSL-Debug|Mixed Platforms.ActiveCfg = SSL-Debug|Win32
		{2A8BE839-6466-4001-B224-8F1C3168D04A}.SSL-Debug|Mixed Platforms.Build.0 = SSL-Debug|Win32
		{2A8BE839-6466-4001-B224-8F1C3168D04A}.SSL-Debug|Win32.ActiveCfg = SSL-Debug|Win32
		{2A8BE839-6466-4001-B224-8F1C3168D04A}.SSL-Debug|Win32.Build.0 = SSL-Debug|Win32
		{2A8BE839-6466-4001-B224-8F1C3168D04A}.SSL-Release|Any CPU.ActiveCfg = SSL-Release|Win32
		{2A8BE839-6466-4001-B224-8F1C3168D04A}.SSL-Release|Mixed Platforms.ActiveCfg = SSL-Release|Win32
		{2A8BE839-6466-4001-B224-8F1C3168D04A}.SSL-Release|Mixed Platforms.Build.0 = SSL-Release|Win32
		{2A8BE839-6466-4001-B224-8F1C3168D04A}.SSL-Release|Win32.ActiveCfg = SSL-Release|Win32
		{2A8BE839-6466-4001-B224-8F1C3168D04A}.SSL-Release|Win32.Build.0 = SSL-Release|Win32
		{BE262A86-CC26-4B25-A877-883ED2688CEC}.Debug Dll|Any CPU.ActiveCfg = Debug|Win32
		{BE262A86-CC26-4B25-A877-883ED2688CEC}.Debug Dll|Mixed Platforms.ActiveCfg = Debug|Win32
		{BE262A86-CC26-4B25-A877-883ED2688CEC}.Debug Dll|Mixed Platforms.Build.0 = Debug|Win32
		{BE262A86-CC26-4B25-A877-883ED2688CEC}.Debug Dll|Win32.ActiveCfg = Debug|Win32
		{BE262A86-CC26-4B25-A877-883ED2688CEC}.Debug Dll|Win32.Build.0 = Debug|Win32
		{BE262A86-CC26-4B25-A877-883ED2688CEC}.Debug|Any CPU.ActiveCfg = Debug|Win32
		{BE262A86-CC26-4B25-A877-883ED2688CEC}.Debug|Mixed Platforms.ActiveCfg = Debug|Win32
		{BE262A86-CC26-4B25-A877-883ED2688CEC}.Debug|Mixed Platforms.Build.0 = Debug|Win32
		{BE262A86-CC26-4B25-A877-883ED2688CEC}.Debug|Win32.ActiveCfg = Debug|Win32
		{BE262A86-CC26-4B25-A877-883ED2688CEC}.Debug|Win32.Build.0 = Debug|Win32
		{BE262A86-CC26-4B25-A877-883ED2688CEC}.Release Dll|Any CPU.ActiveCfg = Release|Win32
		{BE262A86-CC26-4B25-A877-883ED2688CEC}.Release Dll|Mixed Platforms.ActiveCfg = Release|Win32
		{BE262A86-CC26-4B25-A877-883ED2688CEC}.Release Dll|Mixed Platforms.Build.0 = Release|Win32
		{BE262A86-CC26-4B25-A877-883ED2688CEC}.Release Dll|Win32.ActiveCfg = Release|Win32
		{BE262A86-CC26-4B25-A877-883ED2688CEC}.Release Dll|Win32.Build.0 = Release|Win32
		{BE262A86-CC26-4B25-A877-883ED2688CEC}.Release|Any CPU.ActiveCfg = Release|Win32
		{BE262A86-CC26-4B25-A877-883ED2688CEC}.Release|Mixed Platforms.ActiveCfg = Release|Win32
		{BE262A86-CC26-4B25-A877-883ED2688CEC}.Release|Mixed Platforms.Build.0 = Release|Win32
		{BE262A86-CC26-4B25-A877-883ED2688CEC}.Release|Win32.ActiveCfg = Release|Win32
		{BE262A86-CC26-4B25-A877-883ED2688CEC}.Release|Win32.Build.0 = Release|Win32
		{BE262A86-CC26-4B25-A877-883ED2688CEC}.SSL-Debug|Any CPU.ActiveCfg = Debug|Win32
		{BE262A86-CC26-4B25-A877-883ED2688CEC}.SSL-Debug|Mixed Platforms.ActiveCfg = Debug|Win32
		{BE262A86-CC26-4B25-A877-883ED2688CEC}.SSL-Debug|Mixed Platforms.Build.0 = Debug|Win32
		{BE262A86-CC26-4B25-A877-883ED2688CEC}.SSL-Debug|Win32.ActiveCfg = Debug|Win32
		{BE262A86-CC26-4B25-A877-883ED2688CEC}.SSL-Debug|Win32.Build.0 = Debug|Win32
		{BE262A86-CC26-4B25-A877-883ED2688CEC}.SSL-Release|Any CPU.ActiveCfg = Release|Win32
		{BE262A86-CC26-4B25-A877-883ED2688CEC}.SSL-Release|Mixed Platforms.ActiveCfg = Release|Win32
		{BE262A86-CC26-4B25-A877-883ED2688CEC}.SSL-Release|Mixed Platforms.Build.0 = Release|Win32
		{BE262A86-CC26-4B25-A877-883ED2688CEC}.SSL-Release|Win32.ActiveCfg = Release|Win32
		{BE262A86-CC26-4B25-A877-883ED2688CEC}.SSL-Release|Win32.Build.0 = Release|Win32
		{4B1955C8-5DD8-4652-BB5F-E2C8A684CDE5}.Debug Dll|Any CPU.ActiveCfg = Debug|Win32
		{4B1955C8-5DD8-4652-BB5F-E2C8A684CDE5}.Debug Dll|Mixed Platforms.ActiveCfg = Debug|Win32
		{4B1955C8-5DD8-4652-BB5F-E2C8A684CDE5}.Debug Dll|Mixed Platforms.Build.0 = Debug|Win32
		{4B1955C8-5DD8-4652-BB5F-E2C8A684CDE5}.Debug Dll|Win32.ActiveCfg = Debug|Win32
		{4B1955C8-5DD8-4652-BB5F-E2C8A684CDE5}.Debug Dll|Win32.Build.0 = Debug|Win32
		{4B1955C8-5DD8-4652-BB5F-E2C8A684CDE5}.Debug|Any CPU.ActiveCfg = Debug|Win32
		{4B1955C8-5DD8-4652-BB5F-E2C8A684CDE5}.Debug|Mixed Platforms.ActiveCfg = Debug|Win32
		{4B1955C8-5DD8-4652-BB5F-E2C8A684CDE5}.Debug|Mixed Platforms.Build.0 = Debug|Win32
		{4B1955C8-5DD8-4652-BB5F-E2C8A684CDE5}.Debug|Win32.ActiveCfg = Debug|Win32
		{4B1955C8-5DD8-4652-BB5F-E2C8A684CDE5}.Debug|Win32.Build.0 = Debug|Win32
		{4B1955C8-5DD8-4652-BB5F-E2C8A684CDE5}.Release Dll|Any CPU.ActiveCfg = Release|Win32
		{4B1955C8-5DD8-4652-BB5F-E2C8A684CDE5}.Release Dll|Mixed Platforms.ActiveCfg = Release|Win32
		{4B1955C8-5DD8-4652-BB5F-E2C8A684CDE5}.Release Dll|Mixed Platforms.Build.0 = Release|Win32
		{4B1955C8-5DD8-4652-BB5F-E2C8A684CDE5}.Release Dll|Win32.ActiveCfg = Release|Win32
		{4B1955C8-5DD8-4652-BB5F-E2C8A684CDE5}.Release Dll|Win32.Build.0 = Release|Win32
		{4B1955C8-5DD8-4652-BB5F-E2C8A684CDE5}.Release|Any CPU.ActiveCfg = Release|Win32
		{4B1955C8-5DD8-4652-BB5F-E2C8A684CDE5}.Release|Mixed Platforms.ActiveCfg = Release|Win32
		{4B1955C8-5DD8-4652-BB5F-E2C8A684CDE5}.Release|Mixed Platforms.Build.0 = Release|Win32
		{4B1955C8-5DD8-4652-BB5F-E2C8A684CDE5}.Release|Win32.ActiveCfg = Release|Win32
		{4B1955C8-5DD8-4652-BB5F-E2C8A684CDE5}.Release|Win32.Build.0 = Release|Win32
		{4B1955C8-5DD8-4652-BB5F-E2C8A684CDE5}.SSL-Debug|Any CPU.ActiveCfg = Debug|Win32
		{4B1955C8-5DD8-4652-BB5F-E2C8A684CDE5}.SSL-Debug|Mixed Platforms.ActiveCfg = Debug|Win32
		{4B1955C8-5DD8-4652-BB5F-E2C8A684CDE5}.SSL-Debug|Mixed Platforms.Build.0 = Debug|Win32
		{4B1955C8-5DD8-4652-BB5F-E2C8A684CDE5}.SSL-Debug|Win32.ActiveCfg = Debug|Win32
		{4B1955C8-5DD8-4652-BB5F-E2C8A684CDE5}.SSL-Debug|Win32.Build.0 = Debug|Win32
		{4B1955C8-5DD8-4652-BB5F-E2C8A684CDE5}.SSL-Release|Any CPU.ActiveCfg = Release|Win32
		{4B1955C8-5DD8-4652-BB5F-E2C8A684CDE5}.SSL-Release|Mixed Platforms.ActiveCfg = Release|Win32
		{4B1955C8-5DD8-4652-BB5F-E2C8A684CDE5}.SSL-Release|Mixed Platforms.Build.0 = Release|Win32
		{4B1955C8-5DD8-4652-BB5F-E2C8A684CDE5}.SSL-Release|Win32.ActiveCfg = Release|Win32
		{4B1955C8-5DD8-4652-BB5F-E2C8A684CDE5}.SSL-Release|Win32.Build.0 = Release|Win32
		{96A714AE-BE53-4EFF-8569-C3809AD4F3B6}.Debug Dll|Any CPU.ActiveCfg = Debug|Win32
		{96A714AE-BE53-4EFF-8569-C3809AD4F3B6}.Debug Dll|Mixed Platforms.ActiveCfg = Debug|Win32
		{96A714AE-BE53-4EFF-8569-C3809AD4F3B6}.Debug Dll|Mixed Platforms.Build.0 = Debug|Win32
		{96A714AE-BE53-4EFF-8569-C3809AD4F3B6}.Debug Dll|Win32.ActiveCfg = Debug|Win32
		{96A714AE-BE53-4EFF-8569-C3809AD4F3B6}.Debug Dll|Win32.Build.0 = Debug|Win32
		{96A714AE-BE53-4EFF-8569-C3809AD4F3B6}.Debug|Any CPU.ActiveCfg = Debug|Win32
		{96A714AE-BE53-4EFF-8569-C3809AD4F3B6}.Debug|Mixed Platforms.ActiveCfg = Debug|Win32
		{96A714AE-BE53-4EFF-8569-C3809AD4F3B6}.Debug|Mixed Platforms.Build.0 = Debug|Win32
		{96A714AE-BE53-4EFF-8569-C3809AD4F3B6}.Debug|Win32.ActiveCfg = Debug|Win32
		{96A714AE-BE53-4EFF-8569-C3809AD4F3B6}.Debug|Win32.Build.0 = Debug|Win32
		{96A714AE-BE53-4EFF-8569-C3809AD4F3B6}.Release Dll|Any CPU.ActiveCfg = Release|Win32
		{96A714AE-BE53-4EFF-8569-C3809AD4F3B6}.Release Dll|Mixed Platforms.ActiveCfg = Release|Win32
		{96A714AE-BE53-4EFF-8569-C3809AD4F3B6}.Release Dll|Mixed Platforms.Build.0 = Release|Win32
		{96A714AE-BE53-4EFF-8569-C3809AD4F3B6}.Release Dll|Win32.ActiveCfg = Release|Win32
		{96A714AE-BE53-4EFF-8569-C3809AD4F3B6}.Release Dll|Win32.Build.0 = Release|Win32
		{96A714AE-BE53-4EFF-8569-C3809AD4F3B6}.Release|Any CPU.ActiveCfg = Release|Win32
		{96A714AE-BE53-4EFF-8569-C3809AD4F3B6}.Release|Mixed Platforms.ActiveCfg = Release|Win32
		{96A714AE-BE53-4EFF-8569-C3809AD4F3B6}.Release|Mixed Platforms.Build.0 = Release|Win32
		{96A714AE-BE53-4EFF-8569-C3809AD4F3B6}.Release|Win32.ActiveCfg = Release|Win32
		{96A714AE-BE53-4EFF-8569-C3809AD4F3B6}.Release|Win32.Build.0 = Release|Win32
		{96A714AE-BE53-4EFF-8569-C3809AD4F3B6}.SSL-Debug|Any CPU.ActiveCfg = Debug|Win32
		{96A714AE-BE53-4EFF-8569-C3809AD4F3B6}.SSL-Debug|Mixed Platforms.ActiveCfg = Debug|Win32
		{96A714AE-BE53-4EFF-8569-C3809AD4F3B6}.SSL-Debug|Mixed Platforms.Build.0 = Debug|Win32
		{96A714AE-BE53-4EFF-8569-C3809AD4F3B6}.SSL-Debug|Win32.ActiveCfg = Debug|Win32
		{96A714AE-BE53-4EFF-8569-C3809AD4F3B6}.SSL-Debug|Win32.Build.0 = Debug|Win32
		{96A714AE-BE53-4EFF-8569-C3809AD4F3B6}.SSL-Release|Any CPU.ActiveCfg = Release|Win32
		{96A714AE-BE53-4EFF-8569-C3809AD4F3B6}.SSL-Release|Mixed Platforms.ActiveCfg = Release|Win32
		{96A714AE-BE53-4EFF-8569-C3809AD4F3B6}.SSL-Release|Mixed Platforms.Build.0 = Release|Win32
		{96A714AE-BE53-4EFF-8569-C3809AD4F3B6}.SSL-Release|Win32.ActiveCfg = Release|Win32
		{96A714AE-BE53-4EFF-8569-C3809AD4F3B6}.SSL-Release|Win32.Build.0 = Release|Win32
		{CE7CF5E0-CAD1-49D6-95D1-143DED7B226E}.Debug Dll|Any CPU.ActiveCfg = Debug|Win32
		{CE7CF5E0-CAD1-49D6-95D1-143DED7B226E}.Debug Dll|Mixed Platforms.ActiveCfg = Debug|Win32
		{CE7CF5E0-CAD1-49D6-95D1-143DED7B226E}.Debug Dll|Mixed Platforms.Build.0 = Debug|Win32
		{CE7CF5E0-CAD1-49D6-95D1-143DED7B226E}.Debug Dll|Win32.ActiveCfg = Debug|Win32
		{CE7CF5E0-CAD1-49D6-95D1-143DED7B226E}.Debug Dll|Win32.Build.0 = Debug|Win32
		{CE7CF5E0-CAD1-49D6-95D1-143DED7B226E}.Debug|Any CPU.ActiveCfg = Debug|Win32
		{CE7CF5E0-CAD1-49D6-95D1-143DED7B226E}.Debug|Mixed Platforms.ActiveCfg = Debug|Win32
		{CE7CF5E0-CAD1-49D6-95D1-143DED7B226E}.Debug|Mixed Platforms.Build.0 = Debug|Win32
		{CE7CF5E0-CAD1-49D6-95D1-143DED7B226E}.Debug|Win32.ActiveCfg = Debug|Win32
		{CE7CF5E0-CAD1-49D6-95D1-143DED7B226E}.Debug|Win32.Build.0 = Debug|Win32
		{CE7CF5E0-CAD1-49D6-95D1-143DED7B226E}.Release Dll|Any CPU.ActiveCfg = Release|Win32
		{CE7CF5E0-CAD1-49D6-95D1-143DED7B226E}.Release Dll|Mixed Platforms.ActiveCfg = Release|Win32
		{CE7CF5E0-CAD1-49D6-95D1-143DED7B226E}.Release Dll|Mixed Platforms.Build.0 = Release|Win32
		{CE7CF5E0-CAD1-49D6-95D1-143DED7B226E}.Release Dll|Win32.ActiveCfg = Release|Win32
		{CE7CF5E0-CAD1-49D6-95D1-143DED7B226E}.Release Dll|Win32.Build.0 = Release|Win32
		{CE7CF5E0-CAD1-49D6-95D1-143DED7B226E}.Release|Any CPU.ActiveCfg = Release|Win32
		{CE7CF5E0-CAD1-49D6-95D1-143DED7B226E}.Release|Mixed Platforms.ActiveCfg = Release|Win32
		{CE7CF5E0-CAD1-49D6-95D1-143DED7B226E}.Release|Mixed Platforms.Build.0 = Release|Win32
		{CE7CF5E0-CAD1-49D6-95D1-143DED7B226E}.Release|Win32.ActiveCfg = Release|Win32
		{CE7CF5E0-CAD1-49D6-95D1-143DED7B226E}.Release|Win32.Build.0 = Release|Win32
		{CE7CF5E0-CAD1-49D6-95D1-143DED7B226E}.SSL-Debug|Any CPU.ActiveCfg = Debug|Win32
		{CE7CF5E0-CAD1-49D6-95D1-143DED7B226E}.SSL-Debug|Mixed Platforms.ActiveCfg = Debug|Win32
		{CE7CF5E0-CAD1-49D6-95D1-143DED7B226E}.SSL-Debug|Mixed Platforms.Build.0 = Debug|Win32
		{CE7CF5E0-CAD1-49D6-95D1-143DED7B226E}.SSL-Debug|Win32.ActiveCfg = Debug|Win32
		{CE7CF5E0-CAD1-49D6-95D1-143DED7B226E}.SSL-Debug|Win32.Build.0 = Debug|Win32
		{CE7CF5E0-CAD1-49D6-95D1-143DED7B226E}.SSL-Release|Any CPU.ActiveCfg = Release|Win32
		{CE7CF5E0-CAD1-49D6-95D1-143DED7B226E}.SSL-Release|Mixed Platforms.ActiveCfg = Release|Win32
		{CE7CF5E0-CAD1-49D6-95D1-143DED7B226E}.SSL-Release|Mixed Platforms.Build.0 = Release|Win32
		{CE7CF5E0-CAD1-49D6-95D1-143DED7B226E}.SSL-Release|Win32.ActiveCfg = Release|Win32
		{CE7CF5E0-CAD1-49D6-95D1-143DED7B226E}.SSL-Release|Win32.Build.0 = Release|Win32
		{31B0654F-E08E-405F-909F-80F86CB14B9D}.Debug Dll|Any CPU.ActiveCfg = Debug|Win32
		{31B0654F-E08E-405F-909F-80F86CB14B9D}.Debug Dll|Mixed Platforms.ActiveCfg = Debug|Win32
		{31B0654F-E08E-405F-909F-80F86CB14B9D}.Debug Dll|Mixed Platforms.Build.0 = Debug|Win32
		{31B0654F-E08E-405F-909F-80F86CB14B9D}.Debug Dll|Win32.ActiveCfg = Debug|Win32
		{31B0654F-E08E-405F-909F-80F86CB14B9D}.Debug Dll|Win32.Build.0 = Debug|Win32
		{31B0654F-E08E-405F-909F-80F86CB14B9D}.Debug|Any CPU.ActiveCfg = Debug|Win32
		{31B0654F-E08E-405F-909F-80F86CB14B9D}.Debug|Mixed Platforms.ActiveCfg = Debug|Win32
		{31B0654F-E08E-405F-909F-80F86CB14B9D}.Debug|Mixed Platforms.Build.0 = Debug|Win32
		{31B0654F-E08E-405F-909F-80F86CB14B9D}.Debug|Win32.ActiveCfg = Debug|Win32
		{31B0654F-E08E-405F-909F-80F86CB14B9D}.Debug|Win32.Build.0 = Debug|Win32
		{31B0654F-E08E-405F-909F-80F86CB14B9D}.Release Dll|Any CPU.ActiveCfg = Release|Win32
		{31B0654F-E08E-405F-909F-80F86CB14B9D}.Release Dll|Mixed Platforms.ActiveCfg = Release|Win32
		{31B0654F-E08E-405F-909F-80F86CB14B9D}.Release Dll|Mixed Platforms.Build.0 = Release|Win32
		{31B0654F-E08E-405F-909F-80F86CB14B9D}.Release Dll|Win32.ActiveCfg = Release|Win32
		{31B0654F-E08E-405F-909F-80F86CB14B9D}.Release Dll|Win32.Build.0 = Release|Win32
		{31B0654F-E08E-405F-909F-80F86CB14B9D}.Release|Any CPU.ActiveCfg = Release|Win32
		{31B0654F-E08E-405F-909F-80F86CB14B9D}.Release|Mixed Platforms.ActiveCfg = Release|Win32
		{31B0654F-E08E-405F-909F-80F86CB14B9D}.Release|Mixed Platforms.Build.0 = Release|Win32
		{31B0654F-E08E-405F-909F-80F86CB14B9D}.Release|Win32.ActiveCfg = Release|Win32
		{31B0654F-E08E-405F-909F-80F86CB14B9D}.Release|Win32.Build.0 = Release|Win32
		{31B0654F-E08E-405F-909F-80F86CB14B9D}.SSL-Debug|Any CPU.ActiveCfg = SSL-Debug|Win32
		{31B0654F-E08E-405F-909F-80F86CB14B9D}.SSL-Debug|Mixed Platforms.ActiveCfg = SSL-Debug|Win32
		{31B0654F-E08E-405F-909F-80F86CB14B9D}.SSL-Debug|Mixed Platforms.Build.0 = SSL-Debug|Win32
		{31B0654F-E08E-405F-909F-80F86CB14B9D}.SSL-Debug|Win32.ActiveCfg = SSL-Debug|Win32
		{31B0654F-E08E-405F-909F-80F86CB14B9D}.SSL-Debug|Win32.Build.0 = SSL-Debug|Win32
		{31B0654F-E08E-405F-909F-80F86CB14B9D}.SSL-Release|Any CPU.ActiveCfg = SSL-Release|Win32
		{31B0654F-E08E-405F-909F-80F86CB14B9D}.SSL-Release|Mixed Platforms.ActiveCfg = SSL-Release|Win32
		{31B0654F-E08E-405F-909F-80F86CB14B9D}.SSL-Release|Mixed Platforms.Build.0 = SSL-Release|Win32
		{31B0654F-E08E-405F-909F-80F86CB14B9D}.SSL-Release|Win32.ActiveCfg = SSL-Release|Win32
		{31B0654F-E08E-405F-909F-80F86CB14B9D}.SSL-Release|Win32.Build.0 = SSL-Release|Win32
		{9E5A7645-1502-4467-91F8-BCF2EB06EF72}.Debug Dll|Any CPU.ActiveCfg = Debug|Win32
		{9E5A7645-1502-4467-91F8-BCF2EB06EF72}.Debug Dll|Mixed Platforms.ActiveCfg = Debug|Win32
		{9E5A7645-1502-4467-91F8-BCF2EB06EF72}.Debug Dll|Mixed Platforms.Build.0 = Debug|Win32
		{9E5A7645-1502-4467-91F8-BCF2EB06EF72}.Debug Dll|Win32.ActiveCfg = Debug|Win32
		{9E5A7645-1502-4467-91F8-BCF2EB06EF72}.Debug Dll|Win32.Build.0 = Debug|Win32
		{9E5A7645-1502-4467-91F8-BCF2EB06EF72}.Debug|Any CPU.ActiveCfg = Debug|Win32
		{9E5A7645-1502-4467-91F8-BCF2EB06EF72}.Debug|Mixed Platforms.ActiveCfg = Debug|Win32
		{9E5A7645-1502-4467-91F8-BCF2EB06EF72}.Debug|Mixed Platforms.Build.0 = Debug|Win32
		{9E5A7645-1502-4467-91F8-BCF2EB06EF72}.Debug|Win32.ActiveCfg = Debug|Win32
		{9E5A7645-1502-4467-91F8-BCF2EB06EF72}.Debug|Win32.Build.0 = Debug|Win32
		{9E5A7645-1502-4467-91F8-BCF2EB06EF72}.Release Dll|Any CPU.ActiveCfg = Release|Win32
		{9E5A7645-1502-4467-91F8-BCF2EB06EF72}.Release Dll|Mixed Platforms.ActiveCfg = Release|Win32
		{9E5A7645-1502-4467-91F8-BCF2EB06EF72}.Release Dll|Mixed Platforms.Build.0 = Release|Win32
		{9E5A7645-1502-4467-91F8-BCF2EB06EF72}.Release Dll|Win32.ActiveCfg = Release|Win32
		{9E5A7645-1502-4467-91F8-BCF2EB06EF72}.Release Dll|Win32.Build.0 = Release|Win32
		{9E5A7645-1502-4467-91F8-BCF2EB06EF72}.Release|Any CPU.ActiveCfg = Release|Win32
		{9E5A7645-1502-4467-91F8-BCF2EB06EF72}.Release|Mixed Platforms.ActiveCfg = Release|Win32
		{9E5A7645-1502-4467-91F8-BCF2EB06EF72}.Release|Mixed Platforms.Build.0 = Release|Win32
		{9E5A7645-1502-4467-91F8-BCF2EB06EF72}.Release|Win32.ActiveCfg = Release|Win32
		{9E5A7645-1502-4467-91F8-BCF2EB06EF72}.Release|Win32.Build.0 = Release|Win32
		{9E5A7645-1502-4467-91F8-BCF2EB06EF72}.SSL-Debug|Any CPU.ActiveCfg = Debug|Win32
		{9E5A7645-1502-4467-91F8-BCF2EB06EF72}.SSL-Debug|Mixed Platforms.ActiveCfg = Debug|Win32
		{9E5A7645-1502-4467-91F8-BCF2EB06EF72}.SSL-Debug|Mixed Platforms.Build.0 = Debug|Win32
		{9E5A7645-1502-4467-91F8-BCF2EB06EF72}.SSL-Debug|Win32.ActiveCfg = Debug|Win32
		{9E5A7645-1502-4467-91F8-BCF2EB06EF72}.SSL-Debug|Win32.Build.0 = Debug|Win32
		{9E5A7645-1502-4467-91F8-BCF2EB06EF72}.SSL-Release|Any CPU.ActiveCfg = Release|Win32
		{9E5A7645-1502-4467-91F8-BCF2EB06EF72}.SSL-Release|Mixed Platforms.ActiveCfg = Release|Win32
		{9E5A7645-1502-4467-91F8-BCF2EB06EF72}.SSL-Release|Mixed Platforms.Build.0 = Release|Win32
		{9E5A7645-1502-4467-91F8-BCF2EB06EF72}.SSL-Release|Win32.ActiveCfg = Release|Win32
		{9E5A7645-1502-4467-91F8-BCF2EB06EF72}.SSL-Release|Win32.Build.0 = Release|Win32
		{B933F895-8EFB-4FDD-A46D-09B8C00D1D26}.Debug Dll|Any CPU.ActiveCfg = Debug|Win32
		{B933F895-8EFB-4FDD-A46D-09B8C00D1D26}.Debug Dll|Mixed Platforms.ActiveCfg = Debug|Win32
		{B933F895-8EFB-4FDD-A46D-09B8C00D1D26}.Debug Dll|Mixed Platforms.Build.0 = Debug|Win32
		{B933F895-8EFB-4FDD-A46D-09B8C00D1D26}.Debug Dll|Win32.ActiveCfg = Debug|Win32
		{B933F895-8EFB-4FDD-A46D-09B8C00D1D26}.Debug Dll|Win32.Build.0 = Debug|Win32
		{B933F895-8EFB-4FDD-A46D-09B8C00D1D26}.Debug|Any CPU.ActiveCfg = Debug|Win32
		{B933F895-8EFB-4FDD-A46D-09B8C00D1D26}.Debug|Mixed Platforms.ActiveCfg = Debug|Win32
		{B933F895-8EFB-4FDD-A46D-09B8C00D1D26}.Debug|Mixed Platforms.Build.0 = Debug|Win32
		{B933F895-8EFB-4FDD-A46D-09B8C00D1D26}.Debug|Win32.ActiveCfg = Debug|Win32
		{B933F895-8EFB-4FDD-A46D-09B8C00D1D26}.Debug|Win32.Build.0 = Debug|Win32
		{B933F895-8EFB-4FDD-A46D-09B8C00D1D26}.Release Dll|Any CPU.ActiveCfg = Release|Win32
		{B933F895-8EFB-4FDD-A46D-09B8C00D1D26}.Release Dll|Mixed Platforms.ActiveCfg = Release|Win32
		{B933F895-8EFB-4FDD-A46D-09B8C00D1D26}.Release Dll|Mixed Platforms.Build.0 = Release|Win32
		{B933F895-8EFB-4FDD-A46D-09B8C00D1D26}.Release Dll|Win32.ActiveCfg = Release|Win32
		{B933F895-8EFB-4FDD-A46D-09B8C00D1D26}.Release Dll|Win32.Build.0 = Release|Win32
		{B933F895-8EFB-4FDD-A46D-09B8C00D1D26}.Release|Any CPU.ActiveCfg = Release|Win32
		{B933F895-8EFB-4FDD-A46D-09B8C00D1D26}.Release|Mixed Platforms.ActiveCfg = Release|Win32
		{B933F895-8EFB-4FDD-A46D-09B8C00D1D26}.Release|Mixed Platforms.Build.0 = Release|Win32
		{B933F895-8EFB-4FDD-A46D-09B8C00D1D26}.Release|Win32.ActiveCfg = Release|Win32
		{B933F895-8EFB-4FDD-A46D-09B8C00D1D26}.Release|Win32.Build.0 = Release|Win32
		{B933F895-8EFB-4FDD-A46D-09B8C00D1D26}.SSL-Debug|Any CPU.ActiveCfg = Debug|Win32
		{B933F895-8EFB-4FDD-A46D-09B8C00D1D26}.SSL-Debug|Mixed Platforms.ActiveCfg = Debug|Win32
		{B933F895-8EFB-4FDD-A46D-09B8C00D1D26}.SSL-Debug|Mixed Platforms.Build.0 = Debug|Win32
		{B933F895-8EFB-4FDD-A46D-09B8C00D1D26}.SSL-Debug|Win32.ActiveCfg = Debug|Win32
		{B933F895-8EFB-4FDD-A46D-09B8C00D1D26}.SSL-Debug|Win32.Build.0 = Debug|Win32
		{B933F895-8EFB-4FDD-A46D-09B8C00D1D26}.SSL-Release|Any CPU.ActiveCfg = Release|Win32
		{B933F895-8EFB-4FDD-A46D-09B8C00D1D26}.SSL-Release|Mixed Platforms.ActiveCfg = Release|Win32
		{B933F895-8EFB-4FDD-A46D-09B8C00D1D26}.SSL-Release|Mixed Platforms.Build.0 = Release|Win32
		{B933F895-8EFB-4FDD-A46D-09B8C00D1D26}.SSL-Release|Win32.ActiveCfg = Release|Win32
		{B933F895-8EFB-4FDD-A46D-09B8C00D1D26}.SSL-Release|Win32.Build.0 = Release|Win32
		{9D8D2649-213F-49D3-A8B0-C1849C611654}.Debug Dll|Any CPU.ActiveCfg = Debug|Win32
		{9D8D2649-213F-49D3-A8B0-C1849C611654}.Debug Dll|Mixed Platforms.ActiveCfg = Debug|Win32
		{9D8D2649-213F-49D3-A8B0-C1849C611654}.Debug Dll|Mixed Platforms.Build.0 = Debug|Win32
		{9D8D2649-213F-49D3-A8B0-C1849C611654}.Debug Dll|Win32.ActiveCfg = Debug|Win32
		{9D8D2649-213F-49D3-A8B0-C1849C611654}.Debug Dll|Win32.Build.0 = Debug|Win32
		{9D8D2649-213F-49D3-A8B0-C1849C611654}.Debug|Any CPU.ActiveCfg = Debug|Win32
		{9D8D2649-213F-49D3-A8B0-C1849C611654}.Debug|Mixed Platforms.ActiveCfg = Debug|Win32
		{9D8D2649-213F-49D3-A8B0-C1849C611654}.Debug|Mixed Platforms.Build.0 = Debug|Win32
		{9D8D2649-213F-49D3-A8B0-C1849C611654}.Debug|Win32.ActiveCfg = Debug|Win32
		{9D8D2649-213F-49D3-A8B0-C1849C611654}.Debug|Win32.Build.0 = Debug|Win32
		{9D8D2649-213F-49D3-A8B0-C1849C611654}.Release Dll|Any CPU.ActiveCfg = Release|Win32
		{9D8D2649-213F-49D3-A8B0-C1849C611654}.Release Dll|Mixed Platforms.ActiveCfg = Release|Win32
		{9D8D2649-213F-49D3-A8B0-C1849C611654}.Release Dll|Mixed Platforms.Build.0 = Release|Win32
		{9D8D2649-213F-49D3-A8B0-C1849C611654}.Release Dll|Win32.ActiveCfg = Release|Win32
		{9D8D2649-213F-49D3-A8B0-C1849C611654}.Release Dll|Win32.Build.0 = Release|Win32
		{9D8D2649-213F-49D3-A8B0-C1849C611654}.Release|Any CPU.ActiveCfg = Release|Win32
		{9D8D2649-213F-49D3-A8B0-C1849C611654}.Release|Mixed Platforms.ActiveCfg = Release|Win32
		{9D8D2649-213F-49D3-A8B0-C1849C611654}.Release|Mixed Platforms.Build.0 = Release|Win32
		{9D8D2649-213F-49D3-A8B0-C1849C611654}.Release|Win32.ActiveCfg = Release|Win32
		{9D8D2649-213F-49D3-A8B0-C1849C611654}.Release|Win32.Build.0 = Release|Win32
		{9D8D2649-213F-49D3-A8B0-C1849C611654}.SSL-Debug|Any CPU.ActiveCfg = SSL-Debug|Win32
		{9D8D2649-213F-49D3-A8B0-C1849C611654}.SSL-Debug|Mixed Platforms.ActiveCfg = SSL-Debug|Win32
		{9D8D2649-213F-49D3-A8B0-C1849C611654}.SSL-Debug|Mixed Platforms.Build.0 = SSL-Debug|Win32
		{9D8D2649-213F-49D3-A8B0-C1849C611654}.SSL-Debug|Win32.ActiveCfg = SSL-Debug|Win32
		{9D8D2649-213F-49D3-A8B0-C1849C611654}.SSL-Debug|Win32.Build.0 = SSL-Debug|Win32
		{9D8D2649-213F-49D3-A8B0-C1849C611654}.SSL-Release|Any CPU.ActiveCfg = SSL-Release|Win32
		{9D8D2649-213F-49D3-A8B0-C1849C611654}.SSL-Release|Mixed Platforms.ActiveCfg = SSL-Release|Win32
		{9D8D2649-213F-49D3-A8B0-C1849C611654}.SSL-Release|Mixed Platforms.Build.0 = SSL-Release|Win32
		{9D8D2649-213F-49D3-A8B0-C1849C611654}.SSL-Release|Win32.ActiveCfg = SSL-Release|Win32
		{9D8D2649-213F-49D3-A8B0-C1849C611654}.SSL-Release|Win32.Build.0 = SSL-Release|Win32
		{3D0E5CEB-93DC-4FDB-918B-D08FA369E106}.Debug Dll|Any CPU.ActiveCfg = Debug|Win32
		{3D0E5CEB-93DC-4FDB-918B-D08FA369E106}.Debug Dll|Mixed Platforms.ActiveCfg = Debug|Win32
		{3D0E5CEB-93DC-4FDB-918B-D08FA369E106}.Debug Dll|Mixed Platforms.Build.0 = Debug|Win32
		{3D0E5CEB-93DC-4FDB-918B-D08FA369E106}.Debug Dll|Win32.ActiveCfg = Debug|Win32
		{3D0E5CEB-93DC-4FDB-918B-D08FA369E106}.Debug Dll|Win32.Build.0 = Debug|Win32
		{3D0E5CEB-93DC-4FDB-918B-D08FA369E106}.Debug|Any CPU.ActiveCfg = Debug|Win32
		{3D0E5CEB-93DC-4FDB-918B-D08FA369E106}.Debug|Mixed Platforms.ActiveCfg = Debug|Win32
		{3D0E5CEB-93DC-4FDB-918B-D08FA369E106}.Debug|Mixed Platforms.Build.0 = Debug|Win32
		{3D0E5CEB-93DC-4FDB-918B-D08FA369E106}.Debug|Win32.ActiveCfg = Debug|Win32
		{3D0E5CEB-93DC-4FDB-918B-D08FA369E106}.Debug|Win32.Build.0 = Debug|Win32
		{3D0E5CEB-93DC-4FDB-918B-D08FA369E106}.Release Dll|Any CPU.ActiveCfg = Release|Win32
		{3D0E5CEB-93DC-4FDB-918B-D08FA369E106}.Release Dll|Mixed Platforms.ActiveCfg = Release|Win32
		{3D0E5CEB-93DC-4FDB-918B-D08FA369E106}.Release Dll|Mixed Platforms.Build.0 = Release|Win32
		{3D0E5CEB-93DC-4FDB-918B-D08FA369E106}.Release Dll|Win32.ActiveCfg = Release|Win32
		{3D0E5CEB-93DC-4FDB-918B-D08FA369E106}.Release Dll|Win32.Build.0 = Release|Win32
		{3D0E5CEB-93DC-4FDB-918B-D08FA369E106}.Release|Any CPU.ActiveCfg = Release|Win32
		{3D0E5CEB-93DC-4FDB-918B-D08FA369E106}.Release|Mixed Platforms.ActiveCfg = Release|Win32
		{3D0E5CEB-93DC-4FDB-918B-D08FA369E106}.Release|Mixed Platforms.Build.0 = Release|Win32
		{3D0E5CEB-93DC-4FDB-918B-D08FA369E106}.Release|Win32.ActiveCfg = Release|Win32
		{3D0E5CEB-93DC-4FDB-918B-D08FA369E106}.Release|Win32.Build.0 = Release|Win32
		{3D0E5CEB-93DC-4FDB-918B-D08FA369E106}.SSL-Debug|Any CPU.ActiveCfg = SSL-Debug|Win32
		{3D0E5CEB-93DC-4FDB-918B-D08FA369E106}.SSL-Debug|Mixed Platforms.ActiveCfg = SSL-Debug|Win32
		{3D0E5CEB-93DC-4FDB-918B-D08FA369E106}.SSL-Debug|Mixed Platforms.Build.0 = SSL-Debug|Win32
		{3D0E5CEB-93DC-4FDB-918B-D08FA369E106}.SSL-Debug|Win32.ActiveCfg = SSL-Debug|Win32
		{3D0E5CEB-93DC-4FDB-918B-D08FA369E106}.SSL-Debug|Win32.Build.0 = SSL-Debug|Win32
		{3D0E5CEB-93DC-4FDB-918B-D08FA369E106}.SSL-Release|Any CPU.ActiveCfg = SSL-Release|Win32
		{3D0E5CEB-93DC-4FDB-918B-D08FA369E106}.SSL-Release|Mixed Platforms.ActiveCfg = SSL-Release|Win32
		{3D0E5CEB-93DC-4FDB-918B-D08FA369E106}.SSL-Release|Mixed Platforms.Build.0 = SSL-Release|Win32
		{3D0E5CEB-93DC-4FDB-918B-D08FA369E106}.SSL-Release|Win32.ActiveCfg = SSL-Release|Win32
		{3D0E5CEB-93DC-4FDB-918B-D08FA369E106}.SSL-Release|Win32.Build.0 = SSL-Release|Win32
		{9790A010-D4E6-4AE1-BA63-03CAD9062CAC}.Debug Dll|Any CPU.ActiveCfg = Debug|Any CPU
		{9790A010-D4E6-4AE1-BA63-03CAD9062CAC}.Debug Dll|Any CPU.Build.0 = Debug|Any CPU
		{9790A010-D4E6-4AE1-BA63-03CAD9062CAC}.Debug Dll|Mixed Platforms.ActiveCfg = Debug|Any CPU
		{9790A010-D4E6-4AE1-BA63-03CAD9062CAC}.Debug Dll|Mixed Platforms.Build.0 = Debug|Any CPU
		{9790A010-D4E6-4AE1-BA63-03CAD9062CAC}.Debug Dll|Win32.ActiveCfg = Debug|Any CPU
		{9790A010-D4E6-4AE1-BA63-03CAD9062CAC}.Debug|Any CPU.ActiveCfg = Debug|Any CPU
		{9790A010-D4E6-4AE1-BA63-03CAD9062CAC}.Debug|Any CPU.Build.0 = Debug|Any CPU
		{9790A010-D4E6-4AE1-BA63-03CAD9062CAC}.Debug|Mixed Platforms.ActiveCfg = Debug|Any CPU
		{9790A010-D4E6-4AE1-BA63-03CAD9062CAC}.Debug|Mixed Platforms.Build.0 = Debug|Any CPU
		{9790A010-D4E6-4AE1-BA63-03CAD9062CAC}.Debug|Win32.ActiveCfg = Debug|Any CPU
		{9790A010-D4E6-4AE1-BA63-03CAD9062CAC}.Release Dll|Any CPU.ActiveCfg = Release|Any CPU
		{9790A010-D4E6-4AE1-BA63-03CAD9062CAC}.Release Dll|Any CPU.Build.0 = Release|Any CPU
		{9790A010-D4E6-4AE1-BA63-03CAD9062CAC}.Release Dll|Mixed Platforms.ActiveCfg = Release|Any CPU
		{9790A010-D4E6-4AE1-BA63-03CAD9062CAC}.Release Dll|Mixed Platforms.Build.0 = Release|Any CPU
		{9790A010-D4E6-4AE1-BA63-03CAD9062CAC}.Release Dll|Win32.ActiveCfg = Release|Any CPU
		{9790A010-D4E6-4AE1-BA63-03CAD9062CAC}.Release|Any CPU.ActiveCfg = Release|Any CPU
		{9790A010-D4E6-4AE1-BA63-03CAD9062CAC}.Release|Any CPU.Build.0 = Release|Any CPU
		{9790A010-D4E6-4AE1-BA63-03CAD9062CAC}.Release|Mixed Platforms.ActiveCfg = Release|Any CPU
		{9790A010-D4E6-4AE1-BA63-03CAD9062CAC}.Release|Mixed Platforms.Build.0 = Release|Any CPU
		{9790A010-D4E6-4AE1-BA63-03CAD9062CAC}.Release|Win32.ActiveCfg = Release|Any CPU
		{9790A010-D4E6-4AE1-BA63-03CAD9062CAC}.SSL-Debug|Any CPU.ActiveCfg = Debug|Any CPU
		{9790A010-D4E6-4AE1-BA63-03CAD9062CAC}.SSL-Debug|Any CPU.Build.0 = Debug|Any CPU
		{9790A010-D4E6-4AE1-BA63-03CAD9062CAC}.SSL-Debug|Mixed Platforms.ActiveCfg = Debug|Any CPU
		{9790A010-D4E6-4AE1-BA63-03CAD9062CAC}.SSL-Debug|Mixed Platforms.Build.0 = Debug|Any CPU
		{9790A010-D4E6-4AE1-BA63-03CAD9062CAC}.SSL-Debug|Win32.ActiveCfg = Debug|Any CPU
		{9790A010-D4E6-4AE1-BA63-03CAD9062CAC}.SSL-Release|Any CPU.ActiveCfg = Release|Any CPU
		{9790A010-D4E6-4AE1-BA63-03CAD9062CAC}.SSL-Release|Any CPU.Build.0 = Release|Any CPU
		{9790A010-D4E6-4AE1-BA63-03CAD9062CAC}.SSL-Release|Mixed Platforms.ActiveCfg = Release|Any CPU
		{9790A010-D4E6-4AE1-BA63-03CAD9062CAC}.SSL-Release|Mixed Platforms.Build.0 = Release|Any CPU
		{9790A010-D4E6-4AE1-BA63-03CAD9062CAC}.SSL-Release|Win32.ActiveCfg = Release|Any CPU
		{D7488B96-456A-1E46-8B0B-0F698E025694}.Debug Dll|Any CPU.ActiveCfg = Debug|Win32
		{D7488B96-456A-1E46-8B0B-0F698E025694}.Debug Dll|Mixed Platforms.ActiveCfg = Debug|Win32
		{D7488B96-456A-1E46-8B0B-0F698E025694}.Debug Dll|Mixed Platforms.Build.0 = Debug|Win32
		{D7488B96-456A-1E46-8B0B-0F698E025694}.Debug Dll|Win32.ActiveCfg = Debug|Win32
		{D7488B96-456A-1E46-8B0B-0F698E025694}.Debug Dll|Win32.Build.0 = Debug|Win32
		{D7488B96-456A-1E46-8B0B-0F698E025694}.Debug|Any CPU.ActiveCfg = Debug|Win32
		{D7488B96-456A-1E46-8B0B-0F698E025694}.Debug|Mixed Platforms.ActiveCfg = Debug|Win32
		{D7488B96-456A-1E46-8B0B-0F698E025694}.Debug|Mixed Platforms.Build.0 = Debug|Win32
		{D7488B96-456A-1E46-8B0B-0F698E025694}.Debug|Win32.ActiveCfg = Debug|Win32
		{D7488B96-456A-1E46-8B0B-0F698E025694}.Debug|Win32.Build.0 = Debug|Win32
		{D7488B96-456A-1E46-8B0B-0F698E025694}.Release Dll|Any CPU.ActiveCfg = Release|Win32
		{D7488B96-456A-1E46-8B0B-0F698E025694}.Release Dll|Mixed Platforms.ActiveCfg = Release|Win32
		{D7488B96-456A-1E46-8B0B-0F698E025694}.Release Dll|Mixed Platforms.Build.0 = Release|Win32
		{D7488B96-456A-1E46-8B0B-0F698E025694}.Release Dll|Win32.ActiveCfg = Release|Win32
		{D7488B96-456A-1E46-8B0B-0F698E025694}.Release Dll|Win32.Build.0 = Release|Win32
		{D7488B96-456A-1E46-8B0B-0F698E025694}.Release|Any CPU.ActiveCfg = Release|Win32
		{D7488B96-456A-1E46-8B0B-0F698E025694}.Release|Mixed Platforms.ActiveCfg = Release|Win32
		{D7488B96-456A-1E46-8B0B-0F698E025694}.Release|Mixed Platforms.Build.0 = Release|Win32
		{D7488B96-456A-1E46-8B0B-0F698E025694}.Release|Win32.ActiveCfg = Release|Win32
		{D7488B96-456A-1E46-8B0B-0F698E025694}.Release|Win32.Build.0 = Release|Win32
		{D7488B96-456A-1E46-8B0B-0F698E025694}.SSL-Debug|Any CPU.ActiveCfg = Debug|Win32
		{D7488B96-456A-1E46-8B0B-0F698E025694}.SSL-Debug|Mixed Platforms.ActiveCfg = Debug|Win32
		{D7488B96-456A-1E46-8B0B-0F698E025694}.SSL-Debug|Mixed Platforms.Build.0 = Debug|Win32
		{D7488B96-456A-1E46-8B0B-0F698E025694}.SSL-Debug|Win32.ActiveCfg = Debug|Win32
		{D7488B96-456A-1E46-8B0B-0F698E025694}.SSL-Debug|Win32.Build.0 = Debug|Win32
		{D7488B96-456A-1E46-8B0B-0F698E025694}.SSL-Release|Any CPU.ActiveCfg = Release|Win32
		{D7488B96-456A-1E46-8B0B-0F698E025694}.SSL-Release|Mixed Platforms.ActiveCfg = Release|Win32
		{D7488B96-456A-1E46-8B0B-0F698E025694}.SSL-Release|Mixed Platforms.Build.0 = Release|Win32
		{D7488B96-456A-1E46-8B0B-0F698E025694}.SSL-Release|Win32.ActiveCfg = Release|Win32
		{D7488B96-456A-1E46-8B0B-0F698E025694}.SSL-Release|Win32.Build.0 = Release|Win32
		{4EA67539-9EE9-4065-BD39-87E517FD8262}.Debug Dll|Any CPU.ActiveCfg = Debug|Win32
		{4EA67539-9EE9-4065-BD39-87E517FD8262}.Debug Dll|Mixed Platforms.ActiveCfg = Debug|Win32
		{4EA67539-9EE9-4065-BD39-87E517FD8262}.Debug Dll|Mixed Platforms.Build.0 = Debug|Win32
		{4EA67539-9EE9-4065-BD39-87E517FD8262}.Debug Dll|Win32.ActiveCfg = Debug|Win32
		{4EA67539-9EE9-4065-BD39-87E517FD8262}.Debug Dll|Win32.Build.0 = Debug|Win32
		{4EA67539-9EE9-4065-BD39-87E517FD8262}.Debug|Any CPU.ActiveCfg = Debug|Win32
		{4EA67539-9EE9-4065-BD39-87E517FD8262}.Debug|Mixed Platforms.ActiveCfg = Debug|Win32
		{4EA67539-9EE9-4065-BD39-87E517FD8262}.Debug|Mixed Platforms.Build.0 = Debug|Win32
		{4EA67539-9EE9-4065-BD39-87E517FD8262}.Debug|Win32.ActiveCfg = Debug|Win32
		{4EA67539-9EE9-4065-BD39-87E517FD8262}.Debug|Win32.Build.0 = Debug|Win32
		{4EA67539-9EE9-4065-BD39-87E517FD8262}.Release Dll|Any CPU.ActiveCfg = Release|Win32
		{4EA67539-9EE9-4065-BD39-87E517FD8262}.Release Dll|Mixed Platforms.ActiveCfg = Release|Win32
		{4EA67539-9EE9-4065-BD39-87E517FD8262}.Release Dll|Mixed Platforms.Build.0 = Release|Win32
		{4EA67539-9EE9-4065-BD39-87E517FD8262}.Release Dll|Win32.ActiveCfg = Release|Win32
		{4EA67539-9EE9-4065-BD39-87E517FD8262}.Release Dll|Win32.Build.0 = Release|Win32
		{4EA67539-9EE9-4065-BD39-87E517FD8262}.Release|Any CPU.ActiveCfg = Release|Win32
		{4EA67539-9EE9-4065-BD39-87E517FD8262}.Release|Mixed Platforms.ActiveCfg = Release|Win32
		{4EA67539-9EE9-4065-BD39-87E517FD8262}.Release|Mixed Platforms.Build.0 = Release|Win32
		{4EA67539-9EE9-4065-BD39-87E517FD8262}.Release|Win32.ActiveCfg = Release|Win32
		{4EA67539-9EE9-4065-BD39-87E517FD8262}.Release|Win32.Build.0 = Release|Win32
		{4EA67539-9EE9-4065-BD39-87E517FD8262}.SSL-Debug|Any CPU.ActiveCfg = Debug|Win32
		{4EA67539-9EE9-4065-BD39-87E517FD8262}.SSL-Debug|Mixed Platforms.ActiveCfg = Debug|Win32
		{4EA67539-9EE9-4065-BD39-87E517FD8262}.SSL-Debug|Mixed Platforms.Build.0 = Debug|Win32
		{4EA67539-9EE9-4065-BD39-87E517FD8262}.SSL-Debug|Win32.ActiveCfg = Debug|Win32
		{4EA67539-9EE9-4065-BD39-87E517FD8262}.SSL-Debug|Win32.Build.0 = Debug|Win32
		{4EA67539-9EE9-4065-BD39-87E517FD8262}.SSL-Release|Any CPU.ActiveCfg = Release|Win32
		{4EA67539-9EE9-4065-BD39-87E517FD8262}.SSL-Release|Mixed Platforms.ActiveCfg = Release|Win32
		{4EA67539-9EE9-4065-BD39-87E517FD8262}.SSL-Release|Mixed Platforms.Build.0 = Release|Win32
		{4EA67539-9EE9-4065-BD39-87E517FD8262}.SSL-Release|Win32.ActiveCfg = Release|Win32
		{4EA67539-9EE9-4065-BD39-87E517FD8262}.SSL-Release|Win32.Build.0 = Release|Win32
		{E972C52F-9E85-4D65-B19C-031E511E9DB4}.Debug Dll|Any CPU.ActiveCfg = Debug|Win32
		{E972C52F-9E85-4D65-B19C-031E511E9DB4}.Debug Dll|Mixed Platforms.ActiveCfg = Debug|Win32
		{E972C52F-9E85-4D65-B19C-031E511E9DB4}.Debug Dll|Mixed Platforms.Build.0 = Debug|Win32
		{E972C52F-9E85-4D65-B19C-031E511E9DB4}.Debug Dll|Win32.ActiveCfg = Debug|Win32
		{E972C52F-9E85-4D65-B19C-031E511E9DB4}.Debug Dll|Win32.Build.0 = Debug|Win32
		{E972C52F-9E85-4D65-B19C-031E511E9DB4}.Debug|Any CPU.ActiveCfg = Debug|Win32
		{E972C52F-9E85-4D65-B19C-031E511E9DB4}.Debug|Mixed Platforms.ActiveCfg = Debug|Win32
		{E972C52F-9E85-4D65-B19C-031E511E9DB4}.Debug|Mixed Platforms.Build.0 = Debug|Win32
		{E972C52F-9E85-4D65-B19C-031E511E9DB4}.Debug|Win32.ActiveCfg = Debug|Win32
		{E972C52F-9E85-4D65-B19C-031E511E9DB4}.Debug|Win32.Build.0 = Debug|Win32
		{E972C52F-9E85-4D65-B19C-031E511E9DB4}.Release Dll|Any CPU.ActiveCfg = Release|Win32
		{E972C52F-9E85-4D65-B19C-031E511E9DB4}.Release Dll|Mixed Platforms.ActiveCfg = Release|Win32
		{E972C52F-9E85-4D65-B19C-031E511E9DB4}.Release Dll|Mixed Platforms.Build.0 = Release|Win32
		{E972C52F-9E85-4D65-B19C-031E511E9DB4}.Release Dll|Win32.ActiveCfg = Release|Win32
		{E972C52F-9E85-4D65-B19C-031E511E9DB4}.Release Dll|Win32.Build.0 = Release|Win32
		{E972C52F-9E85-4D65-B19C-031E511E9DB4}.Release|Any CPU.ActiveCfg = Release|Win32
		{E972C52F-9E85-4D65-B19C-031E511E9DB4}.Release|Mixed Platforms.ActiveCfg = Release|Win32
		{E972C52F-9E85-4D65-B19C-031E511E9DB4}.Release|Mixed Platforms.Build.0 = Release|Win32
		{E972C52F-9E85-4D65-B19C-031E511E9DB4}.Release|Win32.ActiveCfg = Release|Win32
		{E972C52F-9E85-4D65-B19C-031E511E9DB4}.Release|Win32.Build.0 = Release|Win32
		{E972C52F-9E85-4D65-B19C-031E511E9DB4}.SSL-Debug|Any CPU.ActiveCfg = Debug|Win32
		{E972C52F-9E85-4D65-B19C-031E511E9DB4}.SSL-Debug|Mixed Platforms.ActiveCfg = Debug|Win32
		{E972C52F-9E85-4D65-B19C-031E511E9DB4}.SSL-Debug|Mixed Platforms.Build.0 = Debug|Win32
		{E972C52F-9E85-4D65-B19C-031E511E9DB4}.SSL-Debug|Win32.ActiveCfg = Debug|Win32
		{E972C52F-9E85-4D65-B19C-031E511E9DB4}.SSL-Debug|Win32.Build.0 = Debug|Win32
		{E972C52F-9E85-4D65-B19C-031E511E9DB4}.SSL-Release|Any CPU.ActiveCfg = Release|Win32
		{E972C52F-9E85-4D65-B19C-031E511E9DB4}.SSL-Release|Mixed Platforms.ActiveCfg = Release|Win32
		{E972C52F-9E85-4D65-B19C-031E511E9DB4}.SSL-Release|Mixed Platforms.Build.0 = Release|Win32
		{E972C52F-9E85-4D65-B19C-031E511E9DB4}.SSL-Release|Win32.ActiveCfg = Release|Win32
		{E972C52F-9E85-4D65-B19C-031E511E9DB4}.SSL-Release|Win32.Build.0 = Release|Win32
		{4A07BB2B-F56E-4F1B-A729-D28B782AC128}.Debug Dll|Any CPU.ActiveCfg = Debug|Win32
		{4A07BB2B-F56E-4F1B-A729-D28B782AC128}.Debug Dll|Mixed Platforms.ActiveCfg = Debug|Win32
		{4A07BB2B-F56E-4F1B-A729-D28B782AC128}.Debug Dll|Mixed Platforms.Build.0 = Debug|Win32
		{4A07BB2B-F56E-4F1B-A729-D28B782AC128}.Debug Dll|Win32.ActiveCfg = Debug|Win32
		{4A07BB2B-F56E-4F1B-A729-D28B782AC128}.Debug Dll|Win32.Build.0 = Debug|Win32
		{4A07BB2B-F56E-4F1B-A729-D28B782AC128}.Debug|Any CPU.ActiveCfg = Debug|Win32
		{4A07BB2B-F56E-4F1B-A729-D28B782AC128}.Debug|Mixed Platforms.ActiveCfg = Debug|Win32
		{4A07BB2B-F56E-4F1B-A729-D28B782AC128}.Debug|Mixed Platforms.Build.0 = Debug|Win32
		{4A07BB2B-F56E-4F1B-A729-D28B782AC128}.Debug|Win32.ActiveCfg = Debug|Win32
		{4A07BB2B-F56E-4F1B-A729-D28B782AC128}.Debug|Win32.Build.0 = Debug|Win32
		{4A07BB2B-F56E-4F1B-A729-D28B782AC128}.Release Dll|Any CPU.ActiveCfg = Release|Win32
		{4A07BB2B-F56E-4F1B-A729-D28B782AC128}.Release Dll|Mixed Platforms.ActiveCfg = Release|Win32
		{4A07BB2B-F56E-4F1B-A729-D28B782AC128}.Release Dll|Mixed Platforms.Build.0 = Release|Win32
		{4A07BB2B-F56E-4F1B-A729-D28B782AC128}.Release Dll|Win32.ActiveCfg = Release|Win32
		{4A07BB2B-F56E-4F1B-A729-D28B782AC128}.Release Dll|Win32.Build.0 = Release|Win32
		{4A07BB2B-F56E-4F1B-A729-D28B782AC128}.Release|Any CPU.ActiveCfg = Release|Win32
		{4A07BB2B-F56E-4F1B-A729-D28B782AC128}.Release|Mixed Platforms.ActiveCfg = Release|Win32
		{4A07BB2B-F56E-4F1B-A729-D28B782AC128}.Release|Mixed Platforms.Build.0 = Release|Win32
		{4A07BB2B-F56E-4F1B-A729-D28B782AC128}.Release|Win32.ActiveCfg = Release|Win32
		{4A07BB2B-F56E-4F1B-A729-D28B782AC128}.Release|Win32.Build.0 = Release|Win32
		{4A07BB2B-F56E-4F1B-A729-D28B782AC128}.SSL-Debug|Any CPU.ActiveCfg = Debug|Win32
		{4A07BB2B-F56E-4F1B-A729-D28B782AC128}.SSL-Debug|Mixed Platforms.ActiveCfg = Debug|Win32
		{4A07BB2B-F56E-4F1B-A729-D28B782AC128}.SSL-Debug|Mixed Platforms.Build.0 = Debug|Win32
		{4A07BB2B-F56E-4F1B-A729-D28B782AC128}.SSL-Debug|Win32.ActiveCfg = Debug|Win32
		{4A07BB2B-F56E-4F1B-A729-D28B782AC128}.SSL-Debug|Win32.Build.0 = Debug|Win32
		{4A07BB2B-F56E-4F1B-A729-D28B782AC128}.SSL-Release|Any CPU.ActiveCfg = Release|Win32
		{4A07BB2B-F56E-4F1B-A729-D28B782AC128}.SSL-Release|Mixed Platforms.ActiveCfg = Release|Win32
		{4A07BB2B-F56E-4F1B-A729-D28B782AC128}.SSL-Release|Mixed Platforms.Build.0 = Release|Win32
		{4A07BB2B-F56E-4F1B-A729-D28B782AC128}.SSL-Release|Win32.ActiveCfg = Release|Win32
		{4A07BB2B-F56E-4F1B-A729-D28B782AC128}.SSL-Release|Win32.Build.0 = Release|Win32
		{92C82019-2DAC-4923-A05C-681AD5BDD04B}.Debug Dll|Any CPU.ActiveCfg = Debug|Win32
		{92C82019-2DAC-4923-A05C-681AD5BDD04B}.Debug Dll|Mixed Platforms.ActiveCfg = Debug|Win32
		{92C82019-2DAC-4923-A05C-681AD5BDD04B}.Debug Dll|Mixed Platforms.Build.0 = Debug|Win32
		{92C82019-2DAC-4923-A05C-681AD5BDD04B}.Debug Dll|Win32.ActiveCfg = Debug|Win32
		{92C82019-2DAC-4923-A05C-681AD5BDD04B}.Debug Dll|Win32.Build.0 = Debug|Win32
		{92C82019-2DAC-4923-A05C-681AD5BDD04B}.Debug|Any CPU.ActiveCfg = Debug|Win32
		{92C82019-2DAC-4923-A05C-681AD5BDD04B}.Debug|Mixed Platforms.ActiveCfg = Debug|Win32
		{92C82019-2DAC-4923-A05C-681AD5BDD04B}.Debug|Mixed Platforms.Build.0 = Debug|Win32
		{92C82019-2DAC-4923-A05C-681AD5BDD04B}.Debug|Win32.ActiveCfg = Debug|Win32
		{92C82019-2DAC-4923-A05C-681AD5BDD04B}.Debug|Win32.Build.0 = Debug|Win32
		{92C82019-2DAC-4923-A05C-681AD5BDD04B}.Release Dll|Any CPU.ActiveCfg = Release|Win32
		{92C82019-2DAC-4923-A05C-681AD5BDD04B}.Release Dll|Mixed Platforms.ActiveCfg = Release|Win32
		{92C82019-2DAC-4923-A05C-681AD5BDD04B}.Release Dll|Mixed Platforms.Build.0 = Release|Win32
		{92C82019-2DAC-4923-A05C-681AD5BDD04B}.Release Dll|Win32.ActiveCfg = Release|Win32
		{92C82019-2DAC-4923-A05C-681AD5BDD04B}.Release Dll|Win32.Build.0 = Release|Win32
		{92C82019-2DAC-4923-A05C-681AD5BDD04B}.Release|Any CPU.ActiveCfg = Release|Win32
		{92C82019-2DAC-4923-A05C-681AD5BDD04B}.Release|Mixed Platforms.ActiveCfg = Release|Win32
		{92C82019-2DAC-4923-A05C-681AD5BDD04B}.Release|Mixed Platforms.Build.0 = Release|Win32
		{92C82019-2DAC-4923-A05C-681AD5BDD04B}.Release|Win32.ActiveCfg = Release|Win32
		{92C82019-2DAC-4923-A05C-681AD5BDD04B}.Release|Win32.Build.0 = Release|Win32
		{92C82019-2DAC-4923-A05C-681AD5BDD04B}.SSL-Debug|Any CPU.ActiveCfg = Debug|Win32
		{92C82019-2DAC-4923-A05C-681AD5BDD04B}.SSL-Debug|Mixed Platforms.ActiveCfg = Debug|Win32
		{92C82019-2DAC-4923-A05C-681AD5BDD04B}.SSL-Debug|Mixed Platforms.Build.0 = Debug|Win32
		{92C82019-2DAC-4923-A05C-681AD5BDD04B}.SSL-Debug|Win32.ActiveCfg = Debug|Win32
		{92C82019-2DAC-4923-A05C-681AD5BDD04B}.SSL-Debug|Win32.Build.0 = Debug|Win32
		{92C82019-2DAC-4923-A05C-681AD5BDD04B}.SSL-Release|Any CPU.ActiveCfg = Release|Win32
		{92C82019-2DAC-4923-A05C-681AD5BDD04B}.SSL-Release|Mixed Platforms.ActiveCfg = Release|Win32
		{92C82019-2DAC-4923-A05C-681AD5BDD04B}.SSL-Release|Mixed Platforms.Build.0 = Release|Win32
		{92C82019-2DAC-4923-A05C-681AD5BDD04B}.SSL-Release|Win32.ActiveCfg = Release|Win32
		{92C82019-2DAC-4923-A05C-681AD5BDD04B}.SSL-Release|Win32.Build.0 = Release|Win32
	EndGlobalSection
	GlobalSection(SolutionProperties) = preSolution
		HideSolutionNode = FALSE
	EndGlobalSection
EndGlobal
