Microsoft Visual Studio Solution File, Format Version 9.00
# Visual Studio 2005
Project("{8BC9CEB8-8B4A-11D0-8D11-00A0C91BC942}") = "iw_core", "..\..\iw_core\iws_core.vcproj", "{2FCEFE58-70F8-4D68-8F39-8AD958596C42}"
	ProjectSection(WebsiteProperties) = preProject
		Debug.AspNetCompiler.Debug = "True"
		Release.AspNetCompiler.Debug = "False"
	EndProjectSection
EndProject
Project("{8BC9CEB8-8B4A-11D0-8D11-00A0C91BC942}") = "C++CSP2", "C++CSP2\C++CSP2.vcproj", "{D4579F58-C377-4BC6-8D11-33437A8395D5}"
	ProjectSection(WebsiteProperties) = preProject
		Debug.AspNetCompiler.Debug = "True"
		Release.AspNetCompiler.Debug = "False"
	EndProjectSection
EndProject
Project("{8BC9CEB8-8B4A-11D0-8D11-00A0C91BC942}") = "json_spirit_lib", "..\..\json_spirit\json_spirit_v2.06\json_spirit\json_spirit.vcproj", "{BE262A86-CC26-4B25-A877-883ED2688CEC}"
	ProjectSection(WebsiteProperties) = preProject
		Debug.AspNetCompiler.Debug = "True"
		Release.AspNetCompiler.Debug = "False"
	EndProjectSection
EndProject
Project("{2150E333-8FDC-42A3-9474-1A3956D46DE8}") = "resiprocate-1.4.1", "resiprocate-1.4.1", "{D9F1284D-63B4-4C52-BF71-3296CC4F70DE}"
	ProjectSection(WebsiteProperties) = preProject
		Debug.AspNetCompiler.Debug = "True"
		Release.AspNetCompiler.Debug = "False"
	EndProjectSection
EndProject
Project("{8BC9CEB8-8B4A-11D0-8D11-00A0C91BC942}") = "resiprocate", "..\..\resiprocate\resiprocate\resip\stack\resiprocate_8_0.vcproj", "{2A8BE839-6466-4001-B224-8F1C3168D04A}"
	ProjectSection(WebsiteProperties) = preProject
		Debug.AspNetCompiler.Debug = "True"
		Release.AspNetCompiler.Debug = "False"
	EndProjectSection
	ProjectSection(ProjectDependencies) = postProject
		{3D0E5CEB-93DC-4FDB-918B-D08FA369E106} = {3D0E5CEB-93DC-4FDB-918B-D08FA369E106}
	EndProjectSection
EndProject
Project("{8BC9CEB8-8B4A-11D0-8D11-00A0C91BC942}") = "dum", "..\..\resiprocate\resiprocate\resip\dum\dum_8_0.vcproj", "{31B0654F-E08E-405F-909F-80F86CB14B9D}"
	ProjectSection(WebsiteProperties) = preProject
		Debug.AspNetCompiler.Debug = "True"
		Release.AspNetCompiler.Debug = "False"
	EndProjectSection
	ProjectSection(ProjectDependencies) = postProject
		{2A8BE839-6466-4001-B224-8F1C3168D04A} = {2A8BE839-6466-4001-B224-8F1C3168D04A}
	EndProjectSection
EndProject
Project("{8BC9CEB8-8B4A-11D0-8D11-00A0C91BC942}") = "basicCall", "..\..\resiprocate\resiprocate\resip\dum\test\basicCall_8_0.vcproj", "{5973C598-5CB7-4724-A1EB-EBE3D9F84927}"
	ProjectSection(WebsiteProperties) = preProject
		Debug.AspNetCompiler.Debug = "True"
		Release.AspNetCompiler.Debug = "False"
	EndProjectSection
	ProjectSection(ProjectDependencies) = postProject
		{2A8BE839-6466-4001-B224-8F1C3168D04A} = {2A8BE839-6466-4001-B224-8F1C3168D04A}
		{31B0654F-E08E-405F-909F-80F86CB14B9D} = {31B0654F-E08E-405F-909F-80F86CB14B9D}
		{3D0E5CEB-93DC-4FDB-918B-D08FA369E106} = {3D0E5CEB-93DC-4FDB-918B-D08FA369E106}
	EndProjectSection
EndProject
Project("{8BC9CEB8-8B4A-11D0-8D11-00A0C91BC942}") = "basicMessage", "..\..\resiprocate\resiprocate\resip\dum\test\basicMessage_8_0.vcproj", "{16CD976A-5D3B-4329-88BA-A32560CDFCC6}"
	ProjectSection(WebsiteProperties) = preProject
		Debug.AspNetCompiler.Debug = "True"
		Release.AspNetCompiler.Debug = "False"
	EndProjectSection
	ProjectSection(ProjectDependencies) = postProject
		{2A8BE839-6466-4001-B224-8F1C3168D04A} = {2A8BE839-6466-4001-B224-8F1C3168D04A}
		{31B0654F-E08E-405F-909F-80F86CB14B9D} = {31B0654F-E08E-405F-909F-80F86CB14B9D}
		{3D0E5CEB-93DC-4FDB-918B-D08FA369E106} = {3D0E5CEB-93DC-4FDB-918B-D08FA369E106}
	EndProjectSection
EndProject
Project("{8BC9CEB8-8B4A-11D0-8D11-00A0C91BC942}") = "basicRegister", "..\..\resiprocate\resiprocate\resip\dum\test\basicRegister_8_0.vcproj", "{34E29A7D-181B-4A13-9194-EB2300000000}"
	ProjectSection(WebsiteProperties) = preProject
		Debug.AspNetCompiler.Debug = "True"
		Release.AspNetCompiler.Debug = "False"
	EndProjectSection
	ProjectSection(ProjectDependencies) = postProject
		{2A8BE839-6466-4001-B224-8F1C3168D04A} = {2A8BE839-6466-4001-B224-8F1C3168D04A}
		{31B0654F-E08E-405F-909F-80F86CB14B9D} = {31B0654F-E08E-405F-909F-80F86CB14B9D}
		{3D0E5CEB-93DC-4FDB-918B-D08FA369E106} = {3D0E5CEB-93DC-4FDB-918B-D08FA369E106}
	EndProjectSection
EndProject
Project("{8BC9CEB8-8B4A-11D0-8D11-00A0C91BC942}") = "rutil", "..\..\resiprocate\resiprocate\rutil\rutil_8_0.vcproj", "{3D0E5CEB-93DC-4FDB-918B-D08FA369E106}"
	ProjectSection(WebsiteProperties) = preProject
		Debug.AspNetCompiler.Debug = "True"
		Release.AspNetCompiler.Debug = "False"
	EndProjectSection
	ProjectSection(ProjectDependencies) = postProject
		{CE7CF5E0-CAD1-49D6-95D1-143DED7B226E} = {CE7CF5E0-CAD1-49D6-95D1-143DED7B226E}
	EndProjectSection
EndProject
Project("{8BC9CEB8-8B4A-11D0-8D11-00A0C91BC942}") = "db_static", "..\..\resiprocate\resiprocate\contrib\db\build_win32\db_static_8_0.vcproj", "{9E5A7645-1502-4467-91F8-BCF2EB06EF72}"
	ProjectSection(WebsiteProperties) = preProject
		Debug.AspNetCompiler.Debug = "True"
		Release.AspNetCompiler.Debug = "False"
	EndProjectSection
EndProject
Project("{8BC9CEB8-8B4A-11D0-8D11-00A0C91BC942}") = "pcre", "..\..\resiprocate\resiprocate\contrib\pcre\pcre_8_0.vcproj", "{B933F895-8EFB-4FDD-A46D-09B8C00D1D26}"
	ProjectSection(WebsiteProperties) = preProject
		Debug.AspNetCompiler.Debug = "True"
		Release.AspNetCompiler.Debug = "False"
	EndProjectSection
EndProject
Project("{8BC9CEB8-8B4A-11D0-8D11-00A0C91BC942}") = "repro", "..\..\resiprocate\resiprocate\repro\repro_8_0.vcproj", "{9D8D2649-213F-49D3-A8B0-C1849C611654}"
	ProjectSection(WebsiteProperties) = preProject
		Debug.AspNetCompiler.Debug = "True"
		Release.AspNetCompiler.Debug = "False"
	EndProjectSection
	ProjectSection(ProjectDependencies) = postProject
		{2A8BE839-6466-4001-B224-8F1C3168D04A} = {2A8BE839-6466-4001-B224-8F1C3168D04A}
		{9E5A7645-1502-4467-91F8-BCF2EB06EF72} = {9E5A7645-1502-4467-91F8-BCF2EB06EF72}
		{31B0654F-E08E-405F-909F-80F86CB14B9D} = {31B0654F-E08E-405F-909F-80F86CB14B9D}
		{B933F895-8EFB-4FDD-A46D-09B8C00D1D26} = {B933F895-8EFB-4FDD-A46D-09B8C00D1D26}
		{3D0E5CEB-93DC-4FDB-918B-D08FA369E106} = {3D0E5CEB-93DC-4FDB-918B-D08FA369E106}
	EndProjectSection
EndProject
Project("{8BC9CEB8-8B4A-11D0-8D11-00A0C91BC942}") = "resip_test", "..\..\resiprocate\resiprocate\resip\stack\test\test_8_0.vcproj", "{16CD976A-5D3B-4329-88BA-A32560CDFCC5}"
	ProjectSection(WebsiteProperties) = preProject
		Debug.AspNetCompiler.Debug = "True"
		Release.AspNetCompiler.Debug = "False"
	EndProjectSection
	ProjectSection(ProjectDependencies) = postProject
		{2A8BE839-6466-4001-B224-8F1C3168D04A} = {2A8BE839-6466-4001-B224-8F1C3168D04A}
		{3D0E5CEB-93DC-4FDB-918B-D08FA369E106} = {3D0E5CEB-93DC-4FDB-918B-D08FA369E106}
	EndProjectSection
EndProject
Project("{8BC9CEB8-8B4A-11D0-8D11-00A0C91BC942}") = "ares", "..\..\resiprocate\resiprocate\contrib\ares\ares_8_0.vcproj", "{CE7CF5E0-CAD1-49D6-95D1-143DED7B226E}"
	ProjectSection(WebsiteProperties) = preProject
		Debug.AspNetCompiler.Debug = "True"
		Release.AspNetCompiler.Debug = "False"
	EndProjectSection
EndProject
Project("{54435603-DBB4-11D2-8724-00A0C9A8B90C}") = "ReproSetup", "..\..\resiprocate\resiprocate\repro\WinSetup\Setup_8_0.vdproj", "{02954DA6-5079-4717-BC3D-B3ACA815CFED}"
	ProjectSection(WebsiteProperties) = preProject
		Debug.AspNetCompiler.Debug = "True"
		Release.AspNetCompiler.Debug = "False"
	EndProjectSection
EndProject
Global
	GlobalSection(SolutionConfigurationPlatforms) = preSolution
		Debug Dll|Any CPU = Debug Dll|Any CPU
		Debug Dll|Mixed Platforms = Debug Dll|Mixed Platforms
		Debug Dll|Win32 = Debug Dll|Win32
		Debug Lib|Any CPU = Debug Lib|Any CPU
		Debug Lib|Mixed Platforms = Debug Lib|Mixed Platforms
		Debug Lib|Win32 = Debug Lib|Win32
		Debug|Any CPU = Debug|Any CPU
		Debug|Mixed Platforms = Debug|Mixed Platforms
		Debug|Win32 = Debug|Win32
		Release Dll|Any CPU = Release Dll|Any CPU
		Release Dll|Mixed Platforms = Release Dll|Mixed Platforms
		Release Dll|Win32 = Release Dll|Win32
		Release_SSE|Any CPU = Release_SSE|Any CPU
		Release_SSE|Mixed Platforms = Release_SSE|Mixed Platforms
		Release_SSE|Win32 = Release_SSE|Win32
		Release_SSE2|Any CPU = Release_SSE2|Any CPU
		Release_SSE2|Mixed Platforms = Release_SSE2|Mixed Platforms
		Release_SSE2|Win32 = Release_SSE2|Win32
		Release|Any CPU = Release|Any CPU
		Release|Mixed Platforms = Release|Mixed Platforms
		Release|Win32 = Release|Win32
		SSL-Debug|Any CPU = SSL-Debug|Any CPU
		SSL-Debug|Mixed Platforms = SSL-Debug|Mixed Platforms
		SSL-Debug|Win32 = SSL-Debug|Win32
		SSL-Release|Any CPU = SSL-Release|Any CPU
		SSL-Release|Mixed Platforms = SSL-Release|Mixed Platforms
		SSL-Release|Win32 = SSL-Release|Win32
	EndGlobalSection
	GlobalSection(ProjectConfigurationPlatforms) = postSolution
		{2FCEFE58-70F8-4D68-8F39-8AD958596C42}.Debug Dll|Any CPU.ActiveCfg = Debug Lib|Win32
		{2FCEFE58-70F8-4D68-8F39-8AD958596C42}.Debug Dll|Mixed Platforms.ActiveCfg = Debug Lib|Win32
		{2FCEFE58-70F8-4D68-8F39-8AD958596C42}.Debug Dll|Mixed Platforms.Build.0 = Debug Lib|Win32
		{2FCEFE58-70F8-4D68-8F39-8AD958596C42}.Debug Dll|Win32.ActiveCfg = Debug Lib|Win32
		{2FCEFE58-70F8-4D68-8F39-8AD958596C42}.Debug Dll|Win32.Build.0 = Debug Lib|Win32
		{2FCEFE58-70F8-4D68-8F39-8AD958596C42}.Debug Lib|Any CPU.ActiveCfg = Debug Lib|Win32
		{2FCEFE58-70F8-4D68-8F39-8AD958596C42}.Debug Lib|Mixed Platforms.ActiveCfg = Debug Lib|Win32
		{2FCEFE58-70F8-4D68-8F39-8AD958596C42}.Debug Lib|Mixed Platforms.Build.0 = Debug Lib|Win32
		{2FCEFE58-70F8-4D68-8F39-8AD958596C42}.Debug Lib|Win32.ActiveCfg = Debug Lib|Win32
		{2FCEFE58-70F8-4D68-8F39-8AD958596C42}.Debug Lib|Win32.Build.0 = Debug Lib|Win32
		{2FCEFE58-70F8-4D68-8F39-8AD958596C42}.Debug|Any CPU.ActiveCfg = Debug|Win32
		{2FCEFE58-70F8-4D68-8F39-8AD958596C42}.Debug|Mixed Platforms.ActiveCfg = Debug|Win32
		{2FCEFE58-70F8-4D68-8F39-8AD958596C42}.Debug|Mixed Platforms.Build.0 = Debug|Win32
		{2FCEFE58-70F8-4D68-8F39-8AD958596C42}.Debug|Win32.ActiveCfg = Debug|Win32
		{2FCEFE58-70F8-4D68-8F39-8AD958596C42}.Debug|Win32.Build.0 = Debug|Win32
		{2FCEFE58-70F8-4D68-8F39-8AD958596C42}.Release Dll|Any CPU.ActiveCfg = Release|Win32
		{2FCEFE58-70F8-4D68-8F39-8AD958596C42}.Release Dll|Mixed Platforms.ActiveCfg = Release|Win32
		{2FCEFE58-70F8-4D68-8F39-8AD958596C42}.Release Dll|Mixed Platforms.Build.0 = Release|Win32
		{2FCEFE58-70F8-4D68-8F39-8AD958596C42}.Release Dll|Win32.ActiveCfg = Release|Win32
		{2FCEFE58-70F8-4D68-8F39-8AD958596C42}.Release Dll|Win32.Build.0 = Release|Win32
		{2FCEFE58-70F8-4D68-8F39-8AD958596C42}.Release_SSE|Any CPU.ActiveCfg = Release|Win32
		{2FCEFE58-70F8-4D68-8F39-8AD958596C42}.Release_SSE|Mixed Platforms.ActiveCfg = Release|Win32
		{2FCEFE58-70F8-4D68-8F39-8AD958596C42}.Release_SSE|Mixed Platforms.Build.0 = Release|Win32
		{2FCEFE58-70F8-4D68-8F39-8AD958596C42}.Release_SSE|Win32.ActiveCfg = Release|Win32
		{2FCEFE58-70F8-4D68-8F39-8AD958596C42}.Release_SSE|Win32.Build.0 = Release|Win32
		{2FCEFE58-70F8-4D68-8F39-8AD958596C42}.Release_SSE2|Any CPU.ActiveCfg = Release|Win32
		{2FCEFE58-70F8-4D68-8F39-8AD958596C42}.Release_SSE2|Mixed Platforms.ActiveCfg = Release|Win32
		{2FCEFE58-70F8-4D68-8F39-8AD958596C42}.Release_SSE2|Mixed Platforms.Build.0 = Release|Win32
		{2FCEFE58-70F8-4D68-8F39-8AD958596C42}.Release_SSE2|Win32.ActiveCfg = Release|Win32
		{2FCEFE58-70F8-4D68-8F39-8AD958596C42}.Release_SSE2|Win32.Build.0 = Release|Win32
		{2FCEFE58-70F8-4D68-8F39-8AD958596C42}.Release|Any CPU.ActiveCfg = Release|Win32
		{2FCEFE58-70F8-4D68-8F39-8AD958596C42}.Release|Mixed Platforms.ActiveCfg = Release|Win32
		{2FCEFE58-70F8-4D68-8F39-8AD958596C42}.Release|Mixed Platforms.Build.0 = Release|Win32
		{2FCEFE58-70F8-4D68-8F39-8AD958596C42}.Release|Win32.ActiveCfg = Release|Win32
		{2FCEFE58-70F8-4D68-8F39-8AD958596C42}.Release|Win32.Build.0 = Release|Win32
		{2FCEFE58-70F8-4D68-8F39-8AD958596C42}.SSL-Debug|Any CPU.ActiveCfg = Debug|Win32
		{2FCEFE58-70F8-4D68-8F39-8AD958596C42}.SSL-Debug|Mixed Platforms.ActiveCfg = Debug|Win32
		{2FCEFE58-70F8-4D68-8F39-8AD958596C42}.SSL-Debug|Mixed Platforms.Build.0 = Debug|Win32
		{2FCEFE58-70F8-4D68-8F39-8AD958596C42}.SSL-Debug|Win32.ActiveCfg = Debug|Win32
		{2FCEFE58-70F8-4D68-8F39-8AD958596C42}.SSL-Debug|Win32.Build.0 = Debug|Win32
		{2FCEFE58-70F8-4D68-8F39-8AD958596C42}.SSL-Release|Any CPU.ActiveCfg = Release|Win32
		{2FCEFE58-70F8-4D68-8F39-8AD958596C42}.SSL-Release|Mixed Platforms.ActiveCfg = Release|Win32
		{2FCEFE58-70F8-4D68-8F39-8AD958596C42}.SSL-Release|Mixed Platforms.Build.0 = Release|Win32
		{2FCEFE58-70F8-4D68-8F39-8AD958596C42}.SSL-Release|Win32.ActiveCfg = Release|Win32
		{2FCEFE58-70F8-4D68-8F39-8AD958596C42}.SSL-Release|Win32.Build.0 = Release|Win32
		{D4579F58-C377-4BC6-8D11-33437A8395D5}.Debug Dll|Any CPU.ActiveCfg = Debug|Win32
		{D4579F58-C377-4BC6-8D11-33437A8395D5}.Debug Dll|Mixed Platforms.ActiveCfg = Debug|Win32
		{D4579F58-C377-4BC6-8D11-33437A8395D5}.Debug Dll|Mixed Platforms.Build.0 = Debug|Win32
		{D4579F58-C377-4BC6-8D11-33437A8395D5}.Debug Dll|Win32.ActiveCfg = Debug|Win32
		{D4579F58-C377-4BC6-8D11-33437A8395D5}.Debug Dll|Win32.Build.0 = Debug|Win32
		{D4579F58-C377-4BC6-8D11-33437A8395D5}.Debug Lib|Any CPU.ActiveCfg = Debug|Win32
		{D4579F58-C377-4BC6-8D11-33437A8395D5}.Debug Lib|Mixed Platforms.ActiveCfg = Debug|Win32
		{D4579F58-C377-4BC6-8D11-33437A8395D5}.Debug Lib|Mixed Platforms.Build.0 = Debug|Win32
		{D4579F58-C377-4BC6-8D11-33437A8395D5}.Debug Lib|Win32.ActiveCfg = Debug|Win32
		{D4579F58-C377-4BC6-8D11-33437A8395D5}.Debug Lib|Win32.Build.0 = Debug|Win32
		{D4579F58-C377-4BC6-8D11-33437A8395D5}.Debug|Any CPU.ActiveCfg = Debug|Win32
		{D4579F58-C377-4BC6-8D11-33437A8395D5}.Debug|Mixed Platforms.ActiveCfg = Debug|Win32
		{D4579F58-C377-4BC6-8D11-33437A8395D5}.Debug|Mixed Platforms.Build.0 = Debug|Win32
		{D4579F58-C377-4BC6-8D11-33437A8395D5}.Debug|Win32.ActiveCfg = Debug|Win32
		{D4579F58-C377-4BC6-8D11-33437A8395D5}.Debug|Win32.Build.0 = Debug|Win32
		{D4579F58-C377-4BC6-8D11-33437A8395D5}.Release Dll|Any CPU.ActiveCfg = Release|Win32
		{D4579F58-C377-4BC6-8D11-33437A8395D5}.Release Dll|Mixed Platforms.ActiveCfg = Release|Win32
		{D4579F58-C377-4BC6-8D11-33437A8395D5}.Release Dll|Mixed Platforms.Build.0 = Release|Win32
		{D4579F58-C377-4BC6-8D11-33437A8395D5}.Release Dll|Win32.ActiveCfg = Release|Win32
		{D4579F58-C377-4BC6-8D11-33437A8395D5}.Release Dll|Win32.Build.0 = Release|Win32
		{D4579F58-C377-4BC6-8D11-33437A8395D5}.Release_SSE|Any CPU.ActiveCfg = Release|Win32
		{D4579F58-C377-4BC6-8D11-33437A8395D5}.Release_SSE|Mixed Platforms.ActiveCfg = Release|Win32
		{D4579F58-C377-4BC6-8D11-33437A8395D5}.Release_SSE|Mixed Platforms.Build.0 = Release|Win32
		{D4579F58-C377-4BC6-8D11-33437A8395D5}.Release_SSE|Win32.ActiveCfg = Release|Win32
		{D4579F58-C377-4BC6-8D11-33437A8395D5}.Release_SSE|Win32.Build.0 = Release|Win32
		{D4579F58-C377-4BC6-8D11-33437A8395D5}.Release_SSE2|Any CPU.ActiveCfg = Release|Win32
		{D4579F58-C377-4BC6-8D11-33437A8395D5}.Release_SSE2|Mixed Platforms.ActiveCfg = Release|Win32
		{D4579F58-C377-4BC6-8D11-33437A8395D5}.Release_SSE2|Mixed Platforms.Build.0 = Release|Win32
		{D4579F58-C377-4BC6-8D11-33437A8395D5}.Release_SSE2|Win32.ActiveCfg = Release|Win32
		{D4579F58-C377-4BC6-8D11-33437A8395D5}.Release_SSE2|Win32.Build.0 = Release|Win32
		{D4579F58-C377-4BC6-8D11-33437A8395D5}.Release|Any CPU.ActiveCfg = Release|Win32
		{D4579F58-C377-4BC6-8D11-33437A8395D5}.Release|Mixed Platforms.ActiveCfg = Release|Win32
		{D4579F58-C377-4BC6-8D11-33437A8395D5}.Release|Mixed Platforms.Build.0 = Release|Win32
		{D4579F58-C377-4BC6-8D11-33437A8395D5}.Release|Win32.ActiveCfg = Release|Win32
		{D4579F58-C377-4BC6-8D11-33437A8395D5}.Release|Win32.Build.0 = Release|Win32
		{D4579F58-C377-4BC6-8D11-33437A8395D5}.SSL-Debug|Any CPU.ActiveCfg = Debug|Win32
		{D4579F58-C377-4BC6-8D11-33437A8395D5}.SSL-Debug|Mixed Platforms.ActiveCfg = Debug|Win32
		{D4579F58-C377-4BC6-8D11-33437A8395D5}.SSL-Debug|Mixed Platforms.Build.0 = Debug|Win32
		{D4579F58-C377-4BC6-8D11-33437A8395D5}.SSL-Debug|Win32.ActiveCfg = Debug|Win32
		{D4579F58-C377-4BC6-8D11-33437A8395D5}.SSL-Debug|Win32.Build.0 = Debug|Win32
		{D4579F58-C377-4BC6-8D11-33437A8395D5}.SSL-Release|Any CPU.ActiveCfg = Release|Win32
		{D4579F58-C377-4BC6-8D11-33437A8395D5}.SSL-Release|Mixed Platforms.ActiveCfg = Release|Win32
		{D4579F58-C377-4BC6-8D11-33437A8395D5}.SSL-Release|Mixed Platforms.Build.0 = Release|Win32
		{D4579F58-C377-4BC6-8D11-33437A8395D5}.SSL-Release|Win32.ActiveCfg = Release|Win32
		{D4579F58-C377-4BC6-8D11-33437A8395D5}.SSL-Release|Win32.Build.0 = Release|Win32
		{BE262A86-CC26-4B25-A877-883ED2688CEC}.Debug Dll|Any CPU.ActiveCfg = Debug Lib|Win32
		{BE262A86-CC26-4B25-A877-883ED2688CEC}.Debug Dll|Mixed Platforms.ActiveCfg = Debug Lib|Win32
		{BE262A86-CC26-4B25-A877-883ED2688CEC}.Debug Dll|Mixed Platforms.Build.0 = Debug Lib|Win32
		{BE262A86-CC26-4B25-A877-883ED2688CEC}.Debug Dll|Win32.ActiveCfg = Debug Lib|Win32
		{BE262A86-CC26-4B25-A877-883ED2688CEC}.Debug Dll|Win32.Build.0 = Debug Lib|Win32
		{BE262A86-CC26-4B25-A877-883ED2688CEC}.Debug Lib|Any CPU.ActiveCfg = Debug Lib|Win32
		{BE262A86-CC26-4B25-A877-883ED2688CEC}.Debug Lib|Mixed Platforms.ActiveCfg = Debug Lib|Win32
		{BE262A86-CC26-4B25-A877-883ED2688CEC}.Debug Lib|Mixed Platforms.Build.0 = Debug Lib|Win32
		{BE262A86-CC26-4B25-A877-883ED2688CEC}.Debug Lib|Win32.ActiveCfg = Debug Lib|Win32
		{BE262A86-CC26-4B25-A877-883ED2688CEC}.Debug Lib|Win32.Build.0 = Debug Lib|Win32
		{BE262A86-CC26-4B25-A877-883ED2688CEC}.Debug|Any CPU.ActiveCfg = Debug|Win32
		{BE262A86-CC26-4B25-A877-883ED2688CEC}.Debug|Mixed Platforms.ActiveCfg = Debug|Win32
		{BE262A86-CC26-4B25-A877-883ED2688CEC}.Debug|Mixed Platforms.Build.0 = Debug|Win32
		{BE262A86-CC26-4B25-A877-883ED2688CEC}.Debug|Win32.ActiveCfg = Debug|Win32
		{BE262A86-CC26-4B25-A877-883ED2688CEC}.Debug|Win32.Build.0 = Debug|Win32
		{BE262A86-CC26-4B25-A877-883ED2688CEC}.Release Dll|Any CPU.ActiveCfg = Release|Win32
		{BE262A86-CC26-4B25-A877-883ED2688CEC}.Release Dll|Mixed Platforms.ActiveCfg = Release|Win32
		{BE262A86-CC26-4B25-A877-883ED2688CEC}.Release Dll|Mixed Platforms.Build.0 = Release|Win32
		{BE262A86-CC26-4B25-A877-883ED2688CEC}.Release Dll|Win32.ActiveCfg = Release|Win32
		{BE262A86-CC26-4B25-A877-883ED2688CEC}.Release Dll|Win32.Build.0 = Release|Win32
		{BE262A86-CC26-4B25-A877-883ED2688CEC}.Release_SSE|Any CPU.ActiveCfg = Release|Win32
		{BE262A86-CC26-4B25-A877-883ED2688CEC}.Release_SSE|Mixed Platforms.ActiveCfg = Release|Win32
		{BE262A86-CC26-4B25-A877-883ED2688CEC}.Release_SSE|Mixed Platforms.Build.0 = Release|Win32
		{BE262A86-CC26-4B25-A877-883ED2688CEC}.Release_SSE|Win32.ActiveCfg = Release|Win32
		{BE262A86-CC26-4B25-A877-883ED2688CEC}.Release_SSE|Win32.Build.0 = Release|Win32
		{BE262A86-CC26-4B25-A877-883ED2688CEC}.Release_SSE2|Any CPU.ActiveCfg = Release|Win32
		{BE262A86-CC26-4B25-A877-883ED2688CEC}.Release_SSE2|Mixed Platforms.ActiveCfg = Release|Win32
		{BE262A86-CC26-4B25-A877-883ED2688CEC}.Release_SSE2|Mixed Platforms.Build.0 = Release|Win32
		{BE262A86-CC26-4B25-A877-883ED2688CEC}.Release_SSE2|Win32.ActiveCfg = Release|Win32
		{BE262A86-CC26-4B25-A877-883ED2688CEC}.Release_SSE2|Win32.Build.0 = Release|Win32
		{BE262A86-CC26-4B25-A877-883ED2688CEC}.Release|Any CPU.ActiveCfg = Release|Win32
		{BE262A86-CC26-4B25-A877-883ED2688CEC}.Release|Mixed Platforms.ActiveCfg = Release|Win32
		{BE262A86-CC26-4B25-A877-883ED2688CEC}.Release|Mixed Platforms.Build.0 = Release|Win32
		{BE262A86-CC26-4B25-A877-883ED2688CEC}.Release|Win32.ActiveCfg = Release|Win32
		{BE262A86-CC26-4B25-A877-883ED2688CEC}.Release|Win32.Build.0 = Release|Win32
		{BE262A86-CC26-4B25-A877-883ED2688CEC}.SSL-Debug|Any CPU.ActiveCfg = Debug|Win32
		{BE262A86-CC26-4B25-A877-883ED2688CEC}.SSL-Debug|Mixed Platforms.ActiveCfg = Debug|Win32
		{BE262A86-CC26-4B25-A877-883ED2688CEC}.SSL-Debug|Mixed Platforms.Build.0 = Debug|Win32
		{BE262A86-CC26-4B25-A877-883ED2688CEC}.SSL-Debug|Win32.ActiveCfg = Debug|Win32
		{BE262A86-CC26-4B25-A877-883ED2688CEC}.SSL-Debug|Win32.Build.0 = Debug|Win32
		{BE262A86-CC26-4B25-A877-883ED2688CEC}.SSL-Release|Any CPU.ActiveCfg = Release|Win32
		{BE262A86-CC26-4B25-A877-883ED2688CEC}.SSL-Release|Mixed Platforms.ActiveCfg = Release|Win32
		{BE262A86-CC26-4B25-A877-883ED2688CEC}.SSL-Release|Mixed Platforms.Build.0 = Release|Win32
		{BE262A86-CC26-4B25-A877-883ED2688CEC}.SSL-Release|Win32.ActiveCfg = Release|Win32
		{BE262A86-CC26-4B25-A877-883ED2688CEC}.SSL-Release|Win32.Build.0 = Release|Win32
		{2A8BE839-6466-4001-B224-8F1C3168D04A}.Debug Dll|Any CPU.ActiveCfg = Debug|Win32
		{2A8BE839-6466-4001-B224-8F1C3168D04A}.Debug Dll|Mixed Platforms.ActiveCfg = Debug|Win32
		{2A8BE839-6466-4001-B224-8F1C3168D04A}.Debug Dll|Mixed Platforms.Build.0 = Debug|Win32
		{2A8BE839-6466-4001-B224-8F1C3168D04A}.Debug Dll|Win32.ActiveCfg = Debug|Win32
		{2A8BE839-6466-4001-B224-8F1C3168D04A}.Debug Dll|Win32.Build.0 = Debug|Win32
		{2A8BE839-6466-4001-B224-8F1C3168D04A}.Debug Lib|Any CPU.ActiveCfg = Debug|Win32
		{2A8BE839-6466-4001-B224-8F1C3168D04A}.Debug Lib|Mixed Platforms.ActiveCfg = Debug|Win32
		{2A8BE839-6466-4001-B224-8F1C3168D04A}.Debug Lib|Mixed Platforms.Build.0 = Debug|Win32
		{2A8BE839-6466-4001-B224-8F1C3168D04A}.Debug Lib|Win32.ActiveCfg = Debug|Win32
		{2A8BE839-6466-4001-B224-8F1C3168D04A}.Debug Lib|Win32.Build.0 = Debug|Win32
		{2A8BE839-6466-4001-B224-8F1C3168D04A}.Debug|Any CPU.ActiveCfg = Debug|Win32
		{2A8BE839-6466-4001-B224-8F1C3168D04A}.Debug|Mixed Platforms.ActiveCfg = Debug|Win32
		{2A8BE839-6466-4001-B224-8F1C3168D04A}.Debug|Mixed Platforms.Build.0 = Debug|Win32
		{2A8BE839-6466-4001-B224-8F1C3168D04A}.Debug|Win32.ActiveCfg = Debug|Win32
		{2A8BE839-6466-4001-B224-8F1C3168D04A}.Debug|Win32.Build.0 = Debug|Win32
		{2A8BE839-6466-4001-B224-8F1C3168D04A}.Release Dll|Any CPU.ActiveCfg = Release|Win32
		{2A8BE839-6466-4001-B224-8F1C3168D04A}.Release Dll|Mixed Platforms.ActiveCfg = Release|Win32
		{2A8BE839-6466-4001-B224-8F1C3168D04A}.Release Dll|Mixed Platforms.Build.0 = Release|Win32
		{2A8BE839-6466-4001-B224-8F1C3168D04A}.Release Dll|Win32.ActiveCfg = Release|Win32
		{2A8BE839-6466-4001-B224-8F1C3168D04A}.Release Dll|Win32.Build.0 = Release|Win32
		{2A8BE839-6466-4001-B224-8F1C3168D04A}.Release_SSE|Any CPU.ActiveCfg = Release|Win32
		{2A8BE839-6466-4001-B224-8F1C3168D04A}.Release_SSE|Mixed Platforms.ActiveCfg = Release|Win32
		{2A8BE839-6466-4001-B224-8F1C3168D04A}.Release_SSE|Mixed Platforms.Build.0 = Release|Win32
		{2A8BE839-6466-4001-B224-8F1C3168D04A}.Release_SSE|Win32.ActiveCfg = Release|Win32
		{2A8BE839-6466-4001-B224-8F1C3168D04A}.Release_SSE|Win32.Build.0 = Release|Win32
		{2A8BE839-6466-4001-B224-8F1C3168D04A}.Release_SSE2|Any CPU.ActiveCfg = Release|Win32
		{2A8BE839-6466-4001-B224-8F1C3168D04A}.Release_SSE2|Mixed Platforms.ActiveCfg = Release|Win32
		{2A8BE839-6466-4001-B224-8F1C3168D04A}.Release_SSE2|Mixed Platforms.Build.0 = Release|Win32
		{2A8BE839-6466-4001-B224-8F1C3168D04A}.Release_SSE2|Win32.ActiveCfg = Release|Win32
		{2A8BE839-6466-4001-B224-8F1C3168D04A}.Release_SSE2|Win32.Build.0 = Release|Win32
		{2A8BE839-6466-4001-B224-8F1C3168D04A}.Release|Any CPU.ActiveCfg = Release|Win32
		{2A8BE839-6466-4001-B224-8F1C3168D04A}.Release|Mixed Platforms.ActiveCfg = Release|Win32
		{2A8BE839-6466-4001-B224-8F1C3168D04A}.Release|Mixed Platforms.Build.0 = Release|Win32
		{2A8BE839-6466-4001-B224-8F1C3168D04A}.Release|Win32.ActiveCfg = Release|Win32
		{2A8BE839-6466-4001-B224-8F1C3168D04A}.Release|Win32.Build.0 = Release|Win32
		{2A8BE839-6466-4001-B224-8F1C3168D04A}.SSL-Debug|Any CPU.ActiveCfg = SSL-Debug|Win32
		{2A8BE839-6466-4001-B224-8F1C3168D04A}.SSL-Debug|Mixed Platforms.ActiveCfg = SSL-Debug|Win32
		{2A8BE839-6466-4001-B224-8F1C3168D04A}.SSL-Debug|Mixed Platforms.Build.0 = SSL-Debug|Win32
		{2A8BE839-6466-4001-B224-8F1C3168D04A}.SSL-Debug|Win32.ActiveCfg = SSL-Debug|Win32
		{2A8BE839-6466-4001-B224-8F1C3168D04A}.SSL-Debug|Win32.Build.0 = SSL-Debug|Win32
		{2A8BE839-6466-4001-B224-8F1C3168D04A}.SSL-Release|Any CPU.ActiveCfg = SSL-Release|Win32
		{2A8BE839-6466-4001-B224-8F1C3168D04A}.SSL-Release|Mixed Platforms.ActiveCfg = SSL-Release|Win32
		{2A8BE839-6466-4001-B224-8F1C3168D04A}.SSL-Release|Mixed Platforms.Build.0 = SSL-Release|Win32
		{2A8BE839-6466-4001-B224-8F1C3168D04A}.SSL-Release|Win32.ActiveCfg = SSL-Release|Win32
		{2A8BE839-6466-4001-B224-8F1C3168D04A}.SSL-Release|Win32.Build.0 = SSL-Release|Win32
		{31B0654F-E08E-405F-909F-80F86CB14B9D}.Debug Dll|Any CPU.ActiveCfg = Debug|Win32
		{31B0654F-E08E-405F-909F-80F86CB14B9D}.Debug Dll|Mixed Platforms.ActiveCfg = Debug|Win32
		{31B0654F-E08E-405F-909F-80F86CB14B9D}.Debug Dll|Mixed Platforms.Build.0 = Debug|Win32
		{31B0654F-E08E-405F-909F-80F86CB14B9D}.Debug Dll|Win32.ActiveCfg = Debug|Win32
		{31B0654F-E08E-405F-909F-80F86CB14B9D}.Debug Dll|Win32.Build.0 = Debug|Win32
		{31B0654F-E08E-405F-909F-80F86CB14B9D}.Debug Lib|Any CPU.ActiveCfg = Debug|Win32
		{31B0654F-E08E-405F-909F-80F86CB14B9D}.Debug Lib|Mixed Platforms.ActiveCfg = Debug|Win32
		{31B0654F-E08E-405F-909F-80F86CB14B9D}.Debug Lib|Mixed Platforms.Build.0 = Debug|Win32
		{31B0654F-E08E-405F-909F-80F86CB14B9D}.Debug Lib|Win32.ActiveCfg = Debug|Win32
		{31B0654F-E08E-405F-909F-80F86CB14B9D}.Debug Lib|Win32.Build.0 = Debug|Win32
		{31B0654F-E08E-405F-909F-80F86CB14B9D}.Debug|Any CPU.ActiveCfg = Debug|Win32
		{31B0654F-E08E-405F-909F-80F86CB14B9D}.Debug|Mixed Platforms.ActiveCfg = Debug|Win32
		{31B0654F-E08E-405F-909F-80F86CB14B9D}.Debug|Mixed Platforms.Build.0 = Debug|Win32
		{31B0654F-E08E-405F-909F-80F86CB14B9D}.Debug|Win32.ActiveCfg = Debug|Win32
		{31B0654F-E08E-405F-909F-80F86CB14B9D}.Debug|Win32.Build.0 = Debug|Win32
		{31B0654F-E08E-405F-909F-80F86CB14B9D}.Release Dll|Any CPU.ActiveCfg = Release|Win32
		{31B0654F-E08E-405F-909F-80F86CB14B9D}.Release Dll|Mixed Platforms.ActiveCfg = Release|Win32
		{31B0654F-E08E-405F-909F-80F86CB14B9D}.Release Dll|Mixed Platforms.Build.0 = Release|Win32
		{31B0654F-E08E-405F-909F-80F86CB14B9D}.Release Dll|Win32.ActiveCfg = Release|Win32
		{31B0654F-E08E-405F-909F-80F86CB14B9D}.Release Dll|Win32.Build.0 = Release|Win32
		{31B0654F-E08E-405F-909F-80F86CB14B9D}.Release_SSE|Any CPU.ActiveCfg = Release|Win32
		{31B0654F-E08E-405F-909F-80F86CB14B9D}.Release_SSE|Mixed Platforms.ActiveCfg = Release|Win32
		{31B0654F-E08E-405F-909F-80F86CB14B9D}.Release_SSE|Mixed Platforms.Build.0 = Release|Win32
		{31B0654F-E08E-405F-909F-80F86CB14B9D}.Release_SSE|Win32.ActiveCfg = Release|Win32
		{31B0654F-E08E-405F-909F-80F86CB14B9D}.Release_SSE|Win32.Build.0 = Release|Win32
		{31B0654F-E08E-405F-909F-80F86CB14B9D}.Release_SSE2|Any CPU.ActiveCfg = Release|Win32
		{31B0654F-E08E-405F-909F-80F86CB14B9D}.Release_SSE2|Mixed Platforms.ActiveCfg = Release|Win32
		{31B0654F-E08E-405F-909F-80F86CB14B9D}.Release_SSE2|Mixed Platforms.Build.0 = Release|Win32
		{31B0654F-E08E-405F-909F-80F86CB14B9D}.Release_SSE2|Win32.ActiveCfg = Release|Win32
		{31B0654F-E08E-405F-909F-80F86CB14B9D}.Release_SSE2|Win32.Build.0 = Release|Win32
		{31B0654F-E08E-405F-909F-80F86CB14B9D}.Release|Any CPU.ActiveCfg = Release|Win32
		{31B0654F-E08E-405F-909F-80F86CB14B9D}.Release|Mixed Platforms.ActiveCfg = Release|Win32
		{31B0654F-E08E-405F-909F-80F86CB14B9D}.Release|Mixed Platforms.Build.0 = Release|Win32
		{31B0654F-E08E-405F-909F-80F86CB14B9D}.Release|Win32.ActiveCfg = Release|Win32
		{31B0654F-E08E-405F-909F-80F86CB14B9D}.Release|Win32.Build.0 = Release|Win32
		{31B0654F-E08E-405F-909F-80F86CB14B9D}.SSL-Debug|Any CPU.ActiveCfg = SSL-Debug|Win32
		{31B0654F-E08E-405F-909F-80F86CB14B9D}.SSL-Debug|Mixed Platforms.ActiveCfg = SSL-Debug|Win32
		{31B0654F-E08E-405F-909F-80F86CB14B9D}.SSL-Debug|Mixed Platforms.Build.0 = SSL-Debug|Win32
		{31B0654F-E08E-405F-909F-80F86CB14B9D}.SSL-Debug|Win32.ActiveCfg = SSL-Debug|Win32
		{31B0654F-E08E-405F-909F-80F86CB14B9D}.SSL-Debug|Win32.Build.0 = SSL-Debug|Win32
		{31B0654F-E08E-405F-909F-80F86CB14B9D}.SSL-Release|Any CPU.ActiveCfg = SSL-Release|Win32
		{31B0654F-E08E-405F-909F-80F86CB14B9D}.SSL-Release|Mixed Platforms.ActiveCfg = SSL-Release|Win32
		{31B0654F-E08E-405F-909F-80F86CB14B9D}.SSL-Release|Mixed Platforms.Build.0 = SSL-Release|Win32
		{31B0654F-E08E-405F-909F-80F86CB14B9D}.SSL-Release|Win32.ActiveCfg = SSL-Release|Win32
		{31B0654F-E08E-405F-909F-80F86CB14B9D}.SSL-Release|Win32.Build.0 = SSL-Release|Win32
		{5973C598-5CB7-4724-A1EB-EBE3D9F84927}.Debug Dll|Any CPU.ActiveCfg = Debug|Win32
		{5973C598-5CB7-4724-A1EB-EBE3D9F84927}.Debug Dll|Mixed Platforms.ActiveCfg = Debug|Win32
		{5973C598-5CB7-4724-A1EB-EBE3D9F84927}.Debug Dll|Mixed Platforms.Build.0 = Debug|Win32
		{5973C598-5CB7-4724-A1EB-EBE3D9F84927}.Debug Dll|Win32.ActiveCfg = Debug|Win32
		{5973C598-5CB7-4724-A1EB-EBE3D9F84927}.Debug Dll|Win32.Build.0 = Debug|Win32
		{5973C598-5CB7-4724-A1EB-EBE3D9F84927}.Debug Lib|Any CPU.ActiveCfg = Debug|Win32
		{5973C598-5CB7-4724-A1EB-EBE3D9F84927}.Debug Lib|Mixed Platforms.ActiveCfg = Debug|Win32
		{5973C598-5CB7-4724-A1EB-EBE3D9F84927}.Debug Lib|Mixed Platforms.Build.0 = Debug|Win32
		{5973C598-5CB7-4724-A1EB-EBE3D9F84927}.Debug Lib|Win32.ActiveCfg = Debug|Win32
		{5973C598-5CB7-4724-A1EB-EBE3D9F84927}.Debug Lib|Win32.Build.0 = Debug|Win32
		{5973C598-5CB7-4724-A1EB-EBE3D9F84927}.Debug|Any CPU.ActiveCfg = Debug|Win32
		{5973C598-5CB7-4724-A1EB-EBE3D9F84927}.Debug|Mixed Platforms.ActiveCfg = Debug|Win32
		{5973C598-5CB7-4724-A1EB-EBE3D9F84927}.Debug|Mixed Platforms.Build.0 = Debug|Win32
		{5973C598-5CB7-4724-A1EB-EBE3D9F84927}.Debug|Win32.ActiveCfg = Debug|Win32
		{5973C598-5CB7-4724-A1EB-EBE3D9F84927}.Debug|Win32.Build.0 = Debug|Win32
		{5973C598-5CB7-4724-A1EB-EBE3D9F84927}.Release Dll|Any CPU.ActiveCfg = Release|Win32
		{5973C598-5CB7-4724-A1EB-EBE3D9F84927}.Release Dll|Mixed Platforms.ActiveCfg = Release|Win32
		{5973C598-5CB7-4724-A1EB-EBE3D9F84927}.Release Dll|Mixed Platforms.Build.0 = Release|Win32
		{5973C598-5CB7-4724-A1EB-EBE3D9F84927}.Release Dll|Win32.ActiveCfg = Release|Win32
		{5973C598-5CB7-4724-A1EB-EBE3D9F84927}.Release Dll|Win32.Build.0 = Release|Win32
		{5973C598-5CB7-4724-A1EB-EBE3D9F84927}.Release_SSE|Any CPU.ActiveCfg = Release|Win32
		{5973C598-5CB7-4724-A1EB-EBE3D9F84927}.Release_SSE|Mixed Platforms.ActiveCfg = Release|Win32
		{5973C598-5CB7-4724-A1EB-EBE3D9F84927}.Release_SSE|Mixed Platforms.Build.0 = Release|Win32
		{5973C598-5CB7-4724-A1EB-EBE3D9F84927}.Release_SSE|Win32.ActiveCfg = Release|Win32
		{5973C598-5CB7-4724-A1EB-EBE3D9F84927}.Release_SSE|Win32.Build.0 = Release|Win32
		{5973C598-5CB7-4724-A1EB-EBE3D9F84927}.Release_SSE2|Any CPU.ActiveCfg = Release|Win32
		{5973C598-5CB7-4724-A1EB-EBE3D9F84927}.Release_SSE2|Mixed Platforms.ActiveCfg = Release|Win32
		{5973C598-5CB7-4724-A1EB-EBE3D9F84927}.Release_SSE2|Mixed Platforms.Build.0 = Release|Win32
		{5973C598-5CB7-4724-A1EB-EBE3D9F84927}.Release_SSE2|Win32.ActiveCfg = Release|Win32
		{5973C598-5CB7-4724-A1EB-EBE3D9F84927}.Release_SSE2|Win32.Build.0 = Release|Win32
		{5973C598-5CB7-4724-A1EB-EBE3D9F84927}.Release|Any CPU.ActiveCfg = Release|Win32
		{5973C598-5CB7-4724-A1EB-EBE3D9F84927}.Release|Mixed Platforms.ActiveCfg = Release|Win32
		{5973C598-5CB7-4724-A1EB-EBE3D9F84927}.Release|Mixed Platforms.Build.0 = Release|Win32
		{5973C598-5CB7-4724-A1EB-EBE3D9F84927}.Release|Win32.ActiveCfg = Release|Win32
		{5973C598-5CB7-4724-A1EB-EBE3D9F84927}.Release|Win32.Build.0 = Release|Win32
		{5973C598-5CB7-4724-A1EB-EBE3D9F84927}.SSL-Debug|Any CPU.ActiveCfg = SSL-Debug|Win32
		{5973C598-5CB7-4724-A1EB-EBE3D9F84927}.SSL-Debug|Mixed Platforms.ActiveCfg = SSL-Debug|Win32
		{5973C598-5CB7-4724-A1EB-EBE3D9F84927}.SSL-Debug|Mixed Platforms.Build.0 = SSL-Debug|Win32
		{5973C598-5CB7-4724-A1EB-EBE3D9F84927}.SSL-Debug|Win32.ActiveCfg = SSL-Debug|Win32
		{5973C598-5CB7-4724-A1EB-EBE3D9F84927}.SSL-Debug|Win32.Build.0 = SSL-Debug|Win32
		{5973C598-5CB7-4724-A1EB-EBE3D9F84927}.SSL-Release|Any CPU.ActiveCfg = SSL-Release|Win32
		{5973C598-5CB7-4724-A1EB-EBE3D9F84927}.SSL-Release|Mixed Platforms.ActiveCfg = SSL-Release|Win32
		{5973C598-5CB7-4724-A1EB-EBE3D9F84927}.SSL-Release|Mixed Platforms.Build.0 = SSL-Release|Win32
		{5973C598-5CB7-4724-A1EB-EBE3D9F84927}.SSL-Release|Win32.ActiveCfg = SSL-Release|Win32
		{5973C598-5CB7-4724-A1EB-EBE3D9F84927}.SSL-Release|Win32.Build.0 = SSL-Release|Win32
		{16CD976A-5D3B-4329-88BA-A32560CDFCC6}.Debug Dll|Any CPU.ActiveCfg = Debug|Win32
		{16CD976A-5D3B-4329-88BA-A32560CDFCC6}.Debug Dll|Mixed Platforms.ActiveCfg = Debug|Win32
		{16CD976A-5D3B-4329-88BA-A32560CDFCC6}.Debug Dll|Mixed Platforms.Build.0 = Debug|Win32
		{16CD976A-5D3B-4329-88BA-A32560CDFCC6}.Debug Dll|Win32.ActiveCfg = Debug|Win32
		{16CD976A-5D3B-4329-88BA-A32560CDFCC6}.Debug Dll|Win32.Build.0 = Debug|Win32
		{16CD976A-5D3B-4329-88BA-A32560CDFCC6}.Debug Lib|Any CPU.ActiveCfg = Debug|Win32
		{16CD976A-5D3B-4329-88BA-A32560CDFCC6}.Debug Lib|Mixed Platforms.ActiveCfg = Debug|Win32
		{16CD976A-5D3B-4329-88BA-A32560CDFCC6}.Debug Lib|Mixed Platforms.Build.0 = Debug|Win32
		{16CD976A-5D3B-4329-88BA-A32560CDFCC6}.Debug Lib|Win32.ActiveCfg = Debug|Win32
		{16CD976A-5D3B-4329-88BA-A32560CDFCC6}.Debug Lib|Win32.Build.0 = Debug|Win32
		{16CD976A-5D3B-4329-88BA-A32560CDFCC6}.Debug|Any CPU.ActiveCfg = Debug|Win32
		{16CD976A-5D3B-4329-88BA-A32560CDFCC6}.Debug|Mixed Platforms.ActiveCfg = Debug|Win32
		{16CD976A-5D3B-4329-88BA-A32560CDFCC6}.Debug|Mixed Platforms.Build.0 = Debug|Win32
		{16CD976A-5D3B-4329-88BA-A32560CDFCC6}.Debug|Win32.ActiveCfg = Debug|Win32
		{16CD976A-5D3B-4329-88BA-A32560CDFCC6}.Debug|Win32.Build.0 = Debug|Win32
		{16CD976A-5D3B-4329-88BA-A32560CDFCC6}.Release Dll|Any CPU.ActiveCfg = Release|Win32
		{16CD976A-5D3B-4329-88BA-A32560CDFCC6}.Release Dll|Mixed Platforms.ActiveCfg = Release|Win32
		{16CD976A-5D3B-4329-88BA-A32560CDFCC6}.Release Dll|Mixed Platforms.Build.0 = Release|Win32
		{16CD976A-5D3B-4329-88BA-A32560CDFCC6}.Release Dll|Win32.ActiveCfg = Release|Win32
		{16CD976A-5D3B-4329-88BA-A32560CDFCC6}.Release Dll|Win32.Build.0 = Release|Win32
		{16CD976A-5D3B-4329-88BA-A32560CDFCC6}.Release_SSE|Any CPU.ActiveCfg = Release|Win32
		{16CD976A-5D3B-4329-88BA-A32560CDFCC6}.Release_SSE|Mixed Platforms.ActiveCfg = Release|Win32
		{16CD976A-5D3B-4329-88BA-A32560CDFCC6}.Release_SSE|Mixed Platforms.Build.0 = Release|Win32
		{16CD976A-5D3B-4329-88BA-A32560CDFCC6}.Release_SSE|Win32.ActiveCfg = Release|Win32
		{16CD976A-5D3B-4329-88BA-A32560CDFCC6}.Release_SSE|Win32.Build.0 = Release|Win32
		{16CD976A-5D3B-4329-88BA-A32560CDFCC6}.Release_SSE2|Any CPU.ActiveCfg = Release|Win32
		{16CD976A-5D3B-4329-88BA-A32560CDFCC6}.Release_SSE2|Mixed Platforms.ActiveCfg = Release|Win32
		{16CD976A-5D3B-4329-88BA-A32560CDFCC6}.Release_SSE2|Mixed Platforms.Build.0 = Release|Win32
		{16CD976A-5D3B-4329-88BA-A32560CDFCC6}.Release_SSE2|Win32.ActiveCfg = Release|Win32
		{16CD976A-5D3B-4329-88BA-A32560CDFCC6}.Release_SSE2|Win32.Build.0 = Release|Win32
		{16CD976A-5D3B-4329-88BA-A32560CDFCC6}.Release|Any CPU.ActiveCfg = Release|Win32
		{16CD976A-5D3B-4329-88BA-A32560CDFCC6}.Release|Mixed Platforms.ActiveCfg = Release|Win32
		{16CD976A-5D3B-4329-88BA-A32560CDFCC6}.Release|Mixed Platforms.Build.0 = Release|Win32
		{16CD976A-5D3B-4329-88BA-A32560CDFCC6}.Release|Win32.ActiveCfg = Release|Win32
		{16CD976A-5D3B-4329-88BA-A32560CDFCC6}.Release|Win32.Build.0 = Release|Win32
		{16CD976A-5D3B-4329-88BA-A32560CDFCC6}.SSL-Debug|Any CPU.ActiveCfg = SSL-Debug|Win32
		{16CD976A-5D3B-4329-88BA-A32560CDFCC6}.SSL-Debug|Mixed Platforms.ActiveCfg = SSL-Debug|Win32
		{16CD976A-5D3B-4329-88BA-A32560CDFCC6}.SSL-Debug|Mixed Platforms.Build.0 = SSL-Debug|Win32
		{16CD976A-5D3B-4329-88BA-A32560CDFCC6}.SSL-Debug|Win32.ActiveCfg = SSL-Debug|Win32
		{16CD976A-5D3B-4329-88BA-A32560CDFCC6}.SSL-Debug|Win32.Build.0 = SSL-Debug|Win32
		{16CD976A-5D3B-4329-88BA-A32560CDFCC6}.SSL-Release|Any CPU.ActiveCfg = SSL-Release|Win32
		{16CD976A-5D3B-4329-88BA-A32560CDFCC6}.SSL-Release|Mixed Platforms.ActiveCfg = SSL-Release|Win32
		{16CD976A-5D3B-4329-88BA-A32560CDFCC6}.SSL-Release|Mixed Platforms.Build.0 = SSL-Release|Win32
		{16CD976A-5D3B-4329-88BA-A32560CDFCC6}.SSL-Release|Win32.ActiveCfg = SSL-Release|Win32
		{16CD976A-5D3B-4329-88BA-A32560CDFCC6}.SSL-Release|Win32.Build.0 = SSL-Release|Win32
		{34E29A7D-181B-4A13-9194-EB2300000000}.Debug Dll|Any CPU.ActiveCfg = Debug|Win32
		{34E29A7D-181B-4A13-9194-EB2300000000}.Debug Dll|Mixed Platforms.ActiveCfg = Debug|Win32
		{34E29A7D-181B-4A13-9194-EB2300000000}.Debug Dll|Mixed Platforms.Build.0 = Debug|Win32
		{34E29A7D-181B-4A13-9194-EB2300000000}.Debug Dll|Win32.ActiveCfg = Debug|Win32
		{34E29A7D-181B-4A13-9194-EB2300000000}.Debug Dll|Win32.Build.0 = Debug|Win32
		{34E29A7D-181B-4A13-9194-EB2300000000}.Debug Lib|Any CPU.ActiveCfg = Debug|Win32
		{34E29A7D-181B-4A13-9194-EB2300000000}.Debug Lib|Mixed Platforms.ActiveCfg = Debug|Win32
		{34E29A7D-181B-4A13-9194-EB2300000000}.Debug Lib|Mixed Platforms.Build.0 = Debug|Win32
		{34E29A7D-181B-4A13-9194-EB2300000000}.Debug Lib|Win32.ActiveCfg = Debug|Win32
		{34E29A7D-181B-4A13-9194-EB2300000000}.Debug Lib|Win32.Build.0 = Debug|Win32
		{34E29A7D-181B-4A13-9194-EB2300000000}.Debug|Any CPU.ActiveCfg = Debug|Win32
		{34E29A7D-181B-4A13-9194-EB2300000000}.Debug|Mixed Platforms.ActiveCfg = Debug|Win32
		{34E29A7D-181B-4A13-9194-EB2300000000}.Debug|Mixed Platforms.Build.0 = Debug|Win32
		{34E29A7D-181B-4A13-9194-EB2300000000}.Debug|Win32.ActiveCfg = Debug|Win32
		{34E29A7D-181B-4A13-9194-EB2300000000}.Debug|Win32.Build.0 = Debug|Win32
		{34E29A7D-181B-4A13-9194-EB2300000000}.Release Dll|Any CPU.ActiveCfg = Release|Win32
		{34E29A7D-181B-4A13-9194-EB2300000000}.Release Dll|Mixed Platforms.ActiveCfg = Release|Win32
		{34E29A7D-181B-4A13-9194-EB2300000000}.Release Dll|Mixed Platforms.Build.0 = Release|Win32
		{34E29A7D-181B-4A13-9194-EB2300000000}.Release Dll|Win32.ActiveCfg = Release|Win32
		{34E29A7D-181B-4A13-9194-EB2300000000}.Release Dll|Win32.Build.0 = Release|Win32
		{34E29A7D-181B-4A13-9194-EB2300000000}.Release_SSE|Any CPU.ActiveCfg = Release|Win32
		{34E29A7D-181B-4A13-9194-EB2300000000}.Release_SSE|Mixed Platforms.ActiveCfg = Release|Win32
		{34E29A7D-181B-4A13-9194-EB2300000000}.Release_SSE|Mixed Platforms.Build.0 = Release|Win32
		{34E29A7D-181B-4A13-9194-EB2300000000}.Release_SSE|Win32.ActiveCfg = Release|Win32
		{34E29A7D-181B-4A13-9194-EB2300000000}.Release_SSE|Win32.Build.0 = Release|Win32
		{34E29A7D-181B-4A13-9194-EB2300000000}.Release_SSE2|Any CPU.ActiveCfg = Release|Win32
		{34E29A7D-181B-4A13-9194-EB2300000000}.Release_SSE2|Mixed Platforms.ActiveCfg = Release|Win32
		{34E29A7D-181B-4A13-9194-EB2300000000}.Release_SSE2|Mixed Platforms.Build.0 = Release|Win32
		{34E29A7D-181B-4A13-9194-EB2300000000}.Release_SSE2|Win32.ActiveCfg = Release|Win32
		{34E29A7D-181B-4A13-9194-EB2300000000}.Release_SSE2|Win32.Build.0 = Release|Win32
		{34E29A7D-181B-4A13-9194-EB2300000000}.Release|Any CPU.ActiveCfg = Release|Win32
		{34E29A7D-181B-4A13-9194-EB2300000000}.Release|Mixed Platforms.ActiveCfg = Release|Win32
		{34E29A7D-181B-4A13-9194-EB2300000000}.Release|Mixed Platforms.Build.0 = Release|Win32
		{34E29A7D-181B-4A13-9194-EB2300000000}.Release|Win32.ActiveCfg = Release|Win32
		{34E29A7D-181B-4A13-9194-EB2300000000}.Release|Win32.Build.0 = Release|Win32
		{34E29A7D-181B-4A13-9194-EB2300000000}.SSL-Debug|Any CPU.ActiveCfg = SSL-Debug|Win32
		{34E29A7D-181B-4A13-9194-EB2300000000}.SSL-Debug|Mixed Platforms.ActiveCfg = SSL-Debug|Win32
		{34E29A7D-181B-4A13-9194-EB2300000000}.SSL-Debug|Mixed Platforms.Build.0 = SSL-Debug|Win32
		{34E29A7D-181B-4A13-9194-EB2300000000}.SSL-Debug|Win32.ActiveCfg = SSL-Debug|Win32
		{34E29A7D-181B-4A13-9194-EB2300000000}.SSL-Debug|Win32.Build.0 = SSL-Debug|Win32
		{34E29A7D-181B-4A13-9194-EB2300000000}.SSL-Release|Any CPU.ActiveCfg = SSL-Release|Win32
		{34E29A7D-181B-4A13-9194-EB2300000000}.SSL-Release|Mixed Platforms.ActiveCfg = SSL-Release|Win32
		{34E29A7D-181B-4A13-9194-EB2300000000}.SSL-Release|Mixed Platforms.Build.0 = SSL-Release|Win32
		{34E29A7D-181B-4A13-9194-EB2300000000}.SSL-Release|Win32.ActiveCfg = SSL-Release|Win32
		{34E29A7D-181B-4A13-9194-EB2300000000}.SSL-Release|Win32.Build.0 = SSL-Release|Win32
		{3D0E5CEB-93DC-4FDB-918B-D08FA369E106}.Debug Dll|Any CPU.ActiveCfg = Debug|Win32
		{3D0E5CEB-93DC-4FDB-918B-D08FA369E106}.Debug Dll|Mixed Platforms.ActiveCfg = Debug|Win32
		{3D0E5CEB-93DC-4FDB-918B-D08FA369E106}.Debug Dll|Mixed Platforms.Build.0 = Debug|Win32
		{3D0E5CEB-93DC-4FDB-918B-D08FA369E106}.Debug Dll|Win32.ActiveCfg = Debug|Win32
		{3D0E5CEB-93DC-4FDB-918B-D08FA369E106}.Debug Dll|Win32.Build.0 = Debug|Win32
		{3D0E5CEB-93DC-4FDB-918B-D08FA369E106}.Debug Lib|Any CPU.ActiveCfg = Debug|Win32
		{3D0E5CEB-93DC-4FDB-918B-D08FA369E106}.Debug Lib|Mixed Platforms.ActiveCfg = Debug|Win32
		{3D0E5CEB-93DC-4FDB-918B-D08FA369E106}.Debug Lib|Mixed Platforms.Build.0 = Debug|Win32
		{3D0E5CEB-93DC-4FDB-918B-D08FA369E106}.Debug Lib|Win32.ActiveCfg = Debug|Win32
		{3D0E5CEB-93DC-4FDB-918B-D08FA369E106}.Debug Lib|Win32.Build.0 = Debug|Win32
		{3D0E5CEB-93DC-4FDB-918B-D08FA369E106}.Debug|Any CPU.ActiveCfg = Debug|Win32
		{3D0E5CEB-93DC-4FDB-918B-D08FA369E106}.Debug|Mixed Platforms.ActiveCfg = Debug|Win32
		{3D0E5CEB-93DC-4FDB-918B-D08FA369E106}.Debug|Mixed Platforms.Build.0 = Debug|Win32
		{3D0E5CEB-93DC-4FDB-918B-D08FA369E106}.Debug|Win32.ActiveCfg = Debug|Win32
		{3D0E5CEB-93DC-4FDB-918B-D08FA369E106}.Debug|Win32.Build.0 = Debug|Win32
		{3D0E5CEB-93DC-4FDB-918B-D08FA369E106}.Release Dll|Any CPU.ActiveCfg = Release|Win32
		{3D0E5CEB-93DC-4FDB-918B-D08FA369E106}.Release Dll|Mixed Platforms.ActiveCfg = Release|Win32
		{3D0E5CEB-93DC-4FDB-918B-D08FA369E106}.Release Dll|Mixed Platforms.Build.0 = Release|Win32
		{3D0E5CEB-93DC-4FDB-918B-D08FA369E106}.Release Dll|Win32.ActiveCfg = Release|Win32
		{3D0E5CEB-93DC-4FDB-918B-D08FA369E106}.Release Dll|Win32.Build.0 = Release|Win32
		{3D0E5CEB-93DC-4FDB-918B-D08FA369E106}.Release_SSE|Any CPU.ActiveCfg = Release|Win32
		{3D0E5CEB-93DC-4FDB-918B-D08FA369E106}.Release_SSE|Mixed Platforms.ActiveCfg = Release|Win32
		{3D0E5CEB-93DC-4FDB-918B-D08FA369E106}.Release_SSE|Mixed Platforms.Build.0 = Release|Win32
		{3D0E5CEB-93DC-4FDB-918B-D08FA369E106}.Release_SSE|Win32.ActiveCfg = Release|Win32
		{3D0E5CEB-93DC-4FDB-918B-D08FA369E106}.Release_SSE|Win32.Build.0 = Release|Win32
		{3D0E5CEB-93DC-4FDB-918B-D08FA369E106}.Release_SSE2|Any CPU.ActiveCfg = Release|Win32
		{3D0E5CEB-93DC-4FDB-918B-D08FA369E106}.Release_SSE2|Mixed Platforms.ActiveCfg = Release|Win32
		{3D0E5CEB-93DC-4FDB-918B-D08FA369E106}.Release_SSE2|Mixed Platforms.Build.0 = Release|Win32
		{3D0E5CEB-93DC-4FDB-918B-D08FA369E106}.Release_SSE2|Win32.ActiveCfg = Release|Win32
		{3D0E5CEB-93DC-4FDB-918B-D08FA369E106}.Release_SSE2|Win32.Build.0 = Release|Win32
		{3D0E5CEB-93DC-4FDB-918B-D08FA369E106}.Release|Any CPU.ActiveCfg = Release|Win32
		{3D0E5CEB-93DC-4FDB-918B-D08FA369E106}.Release|Mixed Platforms.ActiveCfg = Release|Win32
		{3D0E5CEB-93DC-4FDB-918B-D08FA369E106}.Release|Mixed Platforms.Build.0 = Release|Win32
		{3D0E5CEB-93DC-4FDB-918B-D08FA369E106}.Release|Win32.ActiveCfg = Release|Win32
		{3D0E5CEB-93DC-4FDB-918B-D08FA369E106}.Release|Win32.Build.0 = Release|Win32
		{3D0E5CEB-93DC-4FDB-918B-D08FA369E106}.SSL-Debug|Any CPU.ActiveCfg = SSL-Debug|Win32
		{3D0E5CEB-93DC-4FDB-918B-D08FA369E106}.SSL-Debug|Mixed Platforms.ActiveCfg = SSL-Debug|Win32
		{3D0E5CEB-93DC-4FDB-918B-D08FA369E106}.SSL-Debug|Mixed Platforms.Build.0 = SSL-Debug|Win32
		{3D0E5CEB-93DC-4FDB-918B-D08FA369E106}.SSL-Debug|Win32.ActiveCfg = SSL-Debug|Win32
		{3D0E5CEB-93DC-4FDB-918B-D08FA369E106}.SSL-Debug|Win32.Build.0 = SSL-Debug|Win32
		{3D0E5CEB-93DC-4FDB-918B-D08FA369E106}.SSL-Release|Any CPU.ActiveCfg = SSL-Release|Win32
		{3D0E5CEB-93DC-4FDB-918B-D08FA369E106}.SSL-Release|Mixed Platforms.ActiveCfg = SSL-Release|Win32
		{3D0E5CEB-93DC-4FDB-918B-D08FA369E106}.SSL-Release|Mixed Platforms.Build.0 = SSL-Release|Win32
		{3D0E5CEB-93DC-4FDB-918B-D08FA369E106}.SSL-Release|Win32.ActiveCfg = SSL-Release|Win32
		{3D0E5CEB-93DC-4FDB-918B-D08FA369E106}.SSL-Release|Win32.Build.0 = SSL-Release|Win32
		{9E5A7645-1502-4467-91F8-BCF2EB06EF72}.Debug Dll|Any CPU.ActiveCfg = Debug|Win32
		{9E5A7645-1502-4467-91F8-BCF2EB06EF72}.Debug Dll|Mixed Platforms.ActiveCfg = Debug|Win32
		{9E5A7645-1502-4467-91F8-BCF2EB06EF72}.Debug Dll|Mixed Platforms.Build.0 = Debug|Win32
		{9E5A7645-1502-4467-91F8-BCF2EB06EF72}.Debug Dll|Win32.ActiveCfg = Debug|Win32
		{9E5A7645-1502-4467-91F8-BCF2EB06EF72}.Debug Dll|Win32.Build.0 = Debug|Win32
		{9E5A7645-1502-4467-91F8-BCF2EB06EF72}.Debug Lib|Any CPU.ActiveCfg = Debug|Win32
		{9E5A7645-1502-4467-91F8-BCF2EB06EF72}.Debug Lib|Mixed Platforms.ActiveCfg = Debug|Win32
		{9E5A7645-1502-4467-91F8-BCF2EB06EF72}.Debug Lib|Mixed Platforms.Build.0 = Debug|Win32
		{9E5A7645-1502-4467-91F8-BCF2EB06EF72}.Debug Lib|Win32.ActiveCfg = Debug|Win32
		{9E5A7645-1502-4467-91F8-BCF2EB06EF72}.Debug Lib|Win32.Build.0 = Debug|Win32
		{9E5A7645-1502-4467-91F8-BCF2EB06EF72}.Debug|Any CPU.ActiveCfg = Debug|Win32
		{9E5A7645-1502-4467-91F8-BCF2EB06EF72}.Debug|Mixed Platforms.ActiveCfg = Debug|Win32
		{9E5A7645-1502-4467-91F8-BCF2EB06EF72}.Debug|Mixed Platforms.Build.0 = Debug|Win32
		{9E5A7645-1502-4467-91F8-BCF2EB06EF72}.Debug|Win32.ActiveCfg = Debug|Win32
		{9E5A7645-1502-4467-91F8-BCF2EB06EF72}.Debug|Win32.Build.0 = Debug|Win32
		{9E5A7645-1502-4467-91F8-BCF2EB06EF72}.Release Dll|Any CPU.ActiveCfg = Release|Win32
		{9E5A7645-1502-4467-91F8-BCF2EB06EF72}.Release Dll|Mixed Platforms.ActiveCfg = Release|Win32
		{9E5A7645-1502-4467-91F8-BCF2EB06EF72}.Release Dll|Mixed Platforms.Build.0 = Release|Win32
		{9E5A7645-1502-4467-91F8-BCF2EB06EF72}.Release Dll|Win32.ActiveCfg = Release|Win32
		{9E5A7645-1502-4467-91F8-BCF2EB06EF72}.Release Dll|Win32.Build.0 = Release|Win32
		{9E5A7645-1502-4467-91F8-BCF2EB06EF72}.Release_SSE|Any CPU.ActiveCfg = Release|Win32
		{9E5A7645-1502-4467-91F8-BCF2EB06EF72}.Release_SSE|Mixed Platforms.ActiveCfg = Release|Win32
		{9E5A7645-1502-4467-91F8-BCF2EB06EF72}.Release_SSE|Mixed Platforms.Build.0 = Release|Win32
		{9E5A7645-1502-4467-91F8-BCF2EB06EF72}.Release_SSE|Win32.ActiveCfg = Release|Win32
		{9E5A7645-1502-4467-91F8-BCF2EB06EF72}.Release_SSE|Win32.Build.0 = Release|Win32
		{9E5A7645-1502-4467-91F8-BCF2EB06EF72}.Release_SSE2|Any CPU.ActiveCfg = Release|Win32
		{9E5A7645-1502-4467-91F8-BCF2EB06EF72}.Release_SSE2|Mixed Platforms.ActiveCfg = Release|Win32
		{9E5A7645-1502-4467-91F8-BCF2EB06EF72}.Release_SSE2|Mixed Platforms.Build.0 = Release|Win32
		{9E5A7645-1502-4467-91F8-BCF2EB06EF72}.Release_SSE2|Win32.ActiveCfg = Release|Win32
		{9E5A7645-1502-4467-91F8-BCF2EB06EF72}.Release_SSE2|Win32.Build.0 = Release|Win32
		{9E5A7645-1502-4467-91F8-BCF2EB06EF72}.Release|Any CPU.ActiveCfg = Release|Win32
		{9E5A7645-1502-4467-91F8-BCF2EB06EF72}.Release|Mixed Platforms.ActiveCfg = Release|Win32
		{9E5A7645-1502-4467-91F8-BCF2EB06EF72}.Release|Mixed Platforms.Build.0 = Release|Win32
		{9E5A7645-1502-4467-91F8-BCF2EB06EF72}.Release|Win32.ActiveCfg = Release|Win32
		{9E5A7645-1502-4467-91F8-BCF2EB06EF72}.Release|Win32.Build.0 = Release|Win32
		{9E5A7645-1502-4467-91F8-BCF2EB06EF72}.SSL-Debug|Any CPU.ActiveCfg = Debug|Win32
		{9E5A7645-1502-4467-91F8-BCF2EB06EF72}.SSL-Debug|Mixed Platforms.ActiveCfg = Debug|Win32
		{9E5A7645-1502-4467-91F8-BCF2EB06EF72}.SSL-Debug|Mixed Platforms.Build.0 = Debug|Win32
		{9E5A7645-1502-4467-91F8-BCF2EB06EF72}.SSL-Debug|Win32.ActiveCfg = Debug|Win32
		{9E5A7645-1502-4467-91F8-BCF2EB06EF72}.SSL-Debug|Win32.Build.0 = Debug|Win32
		{9E5A7645-1502-4467-91F8-BCF2EB06EF72}.SSL-Release|Any CPU.ActiveCfg = Release|Win32
		{9E5A7645-1502-4467-91F8-BCF2EB06EF72}.SSL-Release|Mixed Platforms.ActiveCfg = Release|Win32
		{9E5A7645-1502-4467-91F8-BCF2EB06EF72}.SSL-Release|Mixed Platforms.Build.0 = Release|Win32
		{9E5A7645-1502-4467-91F8-BCF2EB06EF72}.SSL-Release|Win32.ActiveCfg = Release|Win32
		{9E5A7645-1502-4467-91F8-BCF2EB06EF72}.SSL-Release|Win32.Build.0 = Release|Win32
		{B933F895-8EFB-4FDD-A46D-09B8C00D1D26}.Debug Dll|Any CPU.ActiveCfg = Debug|Win32
		{B933F895-8EFB-4FDD-A46D-09B8C00D1D26}.Debug Dll|Mixed Platforms.ActiveCfg = Debug|Win32
		{B933F895-8EFB-4FDD-A46D-09B8C00D1D26}.Debug Dll|Mixed Platforms.Build.0 = Debug|Win32
		{B933F895-8EFB-4FDD-A46D-09B8C00D1D26}.Debug Dll|Win32.ActiveCfg = Debug|Win32
		{B933F895-8EFB-4FDD-A46D-09B8C00D1D26}.Debug Dll|Win32.Build.0 = Debug|Win32
		{B933F895-8EFB-4FDD-A46D-09B8C00D1D26}.Debug Lib|Any CPU.ActiveCfg = Debug|Win32
		{B933F895-8EFB-4FDD-A46D-09B8C00D1D26}.Debug Lib|Mixed Platforms.ActiveCfg = Debug|Win32
		{B933F895-8EFB-4FDD-A46D-09B8C00D1D26}.Debug Lib|Mixed Platforms.Build.0 = Debug|Win32
		{B933F895-8EFB-4FDD-A46D-09B8C00D1D26}.Debug Lib|Win32.ActiveCfg = Debug|Win32
		{B933F895-8EFB-4FDD-A46D-09B8C00D1D26}.Debug Lib|Win32.Build.0 = Debug|Win32
		{B933F895-8EFB-4FDD-A46D-09B8C00D1D26}.Debug|Any CPU.ActiveCfg = Debug|Win32
		{B933F895-8EFB-4FDD-A46D-09B8C00D1D26}.Debug|Mixed Platforms.ActiveCfg = Debug|Win32
		{B933F895-8EFB-4FDD-A46D-09B8C00D1D26}.Debug|Mixed Platforms.Build.0 = Debug|Win32
		{B933F895-8EFB-4FDD-A46D-09B8C00D1D26}.Debug|Win32.ActiveCfg = Debug|Win32
		{B933F895-8EFB-4FDD-A46D-09B8C00D1D26}.Debug|Win32.Build.0 = Debug|Win32
		{B933F895-8EFB-4FDD-A46D-09B8C00D1D26}.Release Dll|Any CPU.ActiveCfg = Release|Win32
		{B933F895-8EFB-4FDD-A46D-09B8C00D1D26}.Release Dll|Mixed Platforms.ActiveCfg = Release|Win32
		{B933F895-8EFB-4FDD-A46D-09B8C00D1D26}.Release Dll|Mixed Platforms.Build.0 = Release|Win32
		{B933F895-8EFB-4FDD-A46D-09B8C00D1D26}.Release Dll|Win32.ActiveCfg = Release|Win32
		{B933F895-8EFB-4FDD-A46D-09B8C00D1D26}.Release Dll|Win32.Build.0 = Release|Win32
		{B933F895-8EFB-4FDD-A46D-09B8C00D1D26}.Release_SSE|Any CPU.ActiveCfg = Release|Win32
		{B933F895-8EFB-4FDD-A46D-09B8C00D1D26}.Release_SSE|Mixed Platforms.ActiveCfg = Release|Win32
		{B933F895-8EFB-4FDD-A46D-09B8C00D1D26}.Release_SSE|Mixed Platforms.Build.0 = Release|Win32
		{B933F895-8EFB-4FDD-A46D-09B8C00D1D26}.Release_SSE|Win32.ActiveCfg = Release|Win32
		{B933F895-8EFB-4FDD-A46D-09B8C00D1D26}.Release_SSE|Win32.Build.0 = Release|Win32
		{B933F895-8EFB-4FDD-A46D-09B8C00D1D26}.Release_SSE2|Any CPU.ActiveCfg = Release|Win32
		{B933F895-8EFB-4FDD-A46D-09B8C00D1D26}.Release_SSE2|Mixed Platforms.ActiveCfg = Release|Win32
		{B933F895-8EFB-4FDD-A46D-09B8C00D1D26}.Release_SSE2|Mixed Platforms.Build.0 = Release|Win32
		{B933F895-8EFB-4FDD-A46D-09B8C00D1D26}.Release_SSE2|Win32.ActiveCfg = Release|Win32
		{B933F895-8EFB-4FDD-A46D-09B8C00D1D26}.Release_SSE2|Win32.Build.0 = Release|Win32
		{B933F895-8EFB-4FDD-A46D-09B8C00D1D26}.Release|Any CPU.ActiveCfg = Release|Win32
		{B933F895-8EFB-4FDD-A46D-09B8C00D1D26}.Release|Mixed Platforms.ActiveCfg = Release|Win32
		{B933F895-8EFB-4FDD-A46D-09B8C00D1D26}.Release|Mixed Platforms.Build.0 = Release|Win32
		{B933F895-8EFB-4FDD-A46D-09B8C00D1D26}.Release|Win32.ActiveCfg = Release|Win32
		{B933F895-8EFB-4FDD-A46D-09B8C00D1D26}.Release|Win32.Build.0 = Release|Win32
		{B933F895-8EFB-4FDD-A46D-09B8C00D1D26}.SSL-Debug|Any CPU.ActiveCfg = Debug|Win32
		{B933F895-8EFB-4FDD-A46D-09B8C00D1D26}.SSL-Debug|Mixed Platforms.ActiveCfg = Debug|Win32
		{B933F895-8EFB-4FDD-A46D-09B8C00D1D26}.SSL-Debug|Mixed Platforms.Build.0 = Debug|Win32
		{B933F895-8EFB-4FDD-A46D-09B8C00D1D26}.SSL-Debug|Win32.ActiveCfg = Debug|Win32
		{B933F895-8EFB-4FDD-A46D-09B8C00D1D26}.SSL-Debug|Win32.Build.0 = Debug|Win32
		{B933F895-8EFB-4FDD-A46D-09B8C00D1D26}.SSL-Release|Any CPU.ActiveCfg = Release|Win32
		{B933F895-8EFB-4FDD-A46D-09B8C00D1D26}.SSL-Release|Mixed Platforms.ActiveCfg = Release|Win32
		{B933F895-8EFB-4FDD-A46D-09B8C00D1D26}.SSL-Release|Mixed Platforms.Build.0 = Release|Win32
		{B933F895-8EFB-4FDD-A46D-09B8C00D1D26}.SSL-Release|Win32.ActiveCfg = Release|Win32
		{B933F895-8EFB-4FDD-A46D-09B8C00D1D26}.SSL-Release|Win32.Build.0 = Release|Win32
		{9D8D2649-213F-49D3-A8B0-C1849C611654}.Debug Dll|Any CPU.ActiveCfg = Debug|Win32
		{9D8D2649-213F-49D3-A8B0-C1849C611654}.Debug Dll|Mixed Platforms.ActiveCfg = Debug|Win32
		{9D8D2649-213F-49D3-A8B0-C1849C611654}.Debug Dll|Mixed Platforms.Build.0 = Debug|Win32
		{9D8D2649-213F-49D3-A8B0-C1849C611654}.Debug Dll|Win32.ActiveCfg = Debug|Win32
		{9D8D2649-213F-49D3-A8B0-C1849C611654}.Debug Dll|Win32.Build.0 = Debug|Win32
		{9D8D2649-213F-49D3-A8B0-C1849C611654}.Debug Lib|Any CPU.ActiveCfg = Debug|Win32
		{9D8D2649-213F-49D3-A8B0-C1849C611654}.Debug Lib|Mixed Platforms.ActiveCfg = Debug|Win32
		{9D8D2649-213F-49D3-A8B0-C1849C611654}.Debug Lib|Mixed Platforms.Build.0 = Debug|Win32
		{9D8D2649-213F-49D3-A8B0-C1849C611654}.Debug Lib|Win32.ActiveCfg = Debug|Win32
		{9D8D2649-213F-49D3-A8B0-C1849C611654}.Debug Lib|Win32.Build.0 = Debug|Win32
		{9D8D2649-213F-49D3-A8B0-C1849C611654}.Debug|Any CPU.ActiveCfg = Debug|Win32
		{9D8D2649-213F-49D3-A8B0-C1849C611654}.Debug|Mixed Platforms.ActiveCfg = Debug|Win32
		{9D8D2649-213F-49D3-A8B0-C1849C611654}.Debug|Mixed Platforms.Build.0 = Debug|Win32
		{9D8D2649-213F-49D3-A8B0-C1849C611654}.Debug|Win32.ActiveCfg = Debug|Win32
		{9D8D2649-213F-49D3-A8B0-C1849C611654}.Debug|Win32.Build.0 = Debug|Win32
		{9D8D2649-213F-49D3-A8B0-C1849C611654}.Release Dll|Any CPU.ActiveCfg = Release|Win32
		{9D8D2649-213F-49D3-A8B0-C1849C611654}.Release Dll|Mixed Platforms.ActiveCfg = Release|Win32
		{9D8D2649-213F-49D3-A8B0-C1849C611654}.Release Dll|Mixed Platforms.Build.0 = Release|Win32
		{9D8D2649-213F-49D3-A8B0-C1849C611654}.Release Dll|Win32.ActiveCfg = Release|Win32
		{9D8D2649-213F-49D3-A8B0-C1849C611654}.Release Dll|Win32.Build.0 = Release|Win32
		{9D8D2649-213F-49D3-A8B0-C1849C611654}.Release_SSE|Any CPU.ActiveCfg = Release|Win32
		{9D8D2649-213F-49D3-A8B0-C1849C611654}.Release_SSE|Mixed Platforms.ActiveCfg = Release|Win32
		{9D8D2649-213F-49D3-A8B0-C1849C611654}.Release_SSE|Mixed Platforms.Build.0 = Release|Win32
		{9D8D2649-213F-49D3-A8B0-C1849C611654}.Release_SSE|Win32.ActiveCfg = Release|Win32
		{9D8D2649-213F-49D3-A8B0-C1849C611654}.Release_SSE|Win32.Build.0 = Release|Win32
		{9D8D2649-213F-49D3-A8B0-C1849C611654}.Release_SSE2|Any CPU.ActiveCfg = Release|Win32
		{9D8D2649-213F-49D3-A8B0-C1849C611654}.Release_SSE2|Mixed Platforms.ActiveCfg = Release|Win32
		{9D8D2649-213F-49D3-A8B0-C1849C611654}.Release_SSE2|Mixed Platforms.Build.0 = Release|Win32
		{9D8D2649-213F-49D3-A8B0-C1849C611654}.Release_SSE2|Win32.ActiveCfg = Release|Win32
		{9D8D2649-213F-49D3-A8B0-C1849C611654}.Release_SSE2|Win32.Build.0 = Release|Win32
		{9D8D2649-213F-49D3-A8B0-C1849C611654}.Release|Any CPU.ActiveCfg = Release|Win32
		{9D8D2649-213F-49D3-A8B0-C1849C611654}.Release|Mixed Platforms.ActiveCfg = Release|Win32
		{9D8D2649-213F-49D3-A8B0-C1849C611654}.Release|Mixed Platforms.Build.0 = Release|Win32
		{9D8D2649-213F-49D3-A8B0-C1849C611654}.Release|Win32.ActiveCfg = Release|Win32
		{9D8D2649-213F-49D3-A8B0-C1849C611654}.Release|Win32.Build.0 = Release|Win32
		{9D8D2649-213F-49D3-A8B0-C1849C611654}.SSL-Debug|Any CPU.ActiveCfg = SSL-Debug|Win32
		{9D8D2649-213F-49D3-A8B0-C1849C611654}.SSL-Debug|Mixed Platforms.ActiveCfg = SSL-Debug|Win32
		{9D8D2649-213F-49D3-A8B0-C1849C611654}.SSL-Debug|Mixed Platforms.Build.0 = SSL-Debug|Win32
		{9D8D2649-213F-49D3-A8B0-C1849C611654}.SSL-Debug|Win32.ActiveCfg = SSL-Debug|Win32
		{9D8D2649-213F-49D3-A8B0-C1849C611654}.SSL-Debug|Win32.Build.0 = SSL-Debug|Win32
		{9D8D2649-213F-49D3-A8B0-C1849C611654}.SSL-Release|Any CPU.ActiveCfg = SSL-Release|Win32
		{9D8D2649-213F-49D3-A8B0-C1849C611654}.SSL-Release|Mixed Platforms.ActiveCfg = SSL-Release|Win32
		{9D8D2649-213F-49D3-A8B0-C1849C611654}.SSL-Release|Mixed Platforms.Build.0 = SSL-Release|Win32
		{9D8D2649-213F-49D3-A8B0-C1849C611654}.SSL-Release|Win32.ActiveCfg = SSL-Release|Win32
		{9D8D2649-213F-49D3-A8B0-C1849C611654}.SSL-Release|Win32.Build.0 = SSL-Release|Win32
		{16CD976A-5D3B-4329-88BA-A32560CDFCC5}.Debug Dll|Any CPU.ActiveCfg = Debug|Win32
		{16CD976A-5D3B-4329-88BA-A32560CDFCC5}.Debug Dll|Mixed Platforms.ActiveCfg = Debug|Win32
		{16CD976A-5D3B-4329-88BA-A32560CDFCC5}.Debug Dll|Mixed Platforms.Build.0 = Debug|Win32
		{16CD976A-5D3B-4329-88BA-A32560CDFCC5}.Debug Dll|Win32.ActiveCfg = Debug|Win32
		{16CD976A-5D3B-4329-88BA-A32560CDFCC5}.Debug Dll|Win32.Build.0 = Debug|Win32
		{16CD976A-5D3B-4329-88BA-A32560CDFCC5}.Debug Lib|Any CPU.ActiveCfg = Debug|Win32
		{16CD976A-5D3B-4329-88BA-A32560CDFCC5}.Debug Lib|Mixed Platforms.ActiveCfg = Debug|Win32
		{16CD976A-5D3B-4329-88BA-A32560CDFCC5}.Debug Lib|Mixed Platforms.Build.0 = Debug|Win32
		{16CD976A-5D3B-4329-88BA-A32560CDFCC5}.Debug Lib|Win32.ActiveCfg = Debug|Win32
		{16CD976A-5D3B-4329-88BA-A32560CDFCC5}.Debug Lib|Win32.Build.0 = Debug|Win32
		{16CD976A-5D3B-4329-88BA-A32560CDFCC5}.Debug|Any CPU.ActiveCfg = Debug|Win32
		{16CD976A-5D3B-4329-88BA-A32560CDFCC5}.Debug|Mixed Platforms.ActiveCfg = Debug|Win32
		{16CD976A-5D3B-4329-88BA-A32560CDFCC5}.Debug|Mixed Platforms.Build.0 = Debug|Win32
		{16CD976A-5D3B-4329-88BA-A32560CDFCC5}.Debug|Win32.ActiveCfg = Debug|Win32
		{16CD976A-5D3B-4329-88BA-A32560CDFCC5}.Debug|Win32.Build.0 = Debug|Win32
		{16CD976A-5D3B-4329-88BA-A32560CDFCC5}.Release Dll|Any CPU.ActiveCfg = Release|Win32
		{16CD976A-5D3B-4329-88BA-A32560CDFCC5}.Release Dll|Mixed Platforms.ActiveCfg = Release|Win32
		{16CD976A-5D3B-4329-88BA-A32560CDFCC5}.Release Dll|Mixed Platforms.Build.0 = Release|Win32
		{16CD976A-5D3B-4329-88BA-A32560CDFCC5}.Release Dll|Win32.ActiveCfg = Release|Win32
		{16CD976A-5D3B-4329-88BA-A32560CDFCC5}.Release Dll|Win32.Build.0 = Release|Win32
		{16CD976A-5D3B-4329-88BA-A32560CDFCC5}.Release_SSE|Any CPU.ActiveCfg = Release|Win32
		{16CD976A-5D3B-4329-88BA-A32560CDFCC5}.Release_SSE|Mixed Platforms.ActiveCfg = Release|Win32
		{16CD976A-5D3B-4329-88BA-A32560CDFCC5}.Release_SSE|Mixed Platforms.Build.0 = Release|Win32
		{16CD976A-5D3B-4329-88BA-A32560CDFCC5}.Release_SSE|Win32.ActiveCfg = Release|Win32
		{16CD976A-5D3B-4329-88BA-A32560CDFCC5}.Release_SSE|Win32.Build.0 = Release|Win32
		{16CD976A-5D3B-4329-88BA-A32560CDFCC5}.Release_SSE2|Any CPU.ActiveCfg = Release|Win32
		{16CD976A-5D3B-4329-88BA-A32560CDFCC5}.Release_SSE2|Mixed Platforms.ActiveCfg = Release|Win32
		{16CD976A-5D3B-4329-88BA-A32560CDFCC5}.Release_SSE2|Mixed Platforms.Build.0 = Release|Win32
		{16CD976A-5D3B-4329-88BA-A32560CDFCC5}.Release_SSE2|Win32.ActiveCfg = Release|Win32
		{16CD976A-5D3B-4329-88BA-A32560CDFCC5}.Release_SSE2|Win32.Build.0 = Release|Win32
		{16CD976A-5D3B-4329-88BA-A32560CDFCC5}.Release|Any CPU.ActiveCfg = Release|Win32
		{16CD976A-5D3B-4329-88BA-A32560CDFCC5}.Release|Mixed Platforms.ActiveCfg = Release|Win32
		{16CD976A-5D3B-4329-88BA-A32560CDFCC5}.Release|Mixed Platforms.Build.0 = Release|Win32
		{16CD976A-5D3B-4329-88BA-A32560CDFCC5}.Release|Win32.ActiveCfg = Release|Win32
		{16CD976A-5D3B-4329-88BA-A32560CDFCC5}.Release|Win32.Build.0 = Release|Win32
		{16CD976A-5D3B-4329-88BA-A32560CDFCC5}.SSL-Debug|Any CPU.ActiveCfg = SSL-Debug|Win32
		{16CD976A-5D3B-4329-88BA-A32560CDFCC5}.SSL-Debug|Mixed Platforms.ActiveCfg = SSL-Debug|Win32
		{16CD976A-5D3B-4329-88BA-A32560CDFCC5}.SSL-Debug|Mixed Platforms.Build.0 = SSL-Debug|Win32
		{16CD976A-5D3B-4329-88BA-A32560CDFCC5}.SSL-Debug|Win32.ActiveCfg = SSL-Debug|Win32
		{16CD976A-5D3B-4329-88BA-A32560CDFCC5}.SSL-Debug|Win32.Build.0 = SSL-Debug|Win32
		{16CD976A-5D3B-4329-88BA-A32560CDFCC5}.SSL-Release|Any CPU.ActiveCfg = SSL-Release|Win32
		{16CD976A-5D3B-4329-88BA-A32560CDFCC5}.SSL-Release|Mixed Platforms.ActiveCfg = SSL-Release|Win32
		{16CD976A-5D3B-4329-88BA-A32560CDFCC5}.SSL-Release|Mixed Platforms.Build.0 = SSL-Release|Win32
		{16CD976A-5D3B-4329-88BA-A32560CDFCC5}.SSL-Release|Win32.ActiveCfg = SSL-Release|Win32
		{16CD976A-5D3B-4329-88BA-A32560CDFCC5}.SSL-Release|Win32.Build.0 = SSL-Release|Win32
		{CE7CF5E0-CAD1-49D6-95D1-143DED7B226E}.Debug Dll|Any CPU.ActiveCfg = Debug|Win32
		{CE7CF5E0-CAD1-49D6-95D1-143DED7B226E}.Debug Dll|Mixed Platforms.ActiveCfg = Debug|Win32
		{CE7CF5E0-CAD1-49D6-95D1-143DED7B226E}.Debug Dll|Mixed Platforms.Build.0 = Debug|Win32
		{CE7CF5E0-CAD1-49D6-95D1-143DED7B226E}.Debug Dll|Win32.ActiveCfg = Debug|Win32
		{CE7CF5E0-CAD1-49D6-95D1-143DED7B226E}.Debug Dll|Win32.Build.0 = Debug|Win32
		{CE7CF5E0-CAD1-49D6-95D1-143DED7B226E}.Debug Lib|Any CPU.ActiveCfg = Debug|Win32
		{CE7CF5E0-CAD1-49D6-95D1-143DED7B226E}.Debug Lib|Mixed Platforms.ActiveCfg = Debug|Win32
		{CE7CF5E0-CAD1-49D6-95D1-143DED7B226E}.Debug Lib|Mixed Platforms.Build.0 = Debug|Win32
		{CE7CF5E0-CAD1-49D6-95D1-143DED7B226E}.Debug Lib|Win32.ActiveCfg = Debug|Win32
		{CE7CF5E0-CAD1-49D6-95D1-143DED7B226E}.Debug Lib|Win32.Build.0 = Debug|Win32
		{CE7CF5E0-CAD1-49D6-95D1-143DED7B226E}.Debug|Any CPU.ActiveCfg = Debug|Win32
		{CE7CF5E0-CAD1-49D6-95D1-143DED7B226E}.Debug|Mixed Platforms.ActiveCfg = Debug|Win32
		{CE7CF5E0-CAD1-49D6-95D1-143DED7B226E}.Debug|Mixed Platforms.Build.0 = Debug|Win32
		{CE7CF5E0-CAD1-49D6-95D1-143DED7B226E}.Debug|Win32.ActiveCfg = Debug|Win32
		{CE7CF5E0-CAD1-49D6-95D1-143DED7B226E}.Debug|Win32.Build.0 = Debug|Win32
		{CE7CF5E0-CAD1-49D6-95D1-143DED7B226E}.Release Dll|Any CPU.ActiveCfg = Release|Win32
		{CE7CF5E0-CAD1-49D6-95D1-143DED7B226E}.Release Dll|Mixed Platforms.ActiveCfg = Release|Win32
		{CE7CF5E0-CAD1-49D6-95D1-143DED7B226E}.Release Dll|Mixed Platforms.Build.0 = Release|Win32
		{CE7CF5E0-CAD1-49D6-95D1-143DED7B226E}.Release Dll|Win32.ActiveCfg = Release|Win32
		{CE7CF5E0-CAD1-49D6-95D1-143DED7B226E}.Release Dll|Win32.Build.0 = Release|Win32
		{CE7CF5E0-CAD1-49D6-95D1-143DED7B226E}.Release_SSE|Any CPU.ActiveCfg = Release|Win32
		{CE7CF5E0-CAD1-49D6-95D1-143DED7B226E}.Release_SSE|Mixed Platforms.ActiveCfg = Release|Win32
		{CE7CF5E0-CAD1-49D6-95D1-143DED7B226E}.Release_SSE|Mixed Platforms.Build.0 = Release|Win32
		{CE7CF5E0-CAD1-49D6-95D1-143DED7B226E}.Release_SSE|Win32.ActiveCfg = Release|Win32
		{CE7CF5E0-CAD1-49D6-95D1-143DED7B226E}.Release_SSE|Win32.Build.0 = Release|Win32
		{CE7CF5E0-CAD1-49D6-95D1-143DED7B226E}.Release_SSE2|Any CPU.ActiveCfg = Release|Win32
		{CE7CF5E0-CAD1-49D6-95D1-143DED7B226E}.Release_SSE2|Mixed Platforms.ActiveCfg = Release|Win32
		{CE7CF5E0-CAD1-49D6-95D1-143DED7B226E}.Release_SSE2|Mixed Platforms.Build.0 = Release|Win32
		{CE7CF5E0-CAD1-49D6-95D1-143DED7B226E}.Release_SSE2|Win32.ActiveCfg = Release|Win32
		{CE7CF5E0-CAD1-49D6-95D1-143DED7B226E}.Release_SSE2|Win32.Build.0 = Release|Win32
		{CE7CF5E0-CAD1-49D6-95D1-143DED7B226E}.Release|Any CPU.ActiveCfg = Release|Win32
		{CE7CF5E0-CAD1-49D6-95D1-143DED7B226E}.Release|Mixed Platforms.ActiveCfg = Release|Win32
		{CE7CF5E0-CAD1-49D6-95D1-143DED7B226E}.Release|Mixed Platforms.Build.0 = Release|Win32
		{CE7CF5E0-CAD1-49D6-95D1-143DED7B226E}.Release|Win32.ActiveCfg = Release|Win32
		{CE7CF5E0-CAD1-49D6-95D1-143DED7B226E}.Release|Win32.Build.0 = Release|Win32
		{CE7CF5E0-CAD1-49D6-95D1-143DED7B226E}.SSL-Debug|Any CPU.ActiveCfg = Debug|Win32
		{CE7CF5E0-CAD1-49D6-95D1-143DED7B226E}.SSL-Debug|Mixed Platforms.ActiveCfg = Debug|Win32
		{CE7CF5E0-CAD1-49D6-95D1-143DED7B226E}.SSL-Debug|Mixed Platforms.Build.0 = Debug|Win32
		{CE7CF5E0-CAD1-49D6-95D1-143DED7B226E}.SSL-Debug|Win32.ActiveCfg = Debug|Win32
		{CE7CF5E0-CAD1-49D6-95D1-143DED7B226E}.SSL-Debug|Win32.Build.0 = Debug|Win32
		{CE7CF5E0-CAD1-49D6-95D1-143DED7B226E}.SSL-Release|Any CPU.ActiveCfg = Release|Win32
		{CE7CF5E0-CAD1-49D6-95D1-143DED7B226E}.SSL-Release|Mixed Platforms.ActiveCfg = Release|Win32
		{CE7CF5E0-CAD1-49D6-95D1-143DED7B226E}.SSL-Release|Mixed Platforms.Build.0 = Release|Win32
		{CE7CF5E0-CAD1-49D6-95D1-143DED7B226E}.SSL-Release|Win32.ActiveCfg = Release|Win32
		{CE7CF5E0-CAD1-49D6-95D1-143DED7B226E}.SSL-Release|Win32.Build.0 = Release|Win32
		{02954DA6-5079-4717-BC3D-B3ACA815CFED}.Debug Dll|Any CPU.ActiveCfg = Debug
		{02954DA6-5079-4717-BC3D-B3ACA815CFED}.Debug Dll|Any CPU.Build.0 = Debug
		{02954DA6-5079-4717-BC3D-B3ACA815CFED}.Debug Dll|Mixed Platforms.ActiveCfg = Debug
		{02954DA6-5079-4717-BC3D-B3ACA815CFED}.Debug Dll|Mixed Platforms.Build.0 = Debug
		{02954DA6-5079-4717-BC3D-B3ACA815CFED}.Debug Dll|Win32.ActiveCfg = Debug
		{02954DA6-5079-4717-BC3D-B3ACA815CFED}.Debug Dll|Win32.Build.0 = Debug
		{02954DA6-5079-4717-BC3D-B3ACA815CFED}.Debug Lib|Any CPU.ActiveCfg = Debug
		{02954DA6-5079-4717-BC3D-B3ACA815CFED}.Debug Lib|Any CPU.Build.0 = Debug
		{02954DA6-5079-4717-BC3D-B3ACA815CFED}.Debug Lib|Mixed Platforms.ActiveCfg = Debug
		{02954DA6-5079-4717-BC3D-B3ACA815CFED}.Debug Lib|Mixed Platforms.Build.0 = Debug
		{02954DA6-5079-4717-BC3D-B3ACA815CFED}.Debug Lib|Win32.ActiveCfg = Debug
		{02954DA6-5079-4717-BC3D-B3ACA815CFED}.Debug Lib|Win32.Build.0 = Debug
		{02954DA6-5079-4717-BC3D-B3ACA815CFED}.Debug|Any CPU.ActiveCfg = Debug
		{02954DA6-5079-4717-BC3D-B3ACA815CFED}.Debug|Any CPU.Build.0 = Debug
		{02954DA6-5079-4717-BC3D-B3ACA815CFED}.Debug|Mixed Platforms.ActiveCfg = Debug
		{02954DA6-5079-4717-BC3D-B3ACA815CFED}.Debug|Mixed Platforms.Build.0 = Debug
		{02954DA6-5079-4717-BC3D-B3ACA815CFED}.Debug|Win32.ActiveCfg = Debug
		{02954DA6-5079-4717-BC3D-B3ACA815CFED}.Debug|Win32.Build.0 = Debug
		{02954DA6-5079-4717-BC3D-B3ACA815CFED}.Release Dll|Any CPU.ActiveCfg = Release
		{02954DA6-5079-4717-BC3D-B3ACA815CFED}.Release Dll|Any CPU.Build.0 = Release
		{02954DA6-5079-4717-BC3D-B3ACA815CFED}.Release Dll|Mixed Platforms.ActiveCfg = Release
		{02954DA6-5079-4717-BC3D-B3ACA815CFED}.Release Dll|Mixed Platforms.Build.0 = Release
		{02954DA6-5079-4717-BC3D-B3ACA815CFED}.Release Dll|Win32.ActiveCfg = Release
		{02954DA6-5079-4717-BC3D-B3ACA815CFED}.Release Dll|Win32.Build.0 = Release
		{02954DA6-5079-4717-BC3D-B3ACA815CFED}.Release_SSE|Any CPU.ActiveCfg = Release
		{02954DA6-5079-4717-BC3D-B3ACA815CFED}.Release_SSE|Any CPU.Build.0 = Release
		{02954DA6-5079-4717-BC3D-B3ACA815CFED}.Release_SSE|Mixed Platforms.ActiveCfg = Release
		{02954DA6-5079-4717-BC3D-B3ACA815CFED}.Release_SSE|Mixed Platforms.Build.0 = Release
		{02954DA6-5079-4717-BC3D-B3ACA815CFED}.Release_SSE|Win32.ActiveCfg = Release
		{02954DA6-5079-4717-BC3D-B3ACA815CFED}.Release_SSE|Win32.Build.0 = Release
		{02954DA6-5079-4717-BC3D-B3ACA815CFED}.Release_SSE2|Any CPU.ActiveCfg = Release
		{02954DA6-5079-4717-BC3D-B3ACA815CFED}.Release_SSE2|Any CPU.Build.0 = Release
		{02954DA6-5079-4717-BC3D-B3ACA815CFED}.Release_SSE2|Mixed Platforms.ActiveCfg = Release
		{02954DA6-5079-4717-BC3D-B3ACA815CFED}.Release_SSE2|Mixed Platforms.Build.0 = Release
		{02954DA6-5079-4717-BC3D-B3ACA815CFED}.Release_SSE2|Win32.ActiveCfg = Release
		{02954DA6-5079-4717-BC3D-B3ACA815CFED}.Release_SSE2|Win32.Build.0 = Release
		{02954DA6-5079-4717-BC3D-B3ACA815CFED}.Release|Any CPU.ActiveCfg = Release
		{02954DA6-5079-4717-BC3D-B3ACA815CFED}.Release|Any CPU.Build.0 = Release
		{02954DA6-5079-4717-BC3D-B3ACA815CFED}.Release|Mixed Platforms.ActiveCfg = Release
		{02954DA6-5079-4717-BC3D-B3ACA815CFED}.Release|Mixed Platforms.Build.0 = Release
		{02954DA6-5079-4717-BC3D-B3ACA815CFED}.Release|Win32.ActiveCfg = Release
		{02954DA6-5079-4717-BC3D-B3ACA815CFED}.Release|Win32.Build.0 = Release
		{02954DA6-5079-4717-BC3D-B3ACA815CFED}.SSL-Debug|Any CPU.ActiveCfg = Debug
		{02954DA6-5079-4717-BC3D-B3ACA815CFED}.SSL-Debug|Any CPU.Build.0 = Debug
		{02954DA6-5079-4717-BC3D-B3ACA815CFED}.SSL-Debug|Mixed Platforms.ActiveCfg = Debug
		{02954DA6-5079-4717-BC3D-B3ACA815CFED}.SSL-Debug|Mixed Platforms.Build.0 = Debug
		{02954DA6-5079-4717-BC3D-B3ACA815CFED}.SSL-Debug|Win32.ActiveCfg = Debug
		{02954DA6-5079-4717-BC3D-B3ACA815CFED}.SSL-Debug|Win32.Build.0 = Debug
		{02954DA6-5079-4717-BC3D-B3ACA815CFED}.SSL-Release|Any CPU.ActiveCfg = Release
		{02954DA6-5079-4717-BC3D-B3ACA815CFED}.SSL-Release|Any CPU.Build.0 = Release
		{02954DA6-5079-4717-BC3D-B3ACA815CFED}.SSL-Release|Mixed Platforms.ActiveCfg = Release
		{02954DA6-5079-4717-BC3D-B3ACA815CFED}.SSL-Release|Mixed Platforms.Build.0 = Release
		{02954DA6-5079-4717-BC3D-B3ACA815CFED}.SSL-Release|Win32.ActiveCfg = Release
		{02954DA6-5079-4717-BC3D-B3ACA815CFED}.SSL-Release|Win32.Build.0 = Release
	EndGlobalSection
	GlobalSection(SolutionProperties) = preSolution
		HideSolutionNode = FALSE
	EndGlobalSection
	GlobalSection(NestedProjects) = preSolution
		{2A8BE839-6466-4001-B224-8F1C3168D04A} = {D9F1284D-63B4-4C52-BF71-3296CC4F70DE}
		{31B0654F-E08E-405F-909F-80F86CB14B9D} = {D9F1284D-63B4-4C52-BF71-3296CC4F70DE}
		{5973C598-5CB7-4724-A1EB-EBE3D9F84927} = {D9F1284D-63B4-4C52-BF71-3296CC4F70DE}
		{16CD976A-5D3B-4329-88BA-A32560CDFCC6} = {D9F1284D-63B4-4C52-BF71-3296CC4F70DE}
		{34E29A7D-181B-4A13-9194-EB2300000000} = {D9F1284D-63B4-4C52-BF71-3296CC4F70DE}
		{3D0E5CEB-93DC-4FDB-918B-D08FA369E106} = {D9F1284D-63B4-4C52-BF71-3296CC4F70DE}
		{9E5A7645-1502-4467-91F8-BCF2EB06EF72} = {D9F1284D-63B4-4C52-BF71-3296CC4F70DE}
		{B933F895-8EFB-4FDD-A46D-09B8C00D1D26} = {D9F1284D-63B4-4C52-BF71-3296CC4F70DE}
		{9D8D2649-213F-49D3-A8B0-C1849C611654} = {D9F1284D-63B4-4C52-BF71-3296CC4F70DE}
		{16CD976A-5D3B-4329-88BA-A32560CDFCC5} = {D9F1284D-63B4-4C52-BF71-3296CC4F70DE}
		{CE7CF5E0-CAD1-49D6-95D1-143DED7B226E} = {D9F1284D-63B4-4C52-BF71-3296CC4F70DE}
		{02954DA6-5079-4717-BC3D-B3ACA815CFED} = {D9F1284D-63B4-4C52-BF71-3296CC4F70DE}
	EndGlobalSection
EndGlobal
